{
  "version": 4,
  "terraform_version": "1.2.2",
  "serial": 21,
  "lineage": "74cff89e-4ae1-c778-9693-6e4e4b6ec770",
  "outputs": {},
  "resources": [
    {
      "mode": "data",
      "type": "azurerm_client_config",
      "name": "current",
      "provider": "provider[\"registry.terraform.io/hashicorp/azurerm\"]",
      "instances": [
        {
          "schema_version": 0,
          "attributes": {
            "client_id": "12be8f08-21a1-4957-a7e0-af30e6ba044a",
            "id": "2022-10-24 13:00:55.2218061 +0000 UTC",
            "object_id": "06f8a4ee-b510-418e-8599-ee65039f3033",
            "subscription_id": "1bade78d-e58a-48ff-b015-81fc75d62dc0",
            "tenant_id": "d3675d0f-75c9-4863-860e-5ae18b362297",
            "timeouts": null
          },
          "sensitive_attributes": []
        }
      ]
    },
    {
      "mode": "data",
      "type": "azurerm_subscription",
      "name": "subscription",
      "provider": "provider[\"registry.terraform.io/hashicorp/azurerm\"]",
      "instances": [
        {
          "schema_version": 0,
          "attributes": {
            "display_name": "bu.feick-selfmanaged",
            "id": "/subscriptions/1bade78d-e58a-48ff-b015-81fc75d62dc0",
            "location_placement_id": "Public_2014-09-01",
            "quota_id": "PayAsYouGo_2014-09-01",
            "spending_limit": "Off",
            "state": "Enabled",
            "subscription_id": "1bade78d-e58a-48ff-b015-81fc75d62dc0",
            "tags": {},
            "tenant_id": "d3675d0f-75c9-4863-860e-5ae18b362297",
            "timeouts": null
          },
          "sensitive_attributes": []
        }
      ]
    },
    {
      "mode": "managed",
      "type": "azurerm_data_factory",
      "name": "adf_ws",
      "provider": "provider[\"registry.terraform.io/hashicorp/azurerm\"]",
      "instances": [
        {
          "schema_version": 2,
          "attributes": {
            "customer_managed_key_id": "",
            "customer_managed_key_identity_id": "",
            "github_configuration": [],
            "global_parameter": [],
            "id": "/subscriptions/1bade78d-e58a-48ff-b015-81fc75d62dc0/resourceGroups/etas_bosch_poc_rg/providers/Microsoft.DataFactory/factories/etas-adf-5xvaat",
            "identity": [
              {
                "identity_ids": null,
                "principal_id": "b2c60891-33e4-45d9-b0c8-38f423267f6f",
                "tenant_id": "d3675d0f-75c9-4863-860e-5ae18b362297",
                "type": "SystemAssigned"
              }
            ],
            "location": "westeurope",
            "managed_virtual_network_enabled": true,
            "name": "etas-adf-5xvaat",
            "public_network_enabled": true,
            "resource_group_name": "etas_bosch_poc_rg",
            "tags": null,
            "timeouts": null,
            "vsts_configuration": []
          },
          "sensitive_attributes": [],
          "private": "eyJlMmJmYjczMC1lY2FhLTExZTYtOGY4OC0zNDM2M2JjN2M0YzAiOnsiY3JlYXRlIjoxODAwMDAwMDAwMDAwLCJkZWxldGUiOjE4MDAwMDAwMDAwMDAsInJlYWQiOjMwMDAwMDAwMDAwMCwidXBkYXRlIjoxODAwMDAwMDAwMDAwfSwic2NoZW1hX3ZlcnNpb24iOiIyIn0=",
          "dependencies": [
            "azurerm_resource_group.etas_poc_rg",
            "random_string.postfix"
          ]
        }
      ]
    },
    {
      "mode": "managed",
      "type": "azurerm_data_factory_integration_runtime_azure",
      "name": "adf-ir-azure",
      "provider": "provider[\"registry.terraform.io/hashicorp/azurerm\"]",
      "instances": [
        {
          "schema_version": 0,
          "attributes": {
            "cleanup_enabled": true,
            "compute_type": "General",
            "core_count": 8,
            "data_factory_id": "/subscriptions/1bade78d-e58a-48ff-b015-81fc75d62dc0/resourceGroups/etas_bosch_poc_rg/providers/Microsoft.DataFactory/factories/etas-adf-5xvaat",
            "description": "",
            "id": "/subscriptions/1bade78d-e58a-48ff-b015-81fc75d62dc0/resourceGroups/etas_bosch_poc_rg/providers/Microsoft.DataFactory/factories/etas-adf-5xvaat/integrationruntimes/ADF-IR-Azure",
            "location": "westeurope",
            "name": "ADF-IR-Azure",
            "time_to_live_min": 20,
            "timeouts": null,
            "virtual_network_enabled": true
          },
          "sensitive_attributes": [],
          "private": "eyJlMmJmYjczMC1lY2FhLTExZTYtOGY4OC0zNDM2M2JjN2M0YzAiOnsiY3JlYXRlIjoxODAwMDAwMDAwMDAwLCJkZWxldGUiOjE4MDAwMDAwMDAwMDAsInJlYWQiOjMwMDAwMDAwMDAwMCwidXBkYXRlIjoxODAwMDAwMDAwMDAwfX0=",
          "dependencies": [
            "azurerm_data_factory.adf_ws",
            "azurerm_resource_group.etas_poc_rg",
            "random_string.postfix"
          ]
        }
      ]
    },
    {
      "mode": "managed",
      "type": "azurerm_data_factory_linked_service_azure_blob_storage",
      "name": "adf-ls_datalake",
      "provider": "provider[\"registry.terraform.io/hashicorp/azurerm\"]",
      "instances": [
        {
          "schema_version": 0,
          "attributes": {
            "additional_properties": null,
            "annotations": null,
            "connection_string": null,
            "data_factory_id": "/subscriptions/1bade78d-e58a-48ff-b015-81fc75d62dc0/resourceGroups/etas_bosch_poc_rg/providers/Microsoft.DataFactory/factories/etas-adf-5xvaat",
            "description": "",
            "id": "/subscriptions/1bade78d-e58a-48ff-b015-81fc75d62dc0/resourceGroups/etas_bosch_poc_rg/providers/Microsoft.DataFactory/factories/etas-adf-5xvaat/linkedservices/LS-Datalake-Storage",
            "integration_runtime_name": "ADF-IR-Azure",
            "key_vault_sas_token": [],
            "name": "LS-Datalake-Storage",
            "parameters": null,
            "sas_uri": null,
            "service_endpoint": "https://etassa5xvaat.blob.core.windows.net/",
            "service_principal_id": null,
            "service_principal_key": null,
            "service_principal_linked_key_vault_key": [],
            "storage_kind": "StorageV2",
            "tenant_id": null,
            "timeouts": null,
            "use_managed_identity": true
          },
          "sensitive_attributes": [],
          "private": "eyJlMmJmYjczMC1lY2FhLTExZTYtOGY4OC0zNDM2M2JjN2M0YzAiOnsiY3JlYXRlIjoxODAwMDAwMDAwMDAwLCJkZWxldGUiOjE4MDAwMDAwMDAwMDAsInJlYWQiOjMwMDAwMDAwMDAwMCwidXBkYXRlIjoxODAwMDAwMDAwMDAwfX0=",
          "dependencies": [
            "azurerm_data_factory.adf_ws",
            "azurerm_data_factory_integration_runtime_azure.adf-ir-azure",
            "azurerm_resource_group.etas_poc_rg",
            "azurerm_storage_account.etas_sa",
            "random_string.postfix"
          ]
        }
      ]
    },
    {
      "mode": "managed",
      "type": "azurerm_private_dns_zone",
      "name": "sa_zone_blob",
      "provider": "provider[\"registry.terraform.io/hashicorp/azurerm\"]",
      "instances": [
        {
          "schema_version": 0,
          "attributes": {
            "id": "/subscriptions/1bade78d-e58a-48ff-b015-81fc75d62dc0/resourceGroups/etas_bosch_poc_rg/providers/Microsoft.Network/privateDnsZones/privatelink.blob.core.windows.net",
            "max_number_of_record_sets": 25000,
            "max_number_of_virtual_network_links": 1000,
            "max_number_of_virtual_network_links_with_registration": 100,
            "name": "privatelink.blob.core.windows.net",
            "number_of_record_sets": 1,
            "resource_group_name": "etas_bosch_poc_rg",
            "soa_record": [
              {
                "email": "azureprivatedns-host.microsoft.com",
                "expire_time": 2419200,
                "fqdn": "privatelink.blob.core.windows.net.",
                "host_name": "azureprivatedns.net",
                "minimum_ttl": 10,
                "refresh_time": 3600,
                "retry_time": 300,
                "serial_number": 1,
                "tags": {},
                "ttl": 3600
              }
            ],
            "tags": null,
            "timeouts": null
          },
          "sensitive_attributes": [],
          "private": "eyJlMmJmYjczMC1lY2FhLTExZTYtOGY4OC0zNDM2M2JjN2M0YzAiOnsiY3JlYXRlIjoxODAwMDAwMDAwMDAwLCJkZWxldGUiOjE4MDAwMDAwMDAwMDAsInJlYWQiOjMwMDAwMDAwMDAwMCwidXBkYXRlIjoxODAwMDAwMDAwMDAwfX0=",
          "dependencies": [
            "azurerm_resource_group.etas_poc_rg"
          ]
        }
      ]
    },
    {
      "mode": "managed",
      "type": "azurerm_private_dns_zone",
      "name": "sa_zone_data_lake",
      "provider": "provider[\"registry.terraform.io/hashicorp/azurerm\"]",
      "instances": [
        {
          "schema_version": 0,
          "attributes": {
            "id": "/subscriptions/1bade78d-e58a-48ff-b015-81fc75d62dc0/resourceGroups/etas_bosch_poc_rg/providers/Microsoft.Network/privateDnsZones/privatelink.dfs.core.windows.net",
            "max_number_of_record_sets": 25000,
            "max_number_of_virtual_network_links": 1000,
            "max_number_of_virtual_network_links_with_registration": 100,
            "name": "privatelink.dfs.core.windows.net",
            "number_of_record_sets": 1,
            "resource_group_name": "etas_bosch_poc_rg",
            "soa_record": [
              {
                "email": "azureprivatedns-host.microsoft.com",
                "expire_time": 2419200,
                "fqdn": "privatelink.dfs.core.windows.net.",
                "host_name": "azureprivatedns.net",
                "minimum_ttl": 10,
                "refresh_time": 3600,
                "retry_time": 300,
                "serial_number": 1,
                "tags": {},
                "ttl": 3600
              }
            ],
            "tags": null,
            "timeouts": null
          },
          "sensitive_attributes": [],
          "private": "eyJlMmJmYjczMC1lY2FhLTExZTYtOGY4OC0zNDM2M2JjN2M0YzAiOnsiY3JlYXRlIjoxODAwMDAwMDAwMDAwLCJkZWxldGUiOjE4MDAwMDAwMDAwMDAsInJlYWQiOjMwMDAwMDAwMDAwMCwidXBkYXRlIjoxODAwMDAwMDAwMDAwfX0=",
          "dependencies": [
            "azurerm_resource_group.etas_poc_rg"
          ]
        }
      ]
    },
    {
      "mode": "managed",
      "type": "azurerm_private_dns_zone",
      "name": "sa_zone_file",
      "provider": "provider[\"registry.terraform.io/hashicorp/azurerm\"]",
      "instances": [
        {
          "schema_version": 0,
          "attributes": {
            "id": "/subscriptions/1bade78d-e58a-48ff-b015-81fc75d62dc0/resourceGroups/etas_bosch_poc_rg/providers/Microsoft.Network/privateDnsZones/privatelink.file.core.windows.net",
            "max_number_of_record_sets": 25000,
            "max_number_of_virtual_network_links": 1000,
            "max_number_of_virtual_network_links_with_registration": 100,
            "name": "privatelink.file.core.windows.net",
            "number_of_record_sets": 1,
            "resource_group_name": "etas_bosch_poc_rg",
            "soa_record": [
              {
                "email": "azureprivatedns-host.microsoft.com",
                "expire_time": 2419200,
                "fqdn": "privatelink.file.core.windows.net.",
                "host_name": "azureprivatedns.net",
                "minimum_ttl": 10,
                "refresh_time": 3600,
                "retry_time": 300,
                "serial_number": 1,
                "tags": {},
                "ttl": 3600
              }
            ],
            "tags": null,
            "timeouts": null
          },
          "sensitive_attributes": [],
          "private": "eyJlMmJmYjczMC1lY2FhLTExZTYtOGY4OC0zNDM2M2JjN2M0YzAiOnsiY3JlYXRlIjoxODAwMDAwMDAwMDAwLCJkZWxldGUiOjE4MDAwMDAwMDAwMDAsInJlYWQiOjMwMDAwMDAwMDAwMCwidXBkYXRlIjoxODAwMDAwMDAwMDAwfX0=",
          "dependencies": [
            "azurerm_resource_group.etas_poc_rg"
          ]
        }
      ]
    },
    {
      "mode": "managed",
      "type": "azurerm_private_dns_zone_virtual_network_link",
      "name": "sa_zone_blob_link",
      "provider": "provider[\"registry.terraform.io/hashicorp/azurerm\"]",
      "instances": [
        {
          "schema_version": 0,
          "attributes": {
            "id": "/subscriptions/1bade78d-e58a-48ff-b015-81fc75d62dc0/resourceGroups/etas_bosch_poc_rg/providers/Microsoft.Network/privateDnsZones/privatelink.blob.core.windows.net/virtualNetworkLinks/5xvaat_link_blob",
            "name": "5xvaat_link_blob",
            "private_dns_zone_name": "privatelink.blob.core.windows.net",
            "registration_enabled": false,
            "resource_group_name": "etas_bosch_poc_rg",
            "tags": null,
            "timeouts": null,
            "virtual_network_id": "/subscriptions/1bade78d-e58a-48ff-b015-81fc75d62dc0/resourceGroups/etas_bosch_poc_rg/providers/Microsoft.Network/virtualNetworks/etas-vnet-5xvaat"
          },
          "sensitive_attributes": [],
          "private": "eyJlMmJmYjczMC1lY2FhLTExZTYtOGY4OC0zNDM2M2JjN2M0YzAiOnsiY3JlYXRlIjoxODAwMDAwMDAwMDAwLCJkZWxldGUiOjE4MDAwMDAwMDAwMDAsInJlYWQiOjMwMDAwMDAwMDAwMCwidXBkYXRlIjoxODAwMDAwMDAwMDAwfX0=",
          "dependencies": [
            "azurerm_private_dns_zone.sa_zone_blob",
            "azurerm_resource_group.etas_poc_rg",
            "azurerm_virtual_network.etas_vnet",
            "random_string.postfix"
          ]
        }
      ]
    },
    {
      "mode": "managed",
      "type": "azurerm_private_dns_zone_virtual_network_link",
      "name": "sa_zone_dfs_link",
      "provider": "provider[\"registry.terraform.io/hashicorp/azurerm\"]",
      "instances": [
        {
          "schema_version": 0,
          "attributes": {
            "id": "/subscriptions/1bade78d-e58a-48ff-b015-81fc75d62dc0/resourceGroups/etas_bosch_poc_rg/providers/Microsoft.Network/privateDnsZones/privatelink.dfs.core.windows.net/virtualNetworkLinks/5xvaat_link_dfs",
            "name": "5xvaat_link_dfs",
            "private_dns_zone_name": "privatelink.dfs.core.windows.net",
            "registration_enabled": false,
            "resource_group_name": "etas_bosch_poc_rg",
            "tags": null,
            "timeouts": null,
            "virtual_network_id": "/subscriptions/1bade78d-e58a-48ff-b015-81fc75d62dc0/resourceGroups/etas_bosch_poc_rg/providers/Microsoft.Network/virtualNetworks/etas-vnet-5xvaat"
          },
          "sensitive_attributes": [],
          "private": "eyJlMmJmYjczMC1lY2FhLTExZTYtOGY4OC0zNDM2M2JjN2M0YzAiOnsiY3JlYXRlIjoxODAwMDAwMDAwMDAwLCJkZWxldGUiOjE4MDAwMDAwMDAwMDAsInJlYWQiOjMwMDAwMDAwMDAwMCwidXBkYXRlIjoxODAwMDAwMDAwMDAwfX0=",
          "dependencies": [
            "azurerm_private_dns_zone.sa_zone_data_lake",
            "azurerm_resource_group.etas_poc_rg",
            "azurerm_virtual_network.etas_vnet",
            "random_string.postfix"
          ]
        }
      ]
    },
    {
      "mode": "managed",
      "type": "azurerm_private_dns_zone_virtual_network_link",
      "name": "sa_zone_file_link",
      "provider": "provider[\"registry.terraform.io/hashicorp/azurerm\"]",
      "instances": [
        {
          "schema_version": 0,
          "attributes": {
            "id": "/subscriptions/1bade78d-e58a-48ff-b015-81fc75d62dc0/resourceGroups/etas_bosch_poc_rg/providers/Microsoft.Network/privateDnsZones/privatelink.file.core.windows.net/virtualNetworkLinks/5xvaat_link_file",
            "name": "5xvaat_link_file",
            "private_dns_zone_name": "privatelink.file.core.windows.net",
            "registration_enabled": false,
            "resource_group_name": "etas_bosch_poc_rg",
            "tags": null,
            "timeouts": null,
            "virtual_network_id": "/subscriptions/1bade78d-e58a-48ff-b015-81fc75d62dc0/resourceGroups/etas_bosch_poc_rg/providers/Microsoft.Network/virtualNetworks/etas-vnet-5xvaat"
          },
          "sensitive_attributes": [],
          "private": "eyJlMmJmYjczMC1lY2FhLTExZTYtOGY4OC0zNDM2M2JjN2M0YzAiOnsiY3JlYXRlIjoxODAwMDAwMDAwMDAwLCJkZWxldGUiOjE4MDAwMDAwMDAwMDAsInJlYWQiOjMwMDAwMDAwMDAwMCwidXBkYXRlIjoxODAwMDAwMDAwMDAwfX0=",
          "dependencies": [
            "azurerm_private_dns_zone.sa_zone_file",
            "azurerm_resource_group.etas_poc_rg",
            "azurerm_virtual_network.etas_vnet",
            "random_string.postfix"
          ]
        }
      ]
    },
    {
      "mode": "managed",
      "type": "azurerm_private_endpoint",
      "name": "sa_pe_blob",
      "provider": "provider[\"registry.terraform.io/hashicorp/azurerm\"]",
      "instances": [
        {
          "schema_version": 0,
          "attributes": {
            "custom_dns_configs": [],
            "id": "/subscriptions/1bade78d-e58a-48ff-b015-81fc75d62dc0/resourceGroups/etas_bosch_poc_rg/providers/Microsoft.Network/privateEndpoints/etas-sa-pe-blob-5xvaat",
            "location": "westeurope",
            "name": "etas-sa-pe-blob-5xvaat",
            "network_interface": [
              {
                "id": "/subscriptions/1bade78d-e58a-48ff-b015-81fc75d62dc0/resourceGroups/etas_bosch_poc_rg/providers/Microsoft.Network/networkInterfaces/etas-sa-pe-blob-5xvaat.nic.4e5f6d1a-cab4-4950-b844-9ec96b89c503",
                "name": "etas-sa-pe-blob-5xvaat.nic.4e5f6d1a-cab4-4950-b844-9ec96b89c503"
              }
            ],
            "private_dns_zone_configs": [
              {
                "id": "/subscriptions/1bade78d-e58a-48ff-b015-81fc75d62dc0/resourceGroups/etas_bosch_poc_rg/providers/Microsoft.Network/privateEndpoints/etas-sa-pe-blob-5xvaat/privateDnsZoneGroups/private-dns-zone-group-blob/privateDnsZoneConfigs/privatelink.blob.core.windows.net",
                "name": "privatelink.blob.core.windows.net",
                "private_dns_zone_id": "/subscriptions/1bade78d-e58a-48ff-b015-81fc75d62dc0/resourceGroups/etas_bosch_poc_rg/providers/Microsoft.Network/privateDnsZones/privatelink.blob.core.windows.net",
                "record_sets": [
                  {
                    "fqdn": "etassa5xvaat.privatelink.blob.core.windows.net",
                    "ip_addresses": [
                      "10.0.1.5"
                    ],
                    "name": "etassa5xvaat",
                    "ttl": 10,
                    "type": "A"
                  }
                ]
              }
            ],
            "private_dns_zone_group": [
              {
                "id": "/subscriptions/1bade78d-e58a-48ff-b015-81fc75d62dc0/resourceGroups/etas_bosch_poc_rg/providers/Microsoft.Network/privateEndpoints/etas-sa-pe-blob-5xvaat/privateDnsZoneGroups/private-dns-zone-group-blob",
                "name": "private-dns-zone-group-blob",
                "private_dns_zone_ids": [
                  "/subscriptions/1bade78d-e58a-48ff-b015-81fc75d62dc0/resourceGroups/etas_bosch_poc_rg/providers/Microsoft.Network/privateDnsZones/privatelink.blob.core.windows.net"
                ]
              }
            ],
            "private_service_connection": [
              {
                "is_manual_connection": false,
                "name": "etas-sa-psc-blob-5xvaat",
                "private_connection_resource_alias": "",
                "private_connection_resource_id": "/subscriptions/1bade78d-e58a-48ff-b015-81fc75d62dc0/resourceGroups/etas_bosch_poc_rg/providers/Microsoft.Storage/storageAccounts/etassa5xvaat",
                "private_ip_address": "10.0.1.5",
                "request_message": "",
                "subresource_names": [
                  "blob"
                ]
              }
            ],
            "resource_group_name": "etas_bosch_poc_rg",
            "subnet_id": "/subscriptions/1bade78d-e58a-48ff-b015-81fc75d62dc0/resourceGroups/etas_bosch_poc_rg/providers/Microsoft.Network/virtualNetworks/etas-vnet-5xvaat/subnets/etas-backend-subnet-5xvaat",
            "tags": null,
            "timeouts": null
          },
          "sensitive_attributes": [],
          "private": "eyJlMmJmYjczMC1lY2FhLTExZTYtOGY4OC0zNDM2M2JjN2M0YzAiOnsiY3JlYXRlIjozNjAwMDAwMDAwMDAwLCJkZWxldGUiOjM2MDAwMDAwMDAwMDAsInJlYWQiOjMwMDAwMDAwMDAwMCwidXBkYXRlIjozNjAwMDAwMDAwMDAwfX0=",
          "dependencies": [
            "azurerm_private_dns_zone.sa_zone_blob",
            "azurerm_resource_group.etas_poc_rg",
            "azurerm_storage_account.etas_sa",
            "azurerm_subnet.backend_subnet",
            "azurerm_virtual_network.etas_vnet",
            "random_string.postfix"
          ]
        }
      ]
    },
    {
      "mode": "managed",
      "type": "azurerm_private_endpoint",
      "name": "sa_pe_data_lake",
      "provider": "provider[\"registry.terraform.io/hashicorp/azurerm\"]",
      "instances": [
        {
          "schema_version": 0,
          "attributes": {
            "custom_dns_configs": [],
            "id": "/subscriptions/1bade78d-e58a-48ff-b015-81fc75d62dc0/resourceGroups/etas_bosch_poc_rg/providers/Microsoft.Network/privateEndpoints/etas-sa-pe-dfs-5xvaat",
            "location": "westeurope",
            "name": "etas-sa-pe-dfs-5xvaat",
            "network_interface": [
              {
                "id": "/subscriptions/1bade78d-e58a-48ff-b015-81fc75d62dc0/resourceGroups/etas_bosch_poc_rg/providers/Microsoft.Network/networkInterfaces/etas-sa-pe-dfs-5xvaat.nic.4fe93905-0dc3-4188-b8f8-946370538c1e",
                "name": "etas-sa-pe-dfs-5xvaat.nic.4fe93905-0dc3-4188-b8f8-946370538c1e"
              }
            ],
            "private_dns_zone_configs": [
              {
                "id": "/subscriptions/1bade78d-e58a-48ff-b015-81fc75d62dc0/resourceGroups/etas_bosch_poc_rg/providers/Microsoft.Network/privateEndpoints/etas-sa-pe-dfs-5xvaat/privateDnsZoneGroups/private-dns-zone-group-dfs/privateDnsZoneConfigs/privatelink.dfs.core.windows.net",
                "name": "privatelink.dfs.core.windows.net",
                "private_dns_zone_id": "/subscriptions/1bade78d-e58a-48ff-b015-81fc75d62dc0/resourceGroups/etas_bosch_poc_rg/providers/Microsoft.Network/privateDnsZones/privatelink.dfs.core.windows.net",
                "record_sets": [
                  {
                    "fqdn": "etassa5xvaat.privatelink.dfs.core.windows.net",
                    "ip_addresses": [
                      "10.0.1.6"
                    ],
                    "name": "etassa5xvaat",
                    "ttl": 10,
                    "type": "A"
                  }
                ]
              }
            ],
            "private_dns_zone_group": [
              {
                "id": "/subscriptions/1bade78d-e58a-48ff-b015-81fc75d62dc0/resourceGroups/etas_bosch_poc_rg/providers/Microsoft.Network/privateEndpoints/etas-sa-pe-dfs-5xvaat/privateDnsZoneGroups/private-dns-zone-group-dfs",
                "name": "private-dns-zone-group-dfs",
                "private_dns_zone_ids": [
                  "/subscriptions/1bade78d-e58a-48ff-b015-81fc75d62dc0/resourceGroups/etas_bosch_poc_rg/providers/Microsoft.Network/privateDnsZones/privatelink.dfs.core.windows.net"
                ]
              }
            ],
            "private_service_connection": [
              {
                "is_manual_connection": false,
                "name": "etas-sa-psc-dfs-5xvaat",
                "private_connection_resource_alias": "",
                "private_connection_resource_id": "/subscriptions/1bade78d-e58a-48ff-b015-81fc75d62dc0/resourceGroups/etas_bosch_poc_rg/providers/Microsoft.Storage/storageAccounts/etassa5xvaat",
                "private_ip_address": "10.0.1.6",
                "request_message": "",
                "subresource_names": [
                  "dfs"
                ]
              }
            ],
            "resource_group_name": "etas_bosch_poc_rg",
            "subnet_id": "/subscriptions/1bade78d-e58a-48ff-b015-81fc75d62dc0/resourceGroups/etas_bosch_poc_rg/providers/Microsoft.Network/virtualNetworks/etas-vnet-5xvaat/subnets/etas-backend-subnet-5xvaat",
            "tags": null,
            "timeouts": null
          },
          "sensitive_attributes": [],
          "private": "eyJlMmJmYjczMC1lY2FhLTExZTYtOGY4OC0zNDM2M2JjN2M0YzAiOnsiY3JlYXRlIjozNjAwMDAwMDAwMDAwLCJkZWxldGUiOjM2MDAwMDAwMDAwMDAsInJlYWQiOjMwMDAwMDAwMDAwMCwidXBkYXRlIjozNjAwMDAwMDAwMDAwfX0=",
          "dependencies": [
            "azurerm_private_dns_zone.sa_zone_data_lake",
            "azurerm_resource_group.etas_poc_rg",
            "azurerm_storage_account.etas_sa",
            "azurerm_subnet.backend_subnet",
            "azurerm_virtual_network.etas_vnet",
            "random_string.postfix"
          ]
        }
      ]
    },
    {
      "mode": "managed",
      "type": "azurerm_private_endpoint",
      "name": "sa_pe_file",
      "provider": "provider[\"registry.terraform.io/hashicorp/azurerm\"]",
      "instances": [
        {
          "schema_version": 0,
          "attributes": {
            "custom_dns_configs": [],
            "id": "/subscriptions/1bade78d-e58a-48ff-b015-81fc75d62dc0/resourceGroups/etas_bosch_poc_rg/providers/Microsoft.Network/privateEndpoints/etas-sa-pe-file-5xvaat",
            "location": "westeurope",
            "name": "etas-sa-pe-file-5xvaat",
            "network_interface": [
              {
                "id": "/subscriptions/1bade78d-e58a-48ff-b015-81fc75d62dc0/resourceGroups/etas_bosch_poc_rg/providers/Microsoft.Network/networkInterfaces/etas-sa-pe-file-5xvaat.nic.3dc5d804-4baf-44f9-a709-7ee2acf059f5",
                "name": "etas-sa-pe-file-5xvaat.nic.3dc5d804-4baf-44f9-a709-7ee2acf059f5"
              }
            ],
            "private_dns_zone_configs": [
              {
                "id": "/subscriptions/1bade78d-e58a-48ff-b015-81fc75d62dc0/resourceGroups/etas_bosch_poc_rg/providers/Microsoft.Network/privateEndpoints/etas-sa-pe-file-5xvaat/privateDnsZoneGroups/private-dns-zone-group-file/privateDnsZoneConfigs/privatelink.file.core.windows.net",
                "name": "privatelink.file.core.windows.net",
                "private_dns_zone_id": "/subscriptions/1bade78d-e58a-48ff-b015-81fc75d62dc0/resourceGroups/etas_bosch_poc_rg/providers/Microsoft.Network/privateDnsZones/privatelink.file.core.windows.net",
                "record_sets": [
                  {
                    "fqdn": "etassa5xvaat.privatelink.file.core.windows.net",
                    "ip_addresses": [
                      "10.0.1.4"
                    ],
                    "name": "etassa5xvaat",
                    "ttl": 10,
                    "type": "A"
                  }
                ]
              }
            ],
            "private_dns_zone_group": [
              {
                "id": "/subscriptions/1bade78d-e58a-48ff-b015-81fc75d62dc0/resourceGroups/etas_bosch_poc_rg/providers/Microsoft.Network/privateEndpoints/etas-sa-pe-file-5xvaat/privateDnsZoneGroups/private-dns-zone-group-file",
                "name": "private-dns-zone-group-file",
                "private_dns_zone_ids": [
                  "/subscriptions/1bade78d-e58a-48ff-b015-81fc75d62dc0/resourceGroups/etas_bosch_poc_rg/providers/Microsoft.Network/privateDnsZones/privatelink.file.core.windows.net"
                ]
              }
            ],
            "private_service_connection": [
              {
                "is_manual_connection": false,
                "name": "etas-sa-psc-file-5xvaat",
                "private_connection_resource_alias": "",
                "private_connection_resource_id": "/subscriptions/1bade78d-e58a-48ff-b015-81fc75d62dc0/resourceGroups/etas_bosch_poc_rg/providers/Microsoft.Storage/storageAccounts/etassa5xvaat",
                "private_ip_address": "10.0.1.4",
                "request_message": "",
                "subresource_names": [
                  "file"
                ]
              }
            ],
            "resource_group_name": "etas_bosch_poc_rg",
            "subnet_id": "/subscriptions/1bade78d-e58a-48ff-b015-81fc75d62dc0/resourceGroups/etas_bosch_poc_rg/providers/Microsoft.Network/virtualNetworks/etas-vnet-5xvaat/subnets/etas-backend-subnet-5xvaat",
            "tags": null,
            "timeouts": null
          },
          "sensitive_attributes": [],
          "private": "eyJlMmJmYjczMC1lY2FhLTExZTYtOGY4OC0zNDM2M2JjN2M0YzAiOnsiY3JlYXRlIjozNjAwMDAwMDAwMDAwLCJkZWxldGUiOjM2MDAwMDAwMDAwMDAsInJlYWQiOjMwMDAwMDAwMDAwMCwidXBkYXRlIjozNjAwMDAwMDAwMDAwfX0=",
          "dependencies": [
            "azurerm_private_dns_zone.sa_zone_file",
            "azurerm_resource_group.etas_poc_rg",
            "azurerm_storage_account.etas_sa",
            "azurerm_subnet.backend_subnet",
            "azurerm_virtual_network.etas_vnet",
            "random_string.postfix"
          ]
        }
      ]
    },
    {
      "mode": "managed",
      "type": "azurerm_resource_group",
      "name": "etas_poc_rg",
      "provider": "provider[\"registry.terraform.io/hashicorp/azurerm\"]",
      "instances": [
        {
          "schema_version": 0,
          "attributes": {
            "id": "/subscriptions/1bade78d-e58a-48ff-b015-81fc75d62dc0/resourceGroups/etas_bosch_poc_rg",
            "location": "westeurope",
            "name": "etas_bosch_poc_rg",
            "tags": {
              "ApplicationID": "ETAS POC",
              "ApplicationOwner": "ETAS",
              "CostCenter": "12345"
            },
            "timeouts": null
          },
          "sensitive_attributes": [],
          "private": "eyJlMmJmYjczMC1lY2FhLTExZTYtOGY4OC0zNDM2M2JjN2M0YzAiOnsiY3JlYXRlIjo1NDAwMDAwMDAwMDAwLCJkZWxldGUiOjU0MDAwMDAwMDAwMDAsInJlYWQiOjMwMDAwMDAwMDAwMCwidXBkYXRlIjo1NDAwMDAwMDAwMDAwfX0="
        }
      ]
    },
    {
      "mode": "managed",
      "type": "azurerm_role_assignment",
      "name": "adf2rsg",
      "provider": "provider[\"registry.terraform.io/hashicorp/azurerm\"]",
      "instances": [
        {
          "schema_version": 0,
          "attributes": {
            "condition": "",
            "condition_version": "",
            "delegated_managed_identity_resource_id": "",
            "description": "",
            "id": "/subscriptions/1bade78d-e58a-48ff-b015-81fc75d62dc0/resourceGroups/etas_bosch_poc_rg/providers/Microsoft.Authorization/roleAssignments/9ccd3130-05c5-47fd-aedf-36efe6328796",
            "name": "9ccd3130-05c5-47fd-aedf-36efe6328796",
            "principal_id": "b2c60891-33e4-45d9-b0c8-38f423267f6f",
            "principal_type": "ServicePrincipal",
            "role_definition_id": "/subscriptions/1bade78d-e58a-48ff-b015-81fc75d62dc0/providers/Microsoft.Authorization/roleDefinitions/ba92f5b4-2d11-453d-a403-e96b0029c9fe",
            "role_definition_name": "Storage Blob Data Contributor",
            "scope": "/subscriptions/1bade78d-e58a-48ff-b015-81fc75d62dc0/resourceGroups/etas_bosch_poc_rg",
            "skip_service_principal_aad_check": null,
            "timeouts": null
          },
          "sensitive_attributes": [],
          "private": "eyJlMmJmYjczMC1lY2FhLTExZTYtOGY4OC0zNDM2M2JjN2M0YzAiOnsiY3JlYXRlIjoxODAwMDAwMDAwMDAwLCJkZWxldGUiOjE4MDAwMDAwMDAwMDAsInJlYWQiOjMwMDAwMDAwMDAwMCwidXBkYXRlIjoxODAwMDAwMDAwMDAwfX0=",
          "dependencies": [
            "azurerm_data_factory.adf_ws",
            "azurerm_resource_group.etas_poc_rg",
            "data.azurerm_subscription.subscription",
            "random_string.postfix"
          ]
        }
      ]
    },
    {
      "mode": "managed",
      "type": "azurerm_storage_account",
      "name": "etas_sa",
      "provider": "provider[\"registry.terraform.io/hashicorp/azurerm\"]",
      "instances": [
        {
          "schema_version": 3,
          "attributes": {
            "access_tier": "Hot",
            "account_kind": "StorageV2",
            "account_replication_type": "LRS",
            "account_tier": "Standard",
            "allow_nested_items_to_be_public": true,
            "azure_files_authentication": [],
            "blob_properties": [
              {
                "change_feed_enabled": false,
                "container_delete_retention_policy": [],
                "cors_rule": [],
                "default_service_version": "",
                "delete_retention_policy": [],
                "last_access_time_enabled": false,
                "versioning_enabled": false
              }
            ],
            "custom_domain": [],
            "customer_managed_key": [],
            "edge_zone": "",
            "enable_https_traffic_only": true,
            "id": "/subscriptions/1bade78d-e58a-48ff-b015-81fc75d62dc0/resourceGroups/etas_bosch_poc_rg/providers/Microsoft.Storage/storageAccounts/etassa5xvaat",
            "identity": [],
            "infrastructure_encryption_enabled": false,
            "is_hns_enabled": true,
            "large_file_share_enabled": null,
            "location": "westeurope",
            "min_tls_version": "TLS1_2",
            "name": "etassa5xvaat",
            "network_rules": [
              {
                "bypass": [
                  "AzureServices"
                ],
                "default_action": "Allow",
                "ip_rules": [],
                "private_link_access": [],
                "virtual_network_subnet_ids": []
              }
            ],
            "nfsv3_enabled": false,
            "primary_access_key": "GwcecGqGb1CESAnN8kBS1P55rqEg6jlBVXs0plYxr2v90R22aHYcv1F2z4JQInbIMfcK+3OUCdwS+AStWNlg5A==",
            "primary_blob_connection_string": "DefaultEndpointsProtocol=https;BlobEndpoint=https://etassa5xvaat.blob.core.windows.net/;AccountName=etassa5xvaat;AccountKey=GwcecGqGb1CESAnN8kBS1P55rqEg6jlBVXs0plYxr2v90R22aHYcv1F2z4JQInbIMfcK+3OUCdwS+AStWNlg5A==",
            "primary_blob_endpoint": "https://etassa5xvaat.blob.core.windows.net/",
            "primary_blob_host": "etassa5xvaat.blob.core.windows.net",
            "primary_connection_string": "DefaultEndpointsProtocol=https;AccountName=etassa5xvaat;AccountKey=GwcecGqGb1CESAnN8kBS1P55rqEg6jlBVXs0plYxr2v90R22aHYcv1F2z4JQInbIMfcK+3OUCdwS+AStWNlg5A==;EndpointSuffix=core.windows.net",
            "primary_dfs_endpoint": "https://etassa5xvaat.dfs.core.windows.net/",
            "primary_dfs_host": "etassa5xvaat.dfs.core.windows.net",
            "primary_file_endpoint": "https://etassa5xvaat.file.core.windows.net/",
            "primary_file_host": "etassa5xvaat.file.core.windows.net",
            "primary_location": "westeurope",
            "primary_queue_endpoint": "https://etassa5xvaat.queue.core.windows.net/",
            "primary_queue_host": "etassa5xvaat.queue.core.windows.net",
            "primary_table_endpoint": "https://etassa5xvaat.table.core.windows.net/",
            "primary_table_host": "etassa5xvaat.table.core.windows.net",
            "primary_web_endpoint": "https://etassa5xvaat.z6.web.core.windows.net/",
            "primary_web_host": "etassa5xvaat.z6.web.core.windows.net",
            "queue_encryption_key_type": "Service",
            "queue_properties": [
              {
                "cors_rule": [],
                "hour_metrics": [
                  {
                    "enabled": true,
                    "include_apis": true,
                    "retention_policy_days": 7,
                    "version": "1.0"
                  }
                ],
                "logging": [
                  {
                    "delete": false,
                    "read": false,
                    "retention_policy_days": 0,
                    "version": "1.0",
                    "write": false
                  }
                ],
                "minute_metrics": [
                  {
                    "enabled": false,
                    "include_apis": false,
                    "retention_policy_days": 0,
                    "version": "1.0"
                  }
                ]
              }
            ],
            "resource_group_name": "etas_bosch_poc_rg",
            "routing": [],
            "secondary_access_key": "eOY1L+kPaGWfN0jgkBD/b1MYwzsV/i3NtGaCyMH8DzVkSH4GY9I9MTZ4xlajkkSpowCLGqkfKwRa+ASt+g0xMw==",
            "secondary_blob_connection_string": "",
            "secondary_blob_endpoint": null,
            "secondary_blob_host": null,
            "secondary_connection_string": "DefaultEndpointsProtocol=https;AccountName=etassa5xvaat;AccountKey=eOY1L+kPaGWfN0jgkBD/b1MYwzsV/i3NtGaCyMH8DzVkSH4GY9I9MTZ4xlajkkSpowCLGqkfKwRa+ASt+g0xMw==;EndpointSuffix=core.windows.net",
            "secondary_dfs_endpoint": null,
            "secondary_dfs_host": null,
            "secondary_file_endpoint": null,
            "secondary_file_host": null,
            "secondary_location": "",
            "secondary_queue_endpoint": null,
            "secondary_queue_host": null,
            "secondary_table_endpoint": null,
            "secondary_table_host": null,
            "secondary_web_endpoint": null,
            "secondary_web_host": null,
            "share_properties": [
              {
                "cors_rule": [],
                "retention_policy": [
                  {
                    "days": 7
                  }
                ],
                "smb": []
              }
            ],
            "shared_access_key_enabled": true,
            "static_website": [],
            "table_encryption_key_type": "Service",
            "tags": null,
            "timeouts": null
          },
          "sensitive_attributes": [],
          "private": "eyJlMmJmYjczMC1lY2FhLTExZTYtOGY4OC0zNDM2M2JjN2M0YzAiOnsiY3JlYXRlIjozNjAwMDAwMDAwMDAwLCJkZWxldGUiOjM2MDAwMDAwMDAwMDAsInJlYWQiOjMwMDAwMDAwMDAwMCwidXBkYXRlIjozNjAwMDAwMDAwMDAwfSwic2NoZW1hX3ZlcnNpb24iOiIzIn0=",
          "dependencies": [
            "azurerm_resource_group.etas_poc_rg",
            "random_string.postfix"
          ]
        }
      ]
    },
    {
      "mode": "managed",
      "type": "azurerm_storage_account_network_rules",
      "name": "firewall_rules",
      "provider": "provider[\"registry.terraform.io/hashicorp/azurerm\"]",
      "instances": [
        {
          "schema_version": 0,
          "attributes": {
            "bypass": [
              "AzureServices"
            ],
            "default_action": "Deny",
            "id": "/subscriptions/1bade78d-e58a-48ff-b015-81fc75d62dc0/resourceGroups/etas_bosch_poc_rg/providers/Microsoft.Storage/storageAccounts/etassa5xvaat",
            "ip_rules": [
              "85.216.51.235"
            ],
            "private_link_access": [],
            "storage_account_id": "/subscriptions/1bade78d-e58a-48ff-b015-81fc75d62dc0/resourceGroups/etas_bosch_poc_rg/providers/Microsoft.Storage/storageAccounts/etassa5xvaat",
            "timeouts": null,
            "virtual_network_subnet_ids": [
              "/subscriptions/1bade78d-e58a-48ff-b015-81fc75d62dc0/resourceGroups/etas_bosch_poc_rg/providers/Microsoft.Network/virtualNetworks/etas-vnet-5xvaat/subnets/etas-backend-subnet-5xvaat",
              "/subscriptions/1bade78d-e58a-48ff-b015-81fc75d62dc0/resourceGroups/etas_bosch_poc_rg/providers/Microsoft.Network/virtualNetworks/etas-vnet-5xvaat/subnets/etas-frontend-subnet-5xvaat"
            ]
          },
          "sensitive_attributes": [],
          "private": "eyJlMmJmYjczMC1lY2FhLTExZTYtOGY4OC0zNDM2M2JjN2M0YzAiOnsiY3JlYXRlIjozNjAwMDAwMDAwMDAwLCJkZWxldGUiOjM2MDAwMDAwMDAwMDAsInJlYWQiOjMwMDAwMDAwMDAwMCwidXBkYXRlIjozNjAwMDAwMDAwMDAwfX0=",
          "dependencies": [
            "azurerm_resource_group.etas_poc_rg",
            "azurerm_storage_account.etas_sa",
            "azurerm_subnet.backend_subnet",
            "azurerm_subnet.frontend_subnet",
            "azurerm_virtual_network.etas_vnet",
            "random_string.postfix"
          ]
        }
      ]
    },
    {
      "mode": "managed",
      "type": "azurerm_subnet",
      "name": "backend_subnet",
      "provider": "provider[\"registry.terraform.io/hashicorp/azurerm\"]",
      "instances": [
        {
          "schema_version": 0,
          "attributes": {
            "address_prefixes": [
              "10.0.1.0/27"
            ],
            "delegation": [],
            "enforce_private_link_endpoint_network_policies": true,
            "enforce_private_link_service_network_policies": false,
            "id": "/subscriptions/1bade78d-e58a-48ff-b015-81fc75d62dc0/resourceGroups/etas_bosch_poc_rg/providers/Microsoft.Network/virtualNetworks/etas-vnet-5xvaat/subnets/etas-backend-subnet-5xvaat",
            "name": "etas-backend-subnet-5xvaat",
            "resource_group_name": "etas_bosch_poc_rg",
            "service_endpoint_policy_ids": null,
            "service_endpoints": [
              "Microsoft.ContainerRegistry",
              "Microsoft.KeyVault",
              "Microsoft.Sql",
              "Microsoft.Storage"
            ],
            "timeouts": null,
            "virtual_network_name": "etas-vnet-5xvaat"
          },
          "sensitive_attributes": [],
          "private": "eyJlMmJmYjczMC1lY2FhLTExZTYtOGY4OC0zNDM2M2JjN2M0YzAiOnsiY3JlYXRlIjoxODAwMDAwMDAwMDAwLCJkZWxldGUiOjE4MDAwMDAwMDAwMDAsInJlYWQiOjMwMDAwMDAwMDAwMCwidXBkYXRlIjoxODAwMDAwMDAwMDAwfX0=",
          "dependencies": [
            "azurerm_resource_group.etas_poc_rg",
            "azurerm_virtual_network.etas_vnet",
            "random_string.postfix"
          ]
        }
      ]
    },
    {
      "mode": "managed",
      "type": "azurerm_subnet",
      "name": "frontend_subnet",
      "provider": "provider[\"registry.terraform.io/hashicorp/azurerm\"]",
      "instances": [
        {
          "schema_version": 0,
          "attributes": {
            "address_prefixes": [
              "10.0.2.0/27"
            ],
            "delegation": [],
            "enforce_private_link_endpoint_network_policies": false,
            "enforce_private_link_service_network_policies": false,
            "id": "/subscriptions/1bade78d-e58a-48ff-b015-81fc75d62dc0/resourceGroups/etas_bosch_poc_rg/providers/Microsoft.Network/virtualNetworks/etas-vnet-5xvaat/subnets/etas-frontend-subnet-5xvaat",
            "name": "etas-frontend-subnet-5xvaat",
            "resource_group_name": "etas_bosch_poc_rg",
            "service_endpoint_policy_ids": null,
            "service_endpoints": [
              "Microsoft.ContainerRegistry",
              "Microsoft.KeyVault",
              "Microsoft.Sql",
              "Microsoft.Storage"
            ],
            "timeouts": null,
            "virtual_network_name": "etas-vnet-5xvaat"
          },
          "sensitive_attributes": [],
          "private": "eyJlMmJmYjczMC1lY2FhLTExZTYtOGY4OC0zNDM2M2JjN2M0YzAiOnsiY3JlYXRlIjoxODAwMDAwMDAwMDAwLCJkZWxldGUiOjE4MDAwMDAwMDAwMDAsInJlYWQiOjMwMDAwMDAwMDAwMCwidXBkYXRlIjoxODAwMDAwMDAwMDAwfX0=",
          "dependencies": [
            "azurerm_resource_group.etas_poc_rg",
            "azurerm_virtual_network.etas_vnet",
            "random_string.postfix"
          ]
        }
      ]
    },
    {
      "mode": "managed",
      "type": "azurerm_virtual_network",
      "name": "etas_vnet",
      "provider": "provider[\"registry.terraform.io/hashicorp/azurerm\"]",
      "instances": [
        {
          "schema_version": 0,
          "attributes": {
            "address_space": [
              "10.0.0.0/16"
            ],
            "bgp_community": "",
            "ddos_protection_plan": [],
            "dns_servers": [],
            "edge_zone": "",
            "flow_timeout_in_minutes": 0,
            "guid": "eb384b14-0a21-4509-bc8a-54f124aee406",
            "id": "/subscriptions/1bade78d-e58a-48ff-b015-81fc75d62dc0/resourceGroups/etas_bosch_poc_rg/providers/Microsoft.Network/virtualNetworks/etas-vnet-5xvaat",
            "location": "westeurope",
            "name": "etas-vnet-5xvaat",
            "resource_group_name": "etas_bosch_poc_rg",
            "subnet": [],
            "tags": null,
            "timeouts": null
          },
          "sensitive_attributes": [],
          "private": "eyJlMmJmYjczMC1lY2FhLTExZTYtOGY4OC0zNDM2M2JjN2M0YzAiOnsiY3JlYXRlIjoxODAwMDAwMDAwMDAwLCJkZWxldGUiOjE4MDAwMDAwMDAwMDAsInJlYWQiOjMwMDAwMDAwMDAwMCwidXBkYXRlIjoxODAwMDAwMDAwMDAwfX0=",
          "dependencies": [
            "azurerm_resource_group.etas_poc_rg",
            "random_string.postfix"
          ]
        }
      ]
    },
    {
      "mode": "managed",
      "type": "random_string",
      "name": "postfix",
      "provider": "provider[\"registry.terraform.io/hashicorp/random\"]",
      "instances": [
        {
          "schema_version": 1,
          "attributes": {
            "id": "5xvaat",
            "keepers": null,
            "length": 6,
            "lower": true,
            "min_lower": 0,
            "min_numeric": 0,
            "min_special": 0,
            "min_upper": 0,
            "number": true,
            "override_special": null,
            "result": "5xvaat",
            "special": false,
            "upper": false
          },
          "sensitive_attributes": [],
          "private": "eyJzY2hlbWFfdmVyc2lvbiI6IjEifQ=="
        }
      ]
    }
  ]
}
