{
  "version": 4,
  "terraform_version": "1.2.2",
  "serial": 46,
  "lineage": "8e1b572e-234e-705b-e94f-315089af3b6c",
  "outputs": {},
  "resources": [
    {
      "mode": "data",
      "type": "azurerm_client_config",
      "name": "current",
      "provider": "provider[\"registry.terraform.io/hashicorp/azurerm\"]",
      "instances": [
        {
          "schema_version": 0,
          "attributes": {
            "client_id": "12be8f08-21a1-4957-a7e0-af30e6ba044a",
            "id": "2022-11-29 12:00:58.9534655 +0000 UTC",
            "object_id": "06f8a4ee-b510-418e-8599-ee65039f3033",
            "subscription_id": "1bade78d-e58a-48ff-b015-81fc75d62dc0",
            "tenant_id": "d3675d0f-75c9-4863-860e-5ae18b362297",
            "timeouts": null
          },
          "sensitive_attributes": []
        }
      ]
    },
    {
      "mode": "data",
      "type": "azurerm_subscription",
      "name": "subscription",
      "provider": "provider[\"registry.terraform.io/hashicorp/azurerm\"]",
      "instances": [
        {
          "schema_version": 0,
          "attributes": {
            "display_name": "bu.feick-selfmanaged",
            "id": "/subscriptions/1bade78d-e58a-48ff-b015-81fc75d62dc0",
            "location_placement_id": "Public_2014-09-01",
            "quota_id": "PayAsYouGo_2014-09-01",
            "spending_limit": "Off",
            "state": "Enabled",
            "subscription_id": "1bade78d-e58a-48ff-b015-81fc75d62dc0",
            "tags": {},
            "tenant_id": "d3675d0f-75c9-4863-860e-5ae18b362297",
            "timeouts": null
          },
          "sensitive_attributes": []
        }
      ]
    },
    {
      "mode": "data",
      "type": "databricks_node_type",
      "name": "smallest",
      "provider": "provider[\"registry.terraform.io/databricks/databricks\"]",
      "instances": [
        {
          "schema_version": 0,
          "attributes": {
            "category": null,
            "gb_per_core": null,
            "graviton": null,
            "id": "Standard_L8as_v3",
            "is_io_cache_enabled": null,
            "local_disk": true,
            "min_cores": null,
            "min_gpus": null,
            "min_memory_gb": null,
            "photon_driver_capable": null,
            "photon_worker_capable": null,
            "support_port_forwarding": null,
            "vcpu": null
          },
          "sensitive_attributes": []
        }
      ]
    },
    {
      "mode": "data",
      "type": "databricks_spark_version",
      "name": "latest_lts",
      "provider": "provider[\"registry.terraform.io/databricks/databricks\"]",
      "instances": [
        {
          "schema_version": 0,
          "attributes": {
            "beta": null,
            "genomics": null,
            "gpu": null,
            "graviton": null,
            "id": "11.3.x-scala2.12",
            "latest": true,
            "long_term_support": true,
            "ml": null,
            "photon": null,
            "scala": "2.12",
            "spark_version": null
          },
          "sensitive_attributes": []
        }
      ]
    },
    {
      "mode": "managed",
      "type": "azurerm_data_factory",
      "name": "adf_ws",
      "provider": "provider[\"registry.terraform.io/hashicorp/azurerm\"]",
      "instances": [
        {
          "schema_version": 2,
          "attributes": {
            "customer_managed_key_id": "",
            "customer_managed_key_identity_id": "",
            "github_configuration": [],
            "global_parameter": [],
            "id": "/subscriptions/1bade78d-e58a-48ff-b015-81fc75d62dc0/resourceGroups/etas_bosch_poc_rg/providers/Microsoft.DataFactory/factories/etas-adf-qhjyxp",
            "identity": [
              {
                "identity_ids": null,
                "principal_id": "e688558a-b17a-436b-8b86-552efa4f92ba",
                "tenant_id": "d3675d0f-75c9-4863-860e-5ae18b362297",
                "type": "SystemAssigned"
              }
            ],
            "location": "westeurope",
            "managed_virtual_network_enabled": true,
            "name": "etas-adf-qhjyxp",
            "public_network_enabled": true,
            "resource_group_name": "etas_bosch_poc_rg",
            "tags": null,
            "timeouts": null,
            "vsts_configuration": []
          },
          "sensitive_attributes": [],
          "private": "eyJlMmJmYjczMC1lY2FhLTExZTYtOGY4OC0zNDM2M2JjN2M0YzAiOnsiY3JlYXRlIjoxODAwMDAwMDAwMDAwLCJkZWxldGUiOjE4MDAwMDAwMDAwMDAsInJlYWQiOjMwMDAwMDAwMDAwMCwidXBkYXRlIjoxODAwMDAwMDAwMDAwfSwic2NoZW1hX3ZlcnNpb24iOiIyIn0=",
          "dependencies": [
            "azurerm_resource_group.etas_poc_rg",
            "random_string.postfix"
          ]
        }
      ]
    },
    {
      "mode": "managed",
      "type": "azurerm_data_factory_integration_runtime_azure",
      "name": "adf-ir-azure",
      "provider": "provider[\"registry.terraform.io/hashicorp/azurerm\"]",
      "instances": [
        {
          "schema_version": 0,
          "attributes": {
            "cleanup_enabled": true,
            "compute_type": "General",
            "core_count": 8,
            "data_factory_id": "/subscriptions/1bade78d-e58a-48ff-b015-81fc75d62dc0/resourceGroups/etas_bosch_poc_rg/providers/Microsoft.DataFactory/factories/etas-adf-qhjyxp",
            "description": "",
            "id": "/subscriptions/1bade78d-e58a-48ff-b015-81fc75d62dc0/resourceGroups/etas_bosch_poc_rg/providers/Microsoft.DataFactory/factories/etas-adf-qhjyxp/integrationruntimes/ADF-IR-Azure",
            "location": "westeurope",
            "name": "ADF-IR-Azure",
            "time_to_live_min": 20,
            "timeouts": null,
            "virtual_network_enabled": true
          },
          "sensitive_attributes": [],
          "private": "eyJlMmJmYjczMC1lY2FhLTExZTYtOGY4OC0zNDM2M2JjN2M0YzAiOnsiY3JlYXRlIjoxODAwMDAwMDAwMDAwLCJkZWxldGUiOjE4MDAwMDAwMDAwMDAsInJlYWQiOjMwMDAwMDAwMDAwMCwidXBkYXRlIjoxODAwMDAwMDAwMDAwfX0=",
          "dependencies": [
            "azurerm_data_factory.adf_ws",
            "azurerm_resource_group.etas_poc_rg",
            "random_string.postfix"
          ]
        }
      ]
    },
    {
      "mode": "managed",
      "type": "azurerm_data_factory_linked_service_azure_blob_storage",
      "name": "adf-ls_datalake",
      "provider": "provider[\"registry.terraform.io/hashicorp/azurerm\"]",
      "instances": [
        {
          "schema_version": 0,
          "attributes": {
            "additional_properties": null,
            "annotations": null,
            "connection_string": null,
            "data_factory_id": "/subscriptions/1bade78d-e58a-48ff-b015-81fc75d62dc0/resourceGroups/etas_bosch_poc_rg/providers/Microsoft.DataFactory/factories/etas-adf-qhjyxp",
            "description": "",
            "id": "/subscriptions/1bade78d-e58a-48ff-b015-81fc75d62dc0/resourceGroups/etas_bosch_poc_rg/providers/Microsoft.DataFactory/factories/etas-adf-qhjyxp/linkedservices/LS-Datalake-Storage",
            "integration_runtime_name": "ADF-IR-Azure",
            "key_vault_sas_token": [],
            "name": "LS-Datalake-Storage",
            "parameters": null,
            "sas_uri": null,
            "service_endpoint": "https://etassaqhjyxp.blob.core.windows.net/",
            "service_principal_id": null,
            "service_principal_key": null,
            "service_principal_linked_key_vault_key": [],
            "storage_kind": "StorageV2",
            "tenant_id": null,
            "timeouts": null,
            "use_managed_identity": true
          },
          "sensitive_attributes": [],
          "private": "eyJlMmJmYjczMC1lY2FhLTExZTYtOGY4OC0zNDM2M2JjN2M0YzAiOnsiY3JlYXRlIjoxODAwMDAwMDAwMDAwLCJkZWxldGUiOjE4MDAwMDAwMDAwMDAsInJlYWQiOjMwMDAwMDAwMDAwMCwidXBkYXRlIjoxODAwMDAwMDAwMDAwfX0=",
          "dependencies": [
            "azurerm_data_factory.adf_ws",
            "azurerm_data_factory_integration_runtime_azure.adf-ir-azure",
            "azurerm_resource_group.etas_poc_rg",
            "azurerm_storage_account.etas_sa",
            "random_string.postfix"
          ]
        }
      ]
    },
    {
      "mode": "managed",
      "type": "azurerm_data_factory_linked_service_azure_databricks",
      "name": "adb-link",
      "provider": "provider[\"registry.terraform.io/hashicorp/azurerm\"]",
      "instances": [
        {
          "schema_version": 0,
          "attributes": {
            "access_token": "dapi8fb26e021294174e685a115f7bcdc0e9-2",
            "adb_domain": "https://adb-1310274426037300.0.azuredatabricks.net",
            "additional_properties": null,
            "annotations": null,
            "data_factory_id": "/subscriptions/1bade78d-e58a-48ff-b015-81fc75d62dc0/resourceGroups/etas_bosch_poc_rg/providers/Microsoft.DataFactory/factories/etas-adf-qhjyxp",
            "description": "ADB Linked Service",
            "existing_cluster_id": "1129-120501-lubypjrh",
            "id": "/subscriptions/1bade78d-e58a-48ff-b015-81fc75d62dc0/resourceGroups/etas_bosch_poc_rg/providers/Microsoft.DataFactory/factories/etas-adf-qhjyxp/linkedservices/LS-ADB-ViaMSI",
            "instance_pool": [],
            "integration_runtime_name": null,
            "key_vault_password": [],
            "msi_work_space_resource_id": null,
            "name": "LS-ADB-ViaMSI",
            "new_cluster_config": [],
            "parameters": null,
            "timeouts": null
          },
          "sensitive_attributes": [
            [
              {
                "type": "get_attr",
                "value": "access_token"
              }
            ]
          ],
          "private": "eyJlMmJmYjczMC1lY2FhLTExZTYtOGY4OC0zNDM2M2JjN2M0YzAiOnsiY3JlYXRlIjoxODAwMDAwMDAwMDAwLCJkZWxldGUiOjE4MDAwMDAwMDAwMDAsInJlYWQiOjMwMDAwMDAwMDAwMCwidXBkYXRlIjoxODAwMDAwMDAwMDAwfX0=",
          "dependencies": [
            "azurerm_data_factory.adf_ws",
            "azurerm_databricks_workspace.adb_workspace",
            "azurerm_network_security_group.privatensg",
            "azurerm_network_security_group.publicnsg",
            "azurerm_resource_group.etas_poc_rg",
            "azurerm_subnet.adbprv_subnet",
            "azurerm_subnet.adbpub_subnet",
            "azurerm_subnet_network_security_group_association.privateasoc",
            "azurerm_subnet_network_security_group_association.publicasoc",
            "azurerm_virtual_network.etas_vnet",
            "data.databricks_spark_version.latest_lts",
            "databricks_cluster.shared_autoscaling",
            "databricks_token.pat",
            "random_string.postfix"
          ]
        }
      ]
    },
    {
      "mode": "managed",
      "type": "azurerm_databricks_workspace",
      "name": "adb_workspace",
      "provider": "provider[\"registry.terraform.io/hashicorp/azurerm\"]",
      "instances": [
        {
          "schema_version": 0,
          "attributes": {
            "custom_parameters": [
              {
                "machine_learning_workspace_id": "",
                "nat_gateway_name": "nat-gateway",
                "no_public_ip": false,
                "private_subnet_name": "etas-adbprv-qhjyxp",
                "private_subnet_network_security_group_association_id": "/subscriptions/1bade78d-e58a-48ff-b015-81fc75d62dc0/resourceGroups/etas_bosch_poc_rg/providers/Microsoft.Network/virtualNetworks/etas-vnet-qhjyxp/subnets/etas-adbprv-qhjyxp",
                "public_ip_name": "nat-gw-public-ip",
                "public_subnet_name": "etas-adbpub-qhjyxp",
                "public_subnet_network_security_group_association_id": "/subscriptions/1bade78d-e58a-48ff-b015-81fc75d62dc0/resourceGroups/etas_bosch_poc_rg/providers/Microsoft.Network/virtualNetworks/etas-vnet-qhjyxp/subnets/etas-adbpub-qhjyxp",
                "storage_account_name": "dbstorageumbyiaqduanlw",
                "storage_account_sku_name": "Standard_GRS",
                "virtual_network_id": "/subscriptions/1bade78d-e58a-48ff-b015-81fc75d62dc0/resourceGroups/etas_bosch_poc_rg/providers/Microsoft.Network/virtualNetworks/etas-vnet-qhjyxp",
                "vnet_address_prefix": "10.139"
              }
            ],
            "customer_managed_key_enabled": false,
            "id": "/subscriptions/1bade78d-e58a-48ff-b015-81fc75d62dc0/resourceGroups/etas_bosch_poc_rg/providers/Microsoft.Databricks/workspaces/etas-adb-qhjyxp",
            "infrastructure_encryption_enabled": false,
            "load_balancer_backend_address_pool_id": "",
            "location": "westeurope",
            "managed_resource_group_id": "/subscriptions/1bade78d-e58a-48ff-b015-81fc75d62dc0/resourceGroups/databricks-rg-etas_bosch_poc_rg",
            "managed_resource_group_name": "databricks-rg-etas_bosch_poc_rg",
            "managed_services_cmk_key_vault_key_id": null,
            "name": "etas-adb-qhjyxp",
            "network_security_group_rules_required": null,
            "public_network_access_enabled": true,
            "resource_group_name": "etas_bosch_poc_rg",
            "sku": "premium",
            "storage_account_identity": [],
            "tags": null,
            "timeouts": null,
            "workspace_id": "1310274426037300",
            "workspace_url": "adb-1310274426037300.0.azuredatabricks.net"
          },
          "sensitive_attributes": [],
          "private": "eyJlMmJmYjczMC1lY2FhLTExZTYtOGY4OC0zNDM2M2JjN2M0YzAiOnsiY3JlYXRlIjoxODAwMDAwMDAwMDAwLCJkZWxldGUiOjE4MDAwMDAwMDAwMDAsInJlYWQiOjMwMDAwMDAwMDAwMCwidXBkYXRlIjoxODAwMDAwMDAwMDAwfX0=",
          "dependencies": [
            "azurerm_network_security_group.privatensg",
            "azurerm_network_security_group.publicnsg",
            "azurerm_resource_group.etas_poc_rg",
            "azurerm_subnet.adbprv_subnet",
            "azurerm_subnet.adbpub_subnet",
            "azurerm_subnet_network_security_group_association.privateasoc",
            "azurerm_subnet_network_security_group_association.publicasoc",
            "azurerm_virtual_network.etas_vnet",
            "random_string.postfix"
          ]
        }
      ]
    },
    {
      "mode": "managed",
      "type": "azurerm_key_vault",
      "name": "aml_kv",
      "provider": "provider[\"registry.terraform.io/hashicorp/azurerm\"]",
      "instances": [
        {
          "schema_version": 2,
          "attributes": {
            "access_policy": [],
            "contact": [],
            "enable_rbac_authorization": false,
            "enabled_for_deployment": false,
            "enabled_for_disk_encryption": false,
            "enabled_for_template_deployment": false,
            "id": "/subscriptions/1bade78d-e58a-48ff-b015-81fc75d62dc0/resourceGroups/etas_bosch_poc_rg/providers/Microsoft.KeyVault/vaults/etas-kv-qhjyxp",
            "location": "westeurope",
            "name": "etas-kv-qhjyxp",
            "network_acls": [
              {
                "bypass": "AzureServices",
                "default_action": "Deny",
                "ip_rules": [
                  "85.216.51.235"
                ],
                "virtual_network_subnet_ids": [
                  "/subscriptions/1bade78d-e58a-48ff-b015-81fc75d62dc0/resourceGroups/etas_bosch_poc_rg/providers/Microsoft.Network/virtualNetworks/etas-vnet-qhjyxp/subnets/etas-adbprv-qhjyxp",
                  "/subscriptions/1bade78d-e58a-48ff-b015-81fc75d62dc0/resourceGroups/etas_bosch_poc_rg/providers/Microsoft.Network/virtualNetworks/etas-vnet-qhjyxp/subnets/etas-adbpub-qhjyxp",
                  "/subscriptions/1bade78d-e58a-48ff-b015-81fc75d62dc0/resourceGroups/etas_bosch_poc_rg/providers/Microsoft.Network/virtualNetworks/etas-vnet-qhjyxp/subnets/etas-backend-subnet-qhjyxp",
                  "/subscriptions/1bade78d-e58a-48ff-b015-81fc75d62dc0/resourceGroups/etas_bosch_poc_rg/providers/Microsoft.Network/virtualNetworks/etas-vnet-qhjyxp/subnets/etas-frontend-subnet-qhjyxp"
                ]
              }
            ],
            "purge_protection_enabled": false,
            "resource_group_name": "etas_bosch_poc_rg",
            "sku_name": "standard",
            "soft_delete_retention_days": 90,
            "tags": null,
            "tenant_id": "d3675d0f-75c9-4863-860e-5ae18b362297",
            "timeouts": null,
            "vault_uri": "https://etas-kv-qhjyxp.vault.azure.net/"
          },
          "sensitive_attributes": [],
          "private": "eyJlMmJmYjczMC1lY2FhLTExZTYtOGY4OC0zNDM2M2JjN2M0YzAiOnsiY3JlYXRlIjoxODAwMDAwMDAwMDAwLCJkZWxldGUiOjE4MDAwMDAwMDAwMDAsInJlYWQiOjMwMDAwMDAwMDAwMCwidXBkYXRlIjoxODAwMDAwMDAwMDAwfSwic2NoZW1hX3ZlcnNpb24iOiIyIn0=",
          "dependencies": [
            "azurerm_resource_group.etas_poc_rg",
            "azurerm_subnet.adbprv_subnet",
            "azurerm_subnet.adbpub_subnet",
            "azurerm_subnet.backend_subnet",
            "azurerm_subnet.frontend_subnet",
            "azurerm_virtual_network.etas_vnet",
            "data.azurerm_client_config.current",
            "random_string.postfix"
          ]
        }
      ]
    },
    {
      "mode": "managed",
      "type": "azurerm_key_vault_access_policy",
      "name": "kv_policies",
      "provider": "provider[\"registry.terraform.io/hashicorp/azurerm\"]",
      "instances": [
        {
          "schema_version": 0,
          "attributes": {
            "application_id": null,
            "certificate_permissions": null,
            "id": "/subscriptions/1bade78d-e58a-48ff-b015-81fc75d62dc0/resourceGroups/etas_bosch_poc_rg/providers/Microsoft.KeyVault/vaults/etas-kv-qhjyxp/objectId/06f8a4ee-b510-418e-8599-ee65039f3033",
            "key_permissions": null,
            "key_vault_id": "/subscriptions/1bade78d-e58a-48ff-b015-81fc75d62dc0/resourceGroups/etas_bosch_poc_rg/providers/Microsoft.KeyVault/vaults/etas-kv-qhjyxp",
            "object_id": "06f8a4ee-b510-418e-8599-ee65039f3033",
            "secret_permissions": [
              "Set",
              "Get",
              "Delete",
              "Purge",
              "Recover",
              "List"
            ],
            "storage_permissions": null,
            "tenant_id": "d3675d0f-75c9-4863-860e-5ae18b362297",
            "timeouts": null
          },
          "sensitive_attributes": [],
          "private": "eyJlMmJmYjczMC1lY2FhLTExZTYtOGY4OC0zNDM2M2JjN2M0YzAiOnsiY3JlYXRlIjoxODAwMDAwMDAwMDAwLCJkZWxldGUiOjE4MDAwMDAwMDAwMDAsInJlYWQiOjMwMDAwMDAwMDAwMCwidXBkYXRlIjoxODAwMDAwMDAwMDAwfX0=",
          "dependencies": [
            "azurerm_key_vault.aml_kv",
            "azurerm_resource_group.etas_poc_rg",
            "azurerm_subnet.adbprv_subnet",
            "azurerm_subnet.adbpub_subnet",
            "azurerm_subnet.backend_subnet",
            "azurerm_subnet.frontend_subnet",
            "azurerm_virtual_network.etas_vnet",
            "data.azurerm_client_config.current",
            "random_string.postfix"
          ]
        }
      ]
    },
    {
      "mode": "managed",
      "type": "azurerm_key_vault_access_policy",
      "name": "kv_policies_adf",
      "provider": "provider[\"registry.terraform.io/hashicorp/azurerm\"]",
      "instances": [
        {
          "schema_version": 0,
          "attributes": {
            "application_id": null,
            "certificate_permissions": null,
            "id": "/subscriptions/1bade78d-e58a-48ff-b015-81fc75d62dc0/resourceGroups/etas_bosch_poc_rg/providers/Microsoft.KeyVault/vaults/etas-kv-qhjyxp/objectId/e688558a-b17a-436b-8b86-552efa4f92ba",
            "key_permissions": null,
            "key_vault_id": "/subscriptions/1bade78d-e58a-48ff-b015-81fc75d62dc0/resourceGroups/etas_bosch_poc_rg/providers/Microsoft.KeyVault/vaults/etas-kv-qhjyxp",
            "object_id": "e688558a-b17a-436b-8b86-552efa4f92ba",
            "secret_permissions": [
              "Set",
              "Get",
              "Delete",
              "Purge",
              "Recover",
              "List"
            ],
            "storage_permissions": null,
            "tenant_id": "d3675d0f-75c9-4863-860e-5ae18b362297",
            "timeouts": null
          },
          "sensitive_attributes": [],
          "private": "eyJlMmJmYjczMC1lY2FhLTExZTYtOGY4OC0zNDM2M2JjN2M0YzAiOnsiY3JlYXRlIjoxODAwMDAwMDAwMDAwLCJkZWxldGUiOjE4MDAwMDAwMDAwMDAsInJlYWQiOjMwMDAwMDAwMDAwMCwidXBkYXRlIjoxODAwMDAwMDAwMDAwfX0=",
          "dependencies": [
            "azurerm_data_factory.adf_ws",
            "azurerm_key_vault.aml_kv",
            "azurerm_resource_group.etas_poc_rg",
            "azurerm_subnet.adbprv_subnet",
            "azurerm_subnet.adbpub_subnet",
            "azurerm_subnet.backend_subnet",
            "azurerm_subnet.frontend_subnet",
            "azurerm_virtual_network.etas_vnet",
            "data.azurerm_client_config.current",
            "random_string.postfix"
          ]
        }
      ]
    },
    {
      "mode": "managed",
      "type": "azurerm_key_vault_secret",
      "name": "ks_sql_connection_string",
      "provider": "provider[\"registry.terraform.io/hashicorp/azurerm\"]",
      "instances": []
    },
    {
      "mode": "managed",
      "type": "azurerm_key_vault_secret",
      "name": "ks_sql_pass",
      "provider": "provider[\"registry.terraform.io/hashicorp/azurerm\"]",
      "instances": []
    },
    {
      "mode": "managed",
      "type": "azurerm_key_vault_secret",
      "name": "ks_sql_user",
      "provider": "provider[\"registry.terraform.io/hashicorp/azurerm\"]",
      "instances": []
    },
    {
      "mode": "managed",
      "type": "azurerm_key_vault_secret",
      "name": "ks_storage_account_key",
      "provider": "provider[\"registry.terraform.io/hashicorp/azurerm\"]",
      "instances": [
        {
          "schema_version": 0,
          "attributes": {
            "content_type": "",
            "expiration_date": null,
            "id": "https://etas-kv-qhjyxp.vault.azure.net/secrets/DataLakeAccountKey/c215c13e195f463fb3bcdcc7d5172bce",
            "key_vault_id": "/subscriptions/1bade78d-e58a-48ff-b015-81fc75d62dc0/resourceGroups/etas_bosch_poc_rg/providers/Microsoft.KeyVault/vaults/etas-kv-qhjyxp",
            "name": "DataLakeAccountKey",
            "not_before_date": null,
            "tags": null,
            "timeouts": null,
            "value": "vPvOIY0iC3oFI8Wj9Yb8+Z52dtoAj2Ljn9a93908nB5SfBS4kJuPIaLdQY5DjLw4dlhomjyaDH8s+AStWPRa/A==",
            "version": "c215c13e195f463fb3bcdcc7d5172bce",
            "versionless_id": "https://etas-kv-qhjyxp.vault.azure.net/secrets/DataLakeAccountKey"
          },
          "sensitive_attributes": [
            [
              {
                "type": "get_attr",
                "value": "value"
              }
            ]
          ],
          "private": "eyJlMmJmYjczMC1lY2FhLTExZTYtOGY4OC0zNDM2M2JjN2M0YzAiOnsiY3JlYXRlIjoxODAwMDAwMDAwMDAwLCJkZWxldGUiOjE4MDAwMDAwMDAwMDAsInJlYWQiOjMwMDAwMDAwMDAwMCwidXBkYXRlIjoxODAwMDAwMDAwMDAwfX0=",
          "dependencies": [
            "azurerm_key_vault.aml_kv",
            "azurerm_key_vault_access_policy.kv_policies",
            "azurerm_resource_group.etas_poc_rg",
            "azurerm_storage_account.etas_sa",
            "azurerm_subnet.adbprv_subnet",
            "azurerm_subnet.adbpub_subnet",
            "azurerm_subnet.backend_subnet",
            "azurerm_subnet.frontend_subnet",
            "azurerm_virtual_network.etas_vnet",
            "data.azurerm_client_config.current",
            "random_string.postfix"
          ]
        }
      ]
    },
    {
      "mode": "managed",
      "type": "azurerm_mssql_database",
      "name": "sql_db",
      "provider": "provider[\"registry.terraform.io/hashicorp/azurerm\"]",
      "instances": []
    },
    {
      "mode": "managed",
      "type": "azurerm_mssql_firewall_rule",
      "name": "example",
      "provider": "provider[\"registry.terraform.io/hashicorp/azurerm\"]",
      "instances": []
    },
    {
      "mode": "managed",
      "type": "azurerm_mssql_virtual_network_rule",
      "name": "sql_vnet_rule",
      "provider": "provider[\"registry.terraform.io/hashicorp/azurerm\"]",
      "instances": []
    },
    {
      "mode": "managed",
      "type": "azurerm_network_security_group",
      "name": "privatensg",
      "provider": "provider[\"registry.terraform.io/hashicorp/azurerm\"]",
      "instances": [
        {
          "schema_version": 0,
          "attributes": {
            "id": "/subscriptions/1bade78d-e58a-48ff-b015-81fc75d62dc0/resourceGroups/etas_bosch_poc_rg/providers/Microsoft.Network/networkSecurityGroups/etas-nsgprv-qhjyxp",
            "location": "westeurope",
            "name": "etas-nsgprv-qhjyxp",
            "resource_group_name": "etas_bosch_poc_rg",
            "security_rule": [],
            "tags": null,
            "timeouts": null
          },
          "sensitive_attributes": [],
          "private": "eyJlMmJmYjczMC1lY2FhLTExZTYtOGY4OC0zNDM2M2JjN2M0YzAiOnsiY3JlYXRlIjoxODAwMDAwMDAwMDAwLCJkZWxldGUiOjE4MDAwMDAwMDAwMDAsInJlYWQiOjMwMDAwMDAwMDAwMCwidXBkYXRlIjoxODAwMDAwMDAwMDAwfX0=",
          "dependencies": [
            "azurerm_resource_group.etas_poc_rg",
            "random_string.postfix"
          ]
        }
      ]
    },
    {
      "mode": "managed",
      "type": "azurerm_network_security_group",
      "name": "publicnsg",
      "provider": "provider[\"registry.terraform.io/hashicorp/azurerm\"]",
      "instances": [
        {
          "schema_version": 0,
          "attributes": {
            "id": "/subscriptions/1bade78d-e58a-48ff-b015-81fc75d62dc0/resourceGroups/etas_bosch_poc_rg/providers/Microsoft.Network/networkSecurityGroups/etas-nsgpub-qhjyxp",
            "location": "westeurope",
            "name": "etas-nsgpub-qhjyxp",
            "resource_group_name": "etas_bosch_poc_rg",
            "security_rule": [],
            "tags": null,
            "timeouts": null
          },
          "sensitive_attributes": [],
          "private": "eyJlMmJmYjczMC1lY2FhLTExZTYtOGY4OC0zNDM2M2JjN2M0YzAiOnsiY3JlYXRlIjoxODAwMDAwMDAwMDAwLCJkZWxldGUiOjE4MDAwMDAwMDAwMDAsInJlYWQiOjMwMDAwMDAwMDAwMCwidXBkYXRlIjoxODAwMDAwMDAwMDAwfX0=",
          "dependencies": [
            "azurerm_resource_group.etas_poc_rg",
            "random_string.postfix"
          ]
        }
      ]
    },
    {
      "mode": "managed",
      "type": "azurerm_private_dns_zone",
      "name": "sa_zone_blob",
      "provider": "provider[\"registry.terraform.io/hashicorp/azurerm\"]",
      "instances": [
        {
          "schema_version": 0,
          "attributes": {
            "id": "/subscriptions/1bade78d-e58a-48ff-b015-81fc75d62dc0/resourceGroups/etas_bosch_poc_rg/providers/Microsoft.Network/privateDnsZones/privatelink.blob.core.windows.net",
            "max_number_of_record_sets": 25000,
            "max_number_of_virtual_network_links": 1000,
            "max_number_of_virtual_network_links_with_registration": 100,
            "name": "privatelink.blob.core.windows.net",
            "number_of_record_sets": 1,
            "resource_group_name": "etas_bosch_poc_rg",
            "soa_record": [
              {
                "email": "azureprivatedns-host.microsoft.com",
                "expire_time": 2419200,
                "fqdn": "privatelink.blob.core.windows.net.",
                "host_name": "azureprivatedns.net",
                "minimum_ttl": 10,
                "refresh_time": 3600,
                "retry_time": 300,
                "serial_number": 1,
                "tags": {},
                "ttl": 3600
              }
            ],
            "tags": null,
            "timeouts": null
          },
          "sensitive_attributes": [],
          "private": "eyJlMmJmYjczMC1lY2FhLTExZTYtOGY4OC0zNDM2M2JjN2M0YzAiOnsiY3JlYXRlIjoxODAwMDAwMDAwMDAwLCJkZWxldGUiOjE4MDAwMDAwMDAwMDAsInJlYWQiOjMwMDAwMDAwMDAwMCwidXBkYXRlIjoxODAwMDAwMDAwMDAwfX0=",
          "dependencies": [
            "azurerm_resource_group.etas_poc_rg"
          ]
        }
      ]
    },
    {
      "mode": "managed",
      "type": "azurerm_private_dns_zone",
      "name": "sa_zone_data_lake",
      "provider": "provider[\"registry.terraform.io/hashicorp/azurerm\"]",
      "instances": [
        {
          "schema_version": 0,
          "attributes": {
            "id": "/subscriptions/1bade78d-e58a-48ff-b015-81fc75d62dc0/resourceGroups/etas_bosch_poc_rg/providers/Microsoft.Network/privateDnsZones/privatelink.dfs.core.windows.net",
            "max_number_of_record_sets": 25000,
            "max_number_of_virtual_network_links": 1000,
            "max_number_of_virtual_network_links_with_registration": 100,
            "name": "privatelink.dfs.core.windows.net",
            "number_of_record_sets": 1,
            "resource_group_name": "etas_bosch_poc_rg",
            "soa_record": [
              {
                "email": "azureprivatedns-host.microsoft.com",
                "expire_time": 2419200,
                "fqdn": "privatelink.dfs.core.windows.net.",
                "host_name": "azureprivatedns.net",
                "minimum_ttl": 10,
                "refresh_time": 3600,
                "retry_time": 300,
                "serial_number": 1,
                "tags": {},
                "ttl": 3600
              }
            ],
            "tags": null,
            "timeouts": null
          },
          "sensitive_attributes": [],
          "private": "eyJlMmJmYjczMC1lY2FhLTExZTYtOGY4OC0zNDM2M2JjN2M0YzAiOnsiY3JlYXRlIjoxODAwMDAwMDAwMDAwLCJkZWxldGUiOjE4MDAwMDAwMDAwMDAsInJlYWQiOjMwMDAwMDAwMDAwMCwidXBkYXRlIjoxODAwMDAwMDAwMDAwfX0=",
          "dependencies": [
            "azurerm_resource_group.etas_poc_rg"
          ]
        }
      ]
    },
    {
      "mode": "managed",
      "type": "azurerm_private_dns_zone",
      "name": "sa_zone_file",
      "provider": "provider[\"registry.terraform.io/hashicorp/azurerm\"]",
      "instances": [
        {
          "schema_version": 0,
          "attributes": {
            "id": "/subscriptions/1bade78d-e58a-48ff-b015-81fc75d62dc0/resourceGroups/etas_bosch_poc_rg/providers/Microsoft.Network/privateDnsZones/privatelink.file.core.windows.net",
            "max_number_of_record_sets": 25000,
            "max_number_of_virtual_network_links": 1000,
            "max_number_of_virtual_network_links_with_registration": 100,
            "name": "privatelink.file.core.windows.net",
            "number_of_record_sets": 1,
            "resource_group_name": "etas_bosch_poc_rg",
            "soa_record": [
              {
                "email": "azureprivatedns-host.microsoft.com",
                "expire_time": 2419200,
                "fqdn": "privatelink.file.core.windows.net.",
                "host_name": "azureprivatedns.net",
                "minimum_ttl": 10,
                "refresh_time": 3600,
                "retry_time": 300,
                "serial_number": 1,
                "tags": {},
                "ttl": 3600
              }
            ],
            "tags": null,
            "timeouts": null
          },
          "sensitive_attributes": [],
          "private": "eyJlMmJmYjczMC1lY2FhLTExZTYtOGY4OC0zNDM2M2JjN2M0YzAiOnsiY3JlYXRlIjoxODAwMDAwMDAwMDAwLCJkZWxldGUiOjE4MDAwMDAwMDAwMDAsInJlYWQiOjMwMDAwMDAwMDAwMCwidXBkYXRlIjoxODAwMDAwMDAwMDAwfX0=",
          "dependencies": [
            "azurerm_resource_group.etas_poc_rg"
          ]
        }
      ]
    },
    {
      "mode": "managed",
      "type": "azurerm_private_dns_zone_virtual_network_link",
      "name": "kv_zone_link",
      "provider": "provider[\"registry.terraform.io/hashicorp/azurerm\"]",
      "instances": []
    },
    {
      "mode": "managed",
      "type": "azurerm_private_dns_zone_virtual_network_link",
      "name": "sa_zone_blob_link",
      "provider": "provider[\"registry.terraform.io/hashicorp/azurerm\"]",
      "instances": [
        {
          "schema_version": 0,
          "attributes": {
            "id": "/subscriptions/1bade78d-e58a-48ff-b015-81fc75d62dc0/resourceGroups/etas_bosch_poc_rg/providers/Microsoft.Network/privateDnsZones/privatelink.blob.core.windows.net/virtualNetworkLinks/qhjyxp_link_blob",
            "name": "qhjyxp_link_blob",
            "private_dns_zone_name": "privatelink.blob.core.windows.net",
            "registration_enabled": false,
            "resource_group_name": "etas_bosch_poc_rg",
            "tags": null,
            "timeouts": null,
            "virtual_network_id": "/subscriptions/1bade78d-e58a-48ff-b015-81fc75d62dc0/resourceGroups/etas_bosch_poc_rg/providers/Microsoft.Network/virtualNetworks/etas-vnet-qhjyxp"
          },
          "sensitive_attributes": [],
          "private": "eyJlMmJmYjczMC1lY2FhLTExZTYtOGY4OC0zNDM2M2JjN2M0YzAiOnsiY3JlYXRlIjoxODAwMDAwMDAwMDAwLCJkZWxldGUiOjE4MDAwMDAwMDAwMDAsInJlYWQiOjMwMDAwMDAwMDAwMCwidXBkYXRlIjoxODAwMDAwMDAwMDAwfX0=",
          "dependencies": [
            "azurerm_private_dns_zone.sa_zone_blob",
            "azurerm_resource_group.etas_poc_rg",
            "azurerm_virtual_network.etas_vnet",
            "random_string.postfix"
          ]
        }
      ]
    },
    {
      "mode": "managed",
      "type": "azurerm_private_dns_zone_virtual_network_link",
      "name": "sa_zone_dfs_link",
      "provider": "provider[\"registry.terraform.io/hashicorp/azurerm\"]",
      "instances": [
        {
          "schema_version": 0,
          "attributes": {
            "id": "/subscriptions/1bade78d-e58a-48ff-b015-81fc75d62dc0/resourceGroups/etas_bosch_poc_rg/providers/Microsoft.Network/privateDnsZones/privatelink.dfs.core.windows.net/virtualNetworkLinks/qhjyxp_link_dfs",
            "name": "qhjyxp_link_dfs",
            "private_dns_zone_name": "privatelink.dfs.core.windows.net",
            "registration_enabled": false,
            "resource_group_name": "etas_bosch_poc_rg",
            "tags": null,
            "timeouts": null,
            "virtual_network_id": "/subscriptions/1bade78d-e58a-48ff-b015-81fc75d62dc0/resourceGroups/etas_bosch_poc_rg/providers/Microsoft.Network/virtualNetworks/etas-vnet-qhjyxp"
          },
          "sensitive_attributes": [],
          "private": "eyJlMmJmYjczMC1lY2FhLTExZTYtOGY4OC0zNDM2M2JjN2M0YzAiOnsiY3JlYXRlIjoxODAwMDAwMDAwMDAwLCJkZWxldGUiOjE4MDAwMDAwMDAwMDAsInJlYWQiOjMwMDAwMDAwMDAwMCwidXBkYXRlIjoxODAwMDAwMDAwMDAwfX0=",
          "dependencies": [
            "azurerm_private_dns_zone.sa_zone_data_lake",
            "azurerm_resource_group.etas_poc_rg",
            "azurerm_virtual_network.etas_vnet",
            "random_string.postfix"
          ]
        }
      ]
    },
    {
      "mode": "managed",
      "type": "azurerm_private_dns_zone_virtual_network_link",
      "name": "sa_zone_file_link",
      "provider": "provider[\"registry.terraform.io/hashicorp/azurerm\"]",
      "instances": [
        {
          "schema_version": 0,
          "attributes": {
            "id": "/subscriptions/1bade78d-e58a-48ff-b015-81fc75d62dc0/resourceGroups/etas_bosch_poc_rg/providers/Microsoft.Network/privateDnsZones/privatelink.file.core.windows.net/virtualNetworkLinks/qhjyxp_link_file",
            "name": "qhjyxp_link_file",
            "private_dns_zone_name": "privatelink.file.core.windows.net",
            "registration_enabled": false,
            "resource_group_name": "etas_bosch_poc_rg",
            "tags": null,
            "timeouts": null,
            "virtual_network_id": "/subscriptions/1bade78d-e58a-48ff-b015-81fc75d62dc0/resourceGroups/etas_bosch_poc_rg/providers/Microsoft.Network/virtualNetworks/etas-vnet-qhjyxp"
          },
          "sensitive_attributes": [],
          "private": "eyJlMmJmYjczMC1lY2FhLTExZTYtOGY4OC0zNDM2M2JjN2M0YzAiOnsiY3JlYXRlIjoxODAwMDAwMDAwMDAwLCJkZWxldGUiOjE4MDAwMDAwMDAwMDAsInJlYWQiOjMwMDAwMDAwMDAwMCwidXBkYXRlIjoxODAwMDAwMDAwMDAwfX0=",
          "dependencies": [
            "azurerm_private_dns_zone.sa_zone_file",
            "azurerm_resource_group.etas_poc_rg",
            "azurerm_virtual_network.etas_vnet",
            "random_string.postfix"
          ]
        }
      ]
    },
    {
      "mode": "managed",
      "type": "azurerm_private_endpoint",
      "name": "kv_pe",
      "provider": "provider[\"registry.terraform.io/hashicorp/azurerm\"]",
      "instances": []
    },
    {
      "mode": "managed",
      "type": "azurerm_private_endpoint",
      "name": "sa_pe_blob",
      "provider": "provider[\"registry.terraform.io/hashicorp/azurerm\"]",
      "instances": [
        {
          "schema_version": 0,
          "attributes": {
            "custom_dns_configs": [],
            "id": "/subscriptions/1bade78d-e58a-48ff-b015-81fc75d62dc0/resourceGroups/etas_bosch_poc_rg/providers/Microsoft.Network/privateEndpoints/etas-sa-pe-blob-qhjyxp",
            "location": "westeurope",
            "name": "etas-sa-pe-blob-qhjyxp",
            "network_interface": [
              {
                "id": "/subscriptions/1bade78d-e58a-48ff-b015-81fc75d62dc0/resourceGroups/etas_bosch_poc_rg/providers/Microsoft.Network/networkInterfaces/etas-sa-pe-blob-qhjyxp.nic.cd473273-8b5f-4496-a215-104a2ebaa9b0",
                "name": "etas-sa-pe-blob-qhjyxp.nic.cd473273-8b5f-4496-a215-104a2ebaa9b0"
              }
            ],
            "private_dns_zone_configs": [
              {
                "id": "/subscriptions/1bade78d-e58a-48ff-b015-81fc75d62dc0/resourceGroups/etas_bosch_poc_rg/providers/Microsoft.Network/privateEndpoints/etas-sa-pe-blob-qhjyxp/privateDnsZoneGroups/private-dns-zone-group-blob/privateDnsZoneConfigs/privatelink.blob.core.windows.net",
                "name": "privatelink.blob.core.windows.net",
                "private_dns_zone_id": "/subscriptions/1bade78d-e58a-48ff-b015-81fc75d62dc0/resourceGroups/etas_bosch_poc_rg/providers/Microsoft.Network/privateDnsZones/privatelink.blob.core.windows.net",
                "record_sets": [
                  {
                    "fqdn": "etassaqhjyxp.privatelink.blob.core.windows.net",
                    "ip_addresses": [
                      "100.68.194.132"
                    ],
                    "name": "etassaqhjyxp",
                    "ttl": 10,
                    "type": "A"
                  }
                ]
              }
            ],
            "private_dns_zone_group": [
              {
                "id": "/subscriptions/1bade78d-e58a-48ff-b015-81fc75d62dc0/resourceGroups/etas_bosch_poc_rg/providers/Microsoft.Network/privateEndpoints/etas-sa-pe-blob-qhjyxp/privateDnsZoneGroups/private-dns-zone-group-blob",
                "name": "private-dns-zone-group-blob",
                "private_dns_zone_ids": [
                  "/subscriptions/1bade78d-e58a-48ff-b015-81fc75d62dc0/resourceGroups/etas_bosch_poc_rg/providers/Microsoft.Network/privateDnsZones/privatelink.blob.core.windows.net"
                ]
              }
            ],
            "private_service_connection": [
              {
                "is_manual_connection": false,
                "name": "etas-sa-psc-blob-qhjyxp",
                "private_connection_resource_alias": "",
                "private_connection_resource_id": "/subscriptions/1bade78d-e58a-48ff-b015-81fc75d62dc0/resourceGroups/etas_bosch_poc_rg/providers/Microsoft.Storage/storageAccounts/etassaqhjyxp",
                "private_ip_address": "100.68.194.132",
                "request_message": "",
                "subresource_names": [
                  "blob"
                ]
              }
            ],
            "resource_group_name": "etas_bosch_poc_rg",
            "subnet_id": "/subscriptions/1bade78d-e58a-48ff-b015-81fc75d62dc0/resourceGroups/etas_bosch_poc_rg/providers/Microsoft.Network/virtualNetworks/etas-vnet-qhjyxp/subnets/etas-backend-subnet-qhjyxp",
            "tags": null,
            "timeouts": null
          },
          "sensitive_attributes": [],
          "private": "eyJlMmJmYjczMC1lY2FhLTExZTYtOGY4OC0zNDM2M2JjN2M0YzAiOnsiY3JlYXRlIjozNjAwMDAwMDAwMDAwLCJkZWxldGUiOjM2MDAwMDAwMDAwMDAsInJlYWQiOjMwMDAwMDAwMDAwMCwidXBkYXRlIjozNjAwMDAwMDAwMDAwfX0=",
          "dependencies": [
            "azurerm_private_dns_zone.sa_zone_blob",
            "azurerm_resource_group.etas_poc_rg",
            "azurerm_storage_account.etas_sa",
            "azurerm_subnet.backend_subnet",
            "azurerm_virtual_network.etas_vnet",
            "random_string.postfix"
          ]
        }
      ]
    },
    {
      "mode": "managed",
      "type": "azurerm_private_endpoint",
      "name": "sa_pe_data_lake",
      "provider": "provider[\"registry.terraform.io/hashicorp/azurerm\"]",
      "instances": [
        {
          "schema_version": 0,
          "attributes": {
            "custom_dns_configs": [],
            "id": "/subscriptions/1bade78d-e58a-48ff-b015-81fc75d62dc0/resourceGroups/etas_bosch_poc_rg/providers/Microsoft.Network/privateEndpoints/etas-sa-pe-dfs-qhjyxp",
            "location": "westeurope",
            "name": "etas-sa-pe-dfs-qhjyxp",
            "network_interface": [
              {
                "id": "/subscriptions/1bade78d-e58a-48ff-b015-81fc75d62dc0/resourceGroups/etas_bosch_poc_rg/providers/Microsoft.Network/networkInterfaces/etas-sa-pe-dfs-qhjyxp.nic.214f678e-987e-4bb1-af38-c62e9e52ae10",
                "name": "etas-sa-pe-dfs-qhjyxp.nic.214f678e-987e-4bb1-af38-c62e9e52ae10"
              }
            ],
            "private_dns_zone_configs": [
              {
                "id": "/subscriptions/1bade78d-e58a-48ff-b015-81fc75d62dc0/resourceGroups/etas_bosch_poc_rg/providers/Microsoft.Network/privateEndpoints/etas-sa-pe-dfs-qhjyxp/privateDnsZoneGroups/private-dns-zone-group-dfs/privateDnsZoneConfigs/privatelink.dfs.core.windows.net",
                "name": "privatelink.dfs.core.windows.net",
                "private_dns_zone_id": "/subscriptions/1bade78d-e58a-48ff-b015-81fc75d62dc0/resourceGroups/etas_bosch_poc_rg/providers/Microsoft.Network/privateDnsZones/privatelink.dfs.core.windows.net",
                "record_sets": [
                  {
                    "fqdn": "etassaqhjyxp.privatelink.dfs.core.windows.net",
                    "ip_addresses": [
                      "100.68.194.133"
                    ],
                    "name": "etassaqhjyxp",
                    "ttl": 10,
                    "type": "A"
                  }
                ]
              }
            ],
            "private_dns_zone_group": [
              {
                "id": "/subscriptions/1bade78d-e58a-48ff-b015-81fc75d62dc0/resourceGroups/etas_bosch_poc_rg/providers/Microsoft.Network/privateEndpoints/etas-sa-pe-dfs-qhjyxp/privateDnsZoneGroups/private-dns-zone-group-dfs",
                "name": "private-dns-zone-group-dfs",
                "private_dns_zone_ids": [
                  "/subscriptions/1bade78d-e58a-48ff-b015-81fc75d62dc0/resourceGroups/etas_bosch_poc_rg/providers/Microsoft.Network/privateDnsZones/privatelink.dfs.core.windows.net"
                ]
              }
            ],
            "private_service_connection": [
              {
                "is_manual_connection": false,
                "name": "etas-sa-psc-dfs-qhjyxp",
                "private_connection_resource_alias": "",
                "private_connection_resource_id": "/subscriptions/1bade78d-e58a-48ff-b015-81fc75d62dc0/resourceGroups/etas_bosch_poc_rg/providers/Microsoft.Storage/storageAccounts/etassaqhjyxp",
                "private_ip_address": "100.68.194.133",
                "request_message": "",
                "subresource_names": [
                  "dfs"
                ]
              }
            ],
            "resource_group_name": "etas_bosch_poc_rg",
            "subnet_id": "/subscriptions/1bade78d-e58a-48ff-b015-81fc75d62dc0/resourceGroups/etas_bosch_poc_rg/providers/Microsoft.Network/virtualNetworks/etas-vnet-qhjyxp/subnets/etas-backend-subnet-qhjyxp",
            "tags": null,
            "timeouts": null
          },
          "sensitive_attributes": [],
          "private": "eyJlMmJmYjczMC1lY2FhLTExZTYtOGY4OC0zNDM2M2JjN2M0YzAiOnsiY3JlYXRlIjozNjAwMDAwMDAwMDAwLCJkZWxldGUiOjM2MDAwMDAwMDAwMDAsInJlYWQiOjMwMDAwMDAwMDAwMCwidXBkYXRlIjozNjAwMDAwMDAwMDAwfX0=",
          "dependencies": [
            "azurerm_private_dns_zone.sa_zone_data_lake",
            "azurerm_resource_group.etas_poc_rg",
            "azurerm_storage_account.etas_sa",
            "azurerm_subnet.backend_subnet",
            "azurerm_virtual_network.etas_vnet",
            "random_string.postfix"
          ]
        }
      ]
    },
    {
      "mode": "managed",
      "type": "azurerm_private_endpoint",
      "name": "sa_pe_file",
      "provider": "provider[\"registry.terraform.io/hashicorp/azurerm\"]",
      "instances": [
        {
          "schema_version": 0,
          "attributes": {
            "custom_dns_configs": [],
            "id": "/subscriptions/1bade78d-e58a-48ff-b015-81fc75d62dc0/resourceGroups/etas_bosch_poc_rg/providers/Microsoft.Network/privateEndpoints/etas-sa-pe-file-qhjyxp",
            "location": "westeurope",
            "name": "etas-sa-pe-file-qhjyxp",
            "network_interface": [
              {
                "id": "/subscriptions/1bade78d-e58a-48ff-b015-81fc75d62dc0/resourceGroups/etas_bosch_poc_rg/providers/Microsoft.Network/networkInterfaces/etas-sa-pe-file-qhjyxp.nic.05be05ac-0aec-4c52-bb27-98bd0e8b3801",
                "name": "etas-sa-pe-file-qhjyxp.nic.05be05ac-0aec-4c52-bb27-98bd0e8b3801"
              }
            ],
            "private_dns_zone_configs": [
              {
                "id": "/subscriptions/1bade78d-e58a-48ff-b015-81fc75d62dc0/resourceGroups/etas_bosch_poc_rg/providers/Microsoft.Network/privateEndpoints/etas-sa-pe-file-qhjyxp/privateDnsZoneGroups/private-dns-zone-group-file/privateDnsZoneConfigs/privatelink.file.core.windows.net",
                "name": "privatelink.file.core.windows.net",
                "private_dns_zone_id": "/subscriptions/1bade78d-e58a-48ff-b015-81fc75d62dc0/resourceGroups/etas_bosch_poc_rg/providers/Microsoft.Network/privateDnsZones/privatelink.file.core.windows.net",
                "record_sets": [
                  {
                    "fqdn": "etassaqhjyxp.privatelink.file.core.windows.net",
                    "ip_addresses": [
                      "100.68.194.134"
                    ],
                    "name": "etassaqhjyxp",
                    "ttl": 10,
                    "type": "A"
                  }
                ]
              }
            ],
            "private_dns_zone_group": [
              {
                "id": "/subscriptions/1bade78d-e58a-48ff-b015-81fc75d62dc0/resourceGroups/etas_bosch_poc_rg/providers/Microsoft.Network/privateEndpoints/etas-sa-pe-file-qhjyxp/privateDnsZoneGroups/private-dns-zone-group-file",
                "name": "private-dns-zone-group-file",
                "private_dns_zone_ids": [
                  "/subscriptions/1bade78d-e58a-48ff-b015-81fc75d62dc0/resourceGroups/etas_bosch_poc_rg/providers/Microsoft.Network/privateDnsZones/privatelink.file.core.windows.net"
                ]
              }
            ],
            "private_service_connection": [
              {
                "is_manual_connection": false,
                "name": "etas-sa-psc-file-qhjyxp",
                "private_connection_resource_alias": "",
                "private_connection_resource_id": "/subscriptions/1bade78d-e58a-48ff-b015-81fc75d62dc0/resourceGroups/etas_bosch_poc_rg/providers/Microsoft.Storage/storageAccounts/etassaqhjyxp",
                "private_ip_address": "100.68.194.134",
                "request_message": "",
                "subresource_names": [
                  "file"
                ]
              }
            ],
            "resource_group_name": "etas_bosch_poc_rg",
            "subnet_id": "/subscriptions/1bade78d-e58a-48ff-b015-81fc75d62dc0/resourceGroups/etas_bosch_poc_rg/providers/Microsoft.Network/virtualNetworks/etas-vnet-qhjyxp/subnets/etas-backend-subnet-qhjyxp",
            "tags": null,
            "timeouts": null
          },
          "sensitive_attributes": [],
          "private": "eyJlMmJmYjczMC1lY2FhLTExZTYtOGY4OC0zNDM2M2JjN2M0YzAiOnsiY3JlYXRlIjozNjAwMDAwMDAwMDAwLCJkZWxldGUiOjM2MDAwMDAwMDAwMDAsInJlYWQiOjMwMDAwMDAwMDAwMCwidXBkYXRlIjozNjAwMDAwMDAwMDAwfX0=",
          "dependencies": [
            "azurerm_private_dns_zone.sa_zone_file",
            "azurerm_resource_group.etas_poc_rg",
            "azurerm_storage_account.etas_sa",
            "azurerm_subnet.backend_subnet",
            "azurerm_virtual_network.etas_vnet",
            "random_string.postfix"
          ]
        }
      ]
    },
    {
      "mode": "managed",
      "type": "azurerm_resource_group",
      "name": "etas_poc_rg",
      "provider": "provider[\"registry.terraform.io/hashicorp/azurerm\"]",
      "instances": [
        {
          "schema_version": 0,
          "attributes": {
            "id": "/subscriptions/1bade78d-e58a-48ff-b015-81fc75d62dc0/resourceGroups/etas_bosch_poc_rg",
            "location": "westeurope",
            "name": "etas_bosch_poc_rg",
            "tags": {
              "ApplicationID": "ETAS POC",
              "ApplicationOwner": "ETAS",
              "CostCenter": "12345"
            },
            "timeouts": null
          },
          "sensitive_attributes": [],
          "private": "eyJlMmJmYjczMC1lY2FhLTExZTYtOGY4OC0zNDM2M2JjN2M0YzAiOnsiY3JlYXRlIjo1NDAwMDAwMDAwMDAwLCJkZWxldGUiOjU0MDAwMDAwMDAwMDAsInJlYWQiOjMwMDAwMDAwMDAwMCwidXBkYXRlIjo1NDAwMDAwMDAwMDAwfX0="
        }
      ]
    },
    {
      "mode": "managed",
      "type": "azurerm_role_assignment",
      "name": "adf2rsg",
      "provider": "provider[\"registry.terraform.io/hashicorp/azurerm\"]",
      "instances": [
        {
          "schema_version": 0,
          "attributes": {
            "condition": "",
            "condition_version": "",
            "delegated_managed_identity_resource_id": "",
            "description": "",
            "id": "/subscriptions/1bade78d-e58a-48ff-b015-81fc75d62dc0/resourceGroups/etas_bosch_poc_rg/providers/Microsoft.Authorization/roleAssignments/b0110b65-1e66-40bc-2009-df408e606f8f",
            "name": "b0110b65-1e66-40bc-2009-df408e606f8f",
            "principal_id": "e688558a-b17a-436b-8b86-552efa4f92ba",
            "principal_type": "ServicePrincipal",
            "role_definition_id": "/subscriptions/1bade78d-e58a-48ff-b015-81fc75d62dc0/providers/Microsoft.Authorization/roleDefinitions/ba92f5b4-2d11-453d-a403-e96b0029c9fe",
            "role_definition_name": "Storage Blob Data Contributor",
            "scope": "/subscriptions/1bade78d-e58a-48ff-b015-81fc75d62dc0/resourceGroups/etas_bosch_poc_rg",
            "skip_service_principal_aad_check": null,
            "timeouts": null
          },
          "sensitive_attributes": [],
          "private": "eyJlMmJmYjczMC1lY2FhLTExZTYtOGY4OC0zNDM2M2JjN2M0YzAiOnsiY3JlYXRlIjoxODAwMDAwMDAwMDAwLCJkZWxldGUiOjE4MDAwMDAwMDAwMDAsInJlYWQiOjMwMDAwMDAwMDAwMCwidXBkYXRlIjoxODAwMDAwMDAwMDAwfX0=",
          "dependencies": [
            "azurerm_data_factory.adf_ws",
            "azurerm_resource_group.etas_poc_rg",
            "data.azurerm_subscription.subscription",
            "random_string.postfix"
          ]
        }
      ]
    },
    {
      "mode": "managed",
      "type": "azurerm_role_assignment",
      "name": "adf2rsgcon",
      "provider": "provider[\"registry.terraform.io/hashicorp/azurerm\"]",
      "instances": [
        {
          "schema_version": 0,
          "attributes": {
            "condition": "",
            "condition_version": "",
            "delegated_managed_identity_resource_id": "",
            "description": "",
            "id": "/subscriptions/1bade78d-e58a-48ff-b015-81fc75d62dc0/resourceGroups/etas_bosch_poc_rg/providers/Microsoft.Authorization/roleAssignments/1b038785-1bcb-73a9-24dc-96af34ae23f8",
            "name": "1b038785-1bcb-73a9-24dc-96af34ae23f8",
            "principal_id": "e688558a-b17a-436b-8b86-552efa4f92ba",
            "principal_type": "ServicePrincipal",
            "role_definition_id": "/subscriptions/1bade78d-e58a-48ff-b015-81fc75d62dc0/providers/Microsoft.Authorization/roleDefinitions/b24988ac-6180-42a0-ab88-20f7382dd24c",
            "role_definition_name": "Contributor",
            "scope": "/subscriptions/1bade78d-e58a-48ff-b015-81fc75d62dc0/resourceGroups/etas_bosch_poc_rg",
            "skip_service_principal_aad_check": null,
            "timeouts": null
          },
          "sensitive_attributes": [],
          "private": "eyJlMmJmYjczMC1lY2FhLTExZTYtOGY4OC0zNDM2M2JjN2M0YzAiOnsiY3JlYXRlIjoxODAwMDAwMDAwMDAwLCJkZWxldGUiOjE4MDAwMDAwMDAwMDAsInJlYWQiOjMwMDAwMDAwMDAwMCwidXBkYXRlIjoxODAwMDAwMDAwMDAwfX0=",
          "dependencies": [
            "azurerm_data_factory.adf_ws",
            "azurerm_resource_group.etas_poc_rg",
            "data.azurerm_subscription.subscription",
            "random_string.postfix"
          ]
        }
      ]
    },
    {
      "mode": "managed",
      "type": "azurerm_storage_account",
      "name": "etas_sa",
      "provider": "provider[\"registry.terraform.io/hashicorp/azurerm\"]",
      "instances": [
        {
          "schema_version": 3,
          "attributes": {
            "access_tier": "Hot",
            "account_kind": "StorageV2",
            "account_replication_type": "LRS",
            "account_tier": "Standard",
            "allow_nested_items_to_be_public": true,
            "azure_files_authentication": [],
            "blob_properties": [
              {
                "change_feed_enabled": false,
                "container_delete_retention_policy": [],
                "cors_rule": [],
                "default_service_version": "",
                "delete_retention_policy": [],
                "last_access_time_enabled": false,
                "versioning_enabled": false
              }
            ],
            "custom_domain": [],
            "customer_managed_key": [],
            "edge_zone": "",
            "enable_https_traffic_only": true,
            "id": "/subscriptions/1bade78d-e58a-48ff-b015-81fc75d62dc0/resourceGroups/etas_bosch_poc_rg/providers/Microsoft.Storage/storageAccounts/etassaqhjyxp",
            "identity": [],
            "infrastructure_encryption_enabled": false,
            "is_hns_enabled": true,
            "large_file_share_enabled": null,
            "location": "westeurope",
            "min_tls_version": "TLS1_2",
            "name": "etassaqhjyxp",
            "network_rules": [
              {
                "bypass": [
                  "AzureServices"
                ],
                "default_action": "Allow",
                "ip_rules": [],
                "private_link_access": [],
                "virtual_network_subnet_ids": []
              }
            ],
            "nfsv3_enabled": false,
            "primary_access_key": "vPvOIY0iC3oFI8Wj9Yb8+Z52dtoAj2Ljn9a93908nB5SfBS4kJuPIaLdQY5DjLw4dlhomjyaDH8s+AStWPRa/A==",
            "primary_blob_connection_string": "DefaultEndpointsProtocol=https;BlobEndpoint=https://etassaqhjyxp.blob.core.windows.net/;AccountName=etassaqhjyxp;AccountKey=vPvOIY0iC3oFI8Wj9Yb8+Z52dtoAj2Ljn9a93908nB5SfBS4kJuPIaLdQY5DjLw4dlhomjyaDH8s+AStWPRa/A==",
            "primary_blob_endpoint": "https://etassaqhjyxp.blob.core.windows.net/",
            "primary_blob_host": "etassaqhjyxp.blob.core.windows.net",
            "primary_connection_string": "DefaultEndpointsProtocol=https;AccountName=etassaqhjyxp;AccountKey=vPvOIY0iC3oFI8Wj9Yb8+Z52dtoAj2Ljn9a93908nB5SfBS4kJuPIaLdQY5DjLw4dlhomjyaDH8s+AStWPRa/A==;EndpointSuffix=core.windows.net",
            "primary_dfs_endpoint": "https://etassaqhjyxp.dfs.core.windows.net/",
            "primary_dfs_host": "etassaqhjyxp.dfs.core.windows.net",
            "primary_file_endpoint": "https://etassaqhjyxp.file.core.windows.net/",
            "primary_file_host": "etassaqhjyxp.file.core.windows.net",
            "primary_location": "westeurope",
            "primary_queue_endpoint": "https://etassaqhjyxp.queue.core.windows.net/",
            "primary_queue_host": "etassaqhjyxp.queue.core.windows.net",
            "primary_table_endpoint": "https://etassaqhjyxp.table.core.windows.net/",
            "primary_table_host": "etassaqhjyxp.table.core.windows.net",
            "primary_web_endpoint": "https://etassaqhjyxp.z6.web.core.windows.net/",
            "primary_web_host": "etassaqhjyxp.z6.web.core.windows.net",
            "queue_encryption_key_type": "Service",
            "queue_properties": [
              {
                "cors_rule": [],
                "hour_metrics": [
                  {
                    "enabled": true,
                    "include_apis": true,
                    "retention_policy_days": 7,
                    "version": "1.0"
                  }
                ],
                "logging": [
                  {
                    "delete": false,
                    "read": false,
                    "retention_policy_days": 0,
                    "version": "1.0",
                    "write": false
                  }
                ],
                "minute_metrics": [
                  {
                    "enabled": false,
                    "include_apis": false,
                    "retention_policy_days": 0,
                    "version": "1.0"
                  }
                ]
              }
            ],
            "resource_group_name": "etas_bosch_poc_rg",
            "routing": [],
            "secondary_access_key": "HsU5rfsScPR372DvHUd1u6/daY4KjfV5PXiW+/e61luJSfFoiNIRLl5wBgwF5ghO98JOoTsb0051+ASt5MpjXA==",
            "secondary_blob_connection_string": "",
            "secondary_blob_endpoint": null,
            "secondary_blob_host": null,
            "secondary_connection_string": "DefaultEndpointsProtocol=https;AccountName=etassaqhjyxp;AccountKey=HsU5rfsScPR372DvHUd1u6/daY4KjfV5PXiW+/e61luJSfFoiNIRLl5wBgwF5ghO98JOoTsb0051+ASt5MpjXA==;EndpointSuffix=core.windows.net",
            "secondary_dfs_endpoint": null,
            "secondary_dfs_host": null,
            "secondary_file_endpoint": null,
            "secondary_file_host": null,
            "secondary_location": "",
            "secondary_queue_endpoint": null,
            "secondary_queue_host": null,
            "secondary_table_endpoint": null,
            "secondary_table_host": null,
            "secondary_web_endpoint": null,
            "secondary_web_host": null,
            "share_properties": [
              {
                "cors_rule": [],
                "retention_policy": [
                  {
                    "days": 7
                  }
                ],
                "smb": []
              }
            ],
            "shared_access_key_enabled": true,
            "static_website": [],
            "table_encryption_key_type": "Service",
            "tags": null,
            "timeouts": null
          },
          "sensitive_attributes": [],
          "private": "eyJlMmJmYjczMC1lY2FhLTExZTYtOGY4OC0zNDM2M2JjN2M0YzAiOnsiY3JlYXRlIjozNjAwMDAwMDAwMDAwLCJkZWxldGUiOjM2MDAwMDAwMDAwMDAsInJlYWQiOjMwMDAwMDAwMDAwMCwidXBkYXRlIjozNjAwMDAwMDAwMDAwfSwic2NoZW1hX3ZlcnNpb24iOiIzIn0=",
          "dependencies": [
            "azurerm_resource_group.etas_poc_rg",
            "random_string.postfix"
          ]
        }
      ]
    },
    {
      "mode": "managed",
      "type": "azurerm_storage_account_network_rules",
      "name": "firewall_rules",
      "provider": "provider[\"registry.terraform.io/hashicorp/azurerm\"]",
      "instances": [
        {
          "schema_version": 0,
          "attributes": {
            "bypass": [
              "AzureServices"
            ],
            "default_action": "Deny",
            "id": "/subscriptions/1bade78d-e58a-48ff-b015-81fc75d62dc0/resourceGroups/etas_bosch_poc_rg/providers/Microsoft.Storage/storageAccounts/etassaqhjyxp",
            "ip_rules": [
              "85.216.51.235"
            ],
            "private_link_access": [],
            "storage_account_id": "/subscriptions/1bade78d-e58a-48ff-b015-81fc75d62dc0/resourceGroups/etas_bosch_poc_rg/providers/Microsoft.Storage/storageAccounts/etassaqhjyxp",
            "timeouts": null,
            "virtual_network_subnet_ids": [
              "/subscriptions/1bade78d-e58a-48ff-b015-81fc75d62dc0/resourceGroups/etas_bosch_poc_rg/providers/Microsoft.Network/virtualNetworks/etas-vnet-qhjyxp/subnets/etas-adbprv-qhjyxp",
              "/subscriptions/1bade78d-e58a-48ff-b015-81fc75d62dc0/resourceGroups/etas_bosch_poc_rg/providers/Microsoft.Network/virtualNetworks/etas-vnet-qhjyxp/subnets/etas-adbpub-qhjyxp",
              "/subscriptions/1bade78d-e58a-48ff-b015-81fc75d62dc0/resourceGroups/etas_bosch_poc_rg/providers/Microsoft.Network/virtualNetworks/etas-vnet-qhjyxp/subnets/etas-backend-subnet-qhjyxp",
              "/subscriptions/1bade78d-e58a-48ff-b015-81fc75d62dc0/resourceGroups/etas_bosch_poc_rg/providers/Microsoft.Network/virtualNetworks/etas-vnet-qhjyxp/subnets/etas-frontend-subnet-qhjyxp"
            ]
          },
          "sensitive_attributes": [],
          "private": "eyJlMmJmYjczMC1lY2FhLTExZTYtOGY4OC0zNDM2M2JjN2M0YzAiOnsiY3JlYXRlIjozNjAwMDAwMDAwMDAwLCJkZWxldGUiOjM2MDAwMDAwMDAwMDAsInJlYWQiOjMwMDAwMDAwMDAwMCwidXBkYXRlIjozNjAwMDAwMDAwMDAwfX0=",
          "dependencies": [
            "azurerm_resource_group.etas_poc_rg",
            "azurerm_storage_account.etas_sa",
            "azurerm_subnet.adbprv_subnet",
            "azurerm_subnet.adbpub_subnet",
            "azurerm_subnet.backend_subnet",
            "azurerm_subnet.frontend_subnet",
            "azurerm_virtual_network.etas_vnet",
            "random_string.postfix"
          ]
        }
      ]
    },
    {
      "mode": "managed",
      "type": "azurerm_storage_data_lake_gen2_filesystem",
      "name": "adls_container",
      "provider": "provider[\"registry.terraform.io/hashicorp/azurerm\"]",
      "instances": [
        {
          "schema_version": 0,
          "attributes": {
            "ace": [
              {
                "id": "",
                "permissions": "---",
                "scope": "access",
                "type": "other"
              },
              {
                "id": "",
                "permissions": "r-x",
                "scope": "access",
                "type": "group"
              },
              {
                "id": "",
                "permissions": "rwx",
                "scope": "access",
                "type": "user"
              }
            ],
            "group": "06f8a4ee-b510-418e-8599-ee65039f3033",
            "id": "https://etassaqhjyxp.dfs.core.windows.net/etaspoccontainer",
            "name": "etaspoccontainer",
            "owner": "06f8a4ee-b510-418e-8599-ee65039f3033",
            "properties": null,
            "storage_account_id": "/subscriptions/1bade78d-e58a-48ff-b015-81fc75d62dc0/resourceGroups/etas_bosch_poc_rg/providers/Microsoft.Storage/storageAccounts/etassaqhjyxp",
            "timeouts": null
          },
          "sensitive_attributes": [],
          "private": "eyJlMmJmYjczMC1lY2FhLTExZTYtOGY4OC0zNDM2M2JjN2M0YzAiOnsiY3JlYXRlIjoxODAwMDAwMDAwMDAwLCJkZWxldGUiOjE4MDAwMDAwMDAwMDAsInJlYWQiOjMwMDAwMDAwMDAwMCwidXBkYXRlIjoxODAwMDAwMDAwMDAwfX0=",
          "dependencies": [
            "azurerm_data_factory.adf_ws",
            "azurerm_resource_group.etas_poc_rg",
            "azurerm_role_assignment.adf2rsg",
            "azurerm_storage_account.etas_sa",
            "data.azurerm_subscription.subscription",
            "random_string.postfix"
          ]
        }
      ]
    },
    {
      "mode": "managed",
      "type": "azurerm_storage_data_lake_gen2_path",
      "name": "Landing_Zone",
      "provider": "provider[\"registry.terraform.io/hashicorp/azurerm\"]",
      "instances": [
        {
          "schema_version": 0,
          "attributes": {
            "ace": [
              {
                "id": "",
                "permissions": "---",
                "scope": "access",
                "type": "other"
              },
              {
                "id": "",
                "permissions": "r-x",
                "scope": "access",
                "type": "group"
              },
              {
                "id": "",
                "permissions": "rwx",
                "scope": "access",
                "type": "user"
              }
            ],
            "filesystem_name": "etaspoccontainer",
            "group": "06f8a4ee-b510-418e-8599-ee65039f3033",
            "id": "https://etassaqhjyxp.dfs.core.windows.net/etaspoccontainer/00_LANDING_ZONE/usecases",
            "owner": "06f8a4ee-b510-418e-8599-ee65039f3033",
            "path": "00_LANDING_ZONE/usecases",
            "resource": "directory",
            "storage_account_id": "/subscriptions/1bade78d-e58a-48ff-b015-81fc75d62dc0/resourceGroups/etas_bosch_poc_rg/providers/Microsoft.Storage/storageAccounts/etassaqhjyxp",
            "timeouts": null
          },
          "sensitive_attributes": [],
          "private": "eyJlMmJmYjczMC1lY2FhLTExZTYtOGY4OC0zNDM2M2JjN2M0YzAiOnsiY3JlYXRlIjoxODAwMDAwMDAwMDAwLCJkZWxldGUiOjE4MDAwMDAwMDAwMDAsInJlYWQiOjMwMDAwMDAwMDAwMCwidXBkYXRlIjoxODAwMDAwMDAwMDAwfX0=",
          "dependencies": [
            "azurerm_data_factory.adf_ws",
            "azurerm_resource_group.etas_poc_rg",
            "azurerm_role_assignment.adf2rsg",
            "azurerm_storage_account.etas_sa",
            "azurerm_storage_data_lake_gen2_filesystem.adls_container",
            "data.azurerm_subscription.subscription",
            "random_string.postfix"
          ]
        }
      ]
    },
    {
      "mode": "managed",
      "type": "azurerm_storage_data_lake_gen2_path",
      "name": "Raw_Path_Flat",
      "provider": "provider[\"registry.terraform.io/hashicorp/azurerm\"]",
      "instances": [
        {
          "schema_version": 0,
          "attributes": {
            "ace": [
              {
                "id": "",
                "permissions": "---",
                "scope": "access",
                "type": "other"
              },
              {
                "id": "",
                "permissions": "r-x",
                "scope": "access",
                "type": "group"
              },
              {
                "id": "",
                "permissions": "rwx",
                "scope": "access",
                "type": "user"
              }
            ],
            "filesystem_name": "etaspoccontainer",
            "group": "06f8a4ee-b510-418e-8599-ee65039f3033",
            "id": "https://etassaqhjyxp.dfs.core.windows.net/etaspoccontainer/01_RAW/flat_files",
            "owner": "06f8a4ee-b510-418e-8599-ee65039f3033",
            "path": "01_RAW/flat_files",
            "resource": "directory",
            "storage_account_id": "/subscriptions/1bade78d-e58a-48ff-b015-81fc75d62dc0/resourceGroups/etas_bosch_poc_rg/providers/Microsoft.Storage/storageAccounts/etassaqhjyxp",
            "timeouts": null
          },
          "sensitive_attributes": [],
          "private": "eyJlMmJmYjczMC1lY2FhLTExZTYtOGY4OC0zNDM2M2JjN2M0YzAiOnsiY3JlYXRlIjoxODAwMDAwMDAwMDAwLCJkZWxldGUiOjE4MDAwMDAwMDAwMDAsInJlYWQiOjMwMDAwMDAwMDAwMCwidXBkYXRlIjoxODAwMDAwMDAwMDAwfX0=",
          "dependencies": [
            "azurerm_data_factory.adf_ws",
            "azurerm_resource_group.etas_poc_rg",
            "azurerm_role_assignment.adf2rsg",
            "azurerm_storage_account.etas_sa",
            "azurerm_storage_data_lake_gen2_filesystem.adls_container",
            "data.azurerm_subscription.subscription",
            "random_string.postfix"
          ]
        }
      ]
    },
    {
      "mode": "managed",
      "type": "azurerm_storage_data_lake_gen2_path",
      "name": "Raw_Path_Systems",
      "provider": "provider[\"registry.terraform.io/hashicorp/azurerm\"]",
      "instances": [
        {
          "schema_version": 0,
          "attributes": {
            "ace": [
              {
                "id": "",
                "permissions": "---",
                "scope": "access",
                "type": "other"
              },
              {
                "id": "",
                "permissions": "r-x",
                "scope": "access",
                "type": "group"
              },
              {
                "id": "",
                "permissions": "rwx",
                "scope": "access",
                "type": "user"
              }
            ],
            "filesystem_name": "etaspoccontainer",
            "group": "06f8a4ee-b510-418e-8599-ee65039f3033",
            "id": "https://etassaqhjyxp.dfs.core.windows.net/etaspoccontainer/01_RAW/systems",
            "owner": "06f8a4ee-b510-418e-8599-ee65039f3033",
            "path": "01_RAW/systems",
            "resource": "directory",
            "storage_account_id": "/subscriptions/1bade78d-e58a-48ff-b015-81fc75d62dc0/resourceGroups/etas_bosch_poc_rg/providers/Microsoft.Storage/storageAccounts/etassaqhjyxp",
            "timeouts": null
          },
          "sensitive_attributes": [],
          "private": "eyJlMmJmYjczMC1lY2FhLTExZTYtOGY4OC0zNDM2M2JjN2M0YzAiOnsiY3JlYXRlIjoxODAwMDAwMDAwMDAwLCJkZWxldGUiOjE4MDAwMDAwMDAwMDAsInJlYWQiOjMwMDAwMDAwMDAwMCwidXBkYXRlIjoxODAwMDAwMDAwMDAwfX0=",
          "dependencies": [
            "azurerm_data_factory.adf_ws",
            "azurerm_resource_group.etas_poc_rg",
            "azurerm_role_assignment.adf2rsg",
            "azurerm_storage_account.etas_sa",
            "azurerm_storage_data_lake_gen2_filesystem.adls_container",
            "data.azurerm_subscription.subscription",
            "random_string.postfix"
          ]
        }
      ]
    },
    {
      "mode": "managed",
      "type": "azurerm_storage_data_lake_gen2_path",
      "name": "Serving_Path",
      "provider": "provider[\"registry.terraform.io/hashicorp/azurerm\"]",
      "instances": [
        {
          "schema_version": 0,
          "attributes": {
            "ace": [
              {
                "id": "",
                "permissions": "---",
                "scope": "access",
                "type": "other"
              },
              {
                "id": "",
                "permissions": "r-x",
                "scope": "access",
                "type": "group"
              },
              {
                "id": "",
                "permissions": "rwx",
                "scope": "access",
                "type": "user"
              }
            ],
            "filesystem_name": "etaspoccontainer",
            "group": "06f8a4ee-b510-418e-8599-ee65039f3033",
            "id": "https://etassaqhjyxp.dfs.core.windows.net/etaspoccontainer/03_SERVING",
            "owner": "06f8a4ee-b510-418e-8599-ee65039f3033",
            "path": "03_SERVING",
            "resource": "directory",
            "storage_account_id": "/subscriptions/1bade78d-e58a-48ff-b015-81fc75d62dc0/resourceGroups/etas_bosch_poc_rg/providers/Microsoft.Storage/storageAccounts/etassaqhjyxp",
            "timeouts": null
          },
          "sensitive_attributes": [],
          "private": "eyJlMmJmYjczMC1lY2FhLTExZTYtOGY4OC0zNDM2M2JjN2M0YzAiOnsiY3JlYXRlIjoxODAwMDAwMDAwMDAwLCJkZWxldGUiOjE4MDAwMDAwMDAwMDAsInJlYWQiOjMwMDAwMDAwMDAwMCwidXBkYXRlIjoxODAwMDAwMDAwMDAwfX0=",
          "dependencies": [
            "azurerm_data_factory.adf_ws",
            "azurerm_resource_group.etas_poc_rg",
            "azurerm_role_assignment.adf2rsg",
            "azurerm_storage_account.etas_sa",
            "azurerm_storage_data_lake_gen2_filesystem.adls_container",
            "data.azurerm_subscription.subscription",
            "random_string.postfix"
          ]
        }
      ]
    },
    {
      "mode": "managed",
      "type": "azurerm_storage_data_lake_gen2_path",
      "name": "Transformed_Path",
      "provider": "provider[\"registry.terraform.io/hashicorp/azurerm\"]",
      "instances": [
        {
          "schema_version": 0,
          "attributes": {
            "ace": [
              {
                "id": "",
                "permissions": "---",
                "scope": "access",
                "type": "other"
              },
              {
                "id": "",
                "permissions": "r-x",
                "scope": "access",
                "type": "group"
              },
              {
                "id": "",
                "permissions": "rwx",
                "scope": "access",
                "type": "user"
              }
            ],
            "filesystem_name": "etaspoccontainer",
            "group": "06f8a4ee-b510-418e-8599-ee65039f3033",
            "id": "https://etassaqhjyxp.dfs.core.windows.net/etaspoccontainer/02_TANSFORMATION",
            "owner": "06f8a4ee-b510-418e-8599-ee65039f3033",
            "path": "02_TANSFORMATION",
            "resource": "directory",
            "storage_account_id": "/subscriptions/1bade78d-e58a-48ff-b015-81fc75d62dc0/resourceGroups/etas_bosch_poc_rg/providers/Microsoft.Storage/storageAccounts/etassaqhjyxp",
            "timeouts": null
          },
          "sensitive_attributes": [],
          "private": "eyJlMmJmYjczMC1lY2FhLTExZTYtOGY4OC0zNDM2M2JjN2M0YzAiOnsiY3JlYXRlIjoxODAwMDAwMDAwMDAwLCJkZWxldGUiOjE4MDAwMDAwMDAwMDAsInJlYWQiOjMwMDAwMDAwMDAwMCwidXBkYXRlIjoxODAwMDAwMDAwMDAwfX0=",
          "dependencies": [
            "azurerm_data_factory.adf_ws",
            "azurerm_resource_group.etas_poc_rg",
            "azurerm_role_assignment.adf2rsg",
            "azurerm_storage_account.etas_sa",
            "azurerm_storage_data_lake_gen2_filesystem.adls_container",
            "data.azurerm_subscription.subscription",
            "random_string.postfix"
          ]
        }
      ]
    },
    {
      "mode": "managed",
      "type": "azurerm_subnet",
      "name": "adbprv_subnet",
      "provider": "provider[\"registry.terraform.io/hashicorp/azurerm\"]",
      "instances": [
        {
          "schema_version": 0,
          "attributes": {
            "address_prefixes": [
              "100.68.194.192/26"
            ],
            "delegation": [
              {
                "name": "databricks-delegation",
                "service_delegation": [
                  {
                    "actions": [
                      "Microsoft.Network/virtualNetworks/subnets/join/action",
                      "Microsoft.Network/virtualNetworks/subnets/prepareNetworkPolicies/action",
                      "Microsoft.Network/virtualNetworks/subnets/unprepareNetworkPolicies/action"
                    ],
                    "name": "Microsoft.Databricks/workspaces"
                  }
                ]
              }
            ],
            "enforce_private_link_endpoint_network_policies": false,
            "enforce_private_link_service_network_policies": false,
            "id": "/subscriptions/1bade78d-e58a-48ff-b015-81fc75d62dc0/resourceGroups/etas_bosch_poc_rg/providers/Microsoft.Network/virtualNetworks/etas-vnet-qhjyxp/subnets/etas-adbprv-qhjyxp",
            "name": "etas-adbprv-qhjyxp",
            "resource_group_name": "etas_bosch_poc_rg",
            "service_endpoint_policy_ids": null,
            "service_endpoints": [
              "Microsoft.ContainerRegistry",
              "Microsoft.KeyVault",
              "Microsoft.Sql",
              "Microsoft.Storage"
            ],
            "timeouts": null,
            "virtual_network_name": "etas-vnet-qhjyxp"
          },
          "sensitive_attributes": [],
          "private": "eyJlMmJmYjczMC1lY2FhLTExZTYtOGY4OC0zNDM2M2JjN2M0YzAiOnsiY3JlYXRlIjoxODAwMDAwMDAwMDAwLCJkZWxldGUiOjE4MDAwMDAwMDAwMDAsInJlYWQiOjMwMDAwMDAwMDAwMCwidXBkYXRlIjoxODAwMDAwMDAwMDAwfX0=",
          "dependencies": [
            "azurerm_resource_group.etas_poc_rg",
            "azurerm_virtual_network.etas_vnet",
            "random_string.postfix"
          ]
        }
      ]
    },
    {
      "mode": "managed",
      "type": "azurerm_subnet",
      "name": "adbpub_subnet",
      "provider": "provider[\"registry.terraform.io/hashicorp/azurerm\"]",
      "instances": [
        {
          "schema_version": 0,
          "attributes": {
            "address_prefixes": [
              "100.68.194.64/26"
            ],
            "delegation": [
              {
                "name": "databricks-delegation",
                "service_delegation": [
                  {
                    "actions": [
                      "Microsoft.Network/virtualNetworks/subnets/join/action",
                      "Microsoft.Network/virtualNetworks/subnets/prepareNetworkPolicies/action",
                      "Microsoft.Network/virtualNetworks/subnets/unprepareNetworkPolicies/action"
                    ],
                    "name": "Microsoft.Databricks/workspaces"
                  }
                ]
              }
            ],
            "enforce_private_link_endpoint_network_policies": false,
            "enforce_private_link_service_network_policies": false,
            "id": "/subscriptions/1bade78d-e58a-48ff-b015-81fc75d62dc0/resourceGroups/etas_bosch_poc_rg/providers/Microsoft.Network/virtualNetworks/etas-vnet-qhjyxp/subnets/etas-adbpub-qhjyxp",
            "name": "etas-adbpub-qhjyxp",
            "resource_group_name": "etas_bosch_poc_rg",
            "service_endpoint_policy_ids": null,
            "service_endpoints": [
              "Microsoft.ContainerRegistry",
              "Microsoft.KeyVault",
              "Microsoft.Sql",
              "Microsoft.Storage"
            ],
            "timeouts": null,
            "virtual_network_name": "etas-vnet-qhjyxp"
          },
          "sensitive_attributes": [],
          "private": "eyJlMmJmYjczMC1lY2FhLTExZTYtOGY4OC0zNDM2M2JjN2M0YzAiOnsiY3JlYXRlIjoxODAwMDAwMDAwMDAwLCJkZWxldGUiOjE4MDAwMDAwMDAwMDAsInJlYWQiOjMwMDAwMDAwMDAwMCwidXBkYXRlIjoxODAwMDAwMDAwMDAwfX0=",
          "dependencies": [
            "azurerm_resource_group.etas_poc_rg",
            "azurerm_virtual_network.etas_vnet",
            "random_string.postfix"
          ]
        }
      ]
    },
    {
      "mode": "managed",
      "type": "azurerm_subnet",
      "name": "backend_subnet",
      "provider": "provider[\"registry.terraform.io/hashicorp/azurerm\"]",
      "instances": [
        {
          "schema_version": 0,
          "attributes": {
            "address_prefixes": [
              "100.68.194.128/27"
            ],
            "delegation": [],
            "enforce_private_link_endpoint_network_policies": true,
            "enforce_private_link_service_network_policies": false,
            "id": "/subscriptions/1bade78d-e58a-48ff-b015-81fc75d62dc0/resourceGroups/etas_bosch_poc_rg/providers/Microsoft.Network/virtualNetworks/etas-vnet-qhjyxp/subnets/etas-backend-subnet-qhjyxp",
            "name": "etas-backend-subnet-qhjyxp",
            "resource_group_name": "etas_bosch_poc_rg",
            "service_endpoint_policy_ids": null,
            "service_endpoints": [
              "Microsoft.ContainerRegistry",
              "Microsoft.KeyVault",
              "Microsoft.Sql",
              "Microsoft.Storage"
            ],
            "timeouts": null,
            "virtual_network_name": "etas-vnet-qhjyxp"
          },
          "sensitive_attributes": [],
          "private": "eyJlMmJmYjczMC1lY2FhLTExZTYtOGY4OC0zNDM2M2JjN2M0YzAiOnsiY3JlYXRlIjoxODAwMDAwMDAwMDAwLCJkZWxldGUiOjE4MDAwMDAwMDAwMDAsInJlYWQiOjMwMDAwMDAwMDAwMCwidXBkYXRlIjoxODAwMDAwMDAwMDAwfX0=",
          "dependencies": [
            "azurerm_resource_group.etas_poc_rg",
            "azurerm_virtual_network.etas_vnet",
            "random_string.postfix"
          ]
        }
      ]
    },
    {
      "mode": "managed",
      "type": "azurerm_subnet",
      "name": "frontend_subnet",
      "provider": "provider[\"registry.terraform.io/hashicorp/azurerm\"]",
      "instances": [
        {
          "schema_version": 0,
          "attributes": {
            "address_prefixes": [
              "100.68.194.160/27"
            ],
            "delegation": [],
            "enforce_private_link_endpoint_network_policies": false,
            "enforce_private_link_service_network_policies": false,
            "id": "/subscriptions/1bade78d-e58a-48ff-b015-81fc75d62dc0/resourceGroups/etas_bosch_poc_rg/providers/Microsoft.Network/virtualNetworks/etas-vnet-qhjyxp/subnets/etas-frontend-subnet-qhjyxp",
            "name": "etas-frontend-subnet-qhjyxp",
            "resource_group_name": "etas_bosch_poc_rg",
            "service_endpoint_policy_ids": null,
            "service_endpoints": [
              "Microsoft.ContainerRegistry",
              "Microsoft.KeyVault",
              "Microsoft.Sql",
              "Microsoft.Storage"
            ],
            "timeouts": null,
            "virtual_network_name": "etas-vnet-qhjyxp"
          },
          "sensitive_attributes": [],
          "private": "eyJlMmJmYjczMC1lY2FhLTExZTYtOGY4OC0zNDM2M2JjN2M0YzAiOnsiY3JlYXRlIjoxODAwMDAwMDAwMDAwLCJkZWxldGUiOjE4MDAwMDAwMDAwMDAsInJlYWQiOjMwMDAwMDAwMDAwMCwidXBkYXRlIjoxODAwMDAwMDAwMDAwfX0=",
          "dependencies": [
            "azurerm_resource_group.etas_poc_rg",
            "azurerm_virtual_network.etas_vnet",
            "random_string.postfix"
          ]
        }
      ]
    },
    {
      "mode": "managed",
      "type": "azurerm_subnet_network_security_group_association",
      "name": "privateasoc",
      "provider": "provider[\"registry.terraform.io/hashicorp/azurerm\"]",
      "instances": [
        {
          "schema_version": 0,
          "attributes": {
            "id": "/subscriptions/1bade78d-e58a-48ff-b015-81fc75d62dc0/resourceGroups/etas_bosch_poc_rg/providers/Microsoft.Network/virtualNetworks/etas-vnet-qhjyxp/subnets/etas-adbprv-qhjyxp",
            "network_security_group_id": "/subscriptions/1bade78d-e58a-48ff-b015-81fc75d62dc0/resourceGroups/etas_bosch_poc_rg/providers/Microsoft.Network/networkSecurityGroups/etas-nsgprv-qhjyxp",
            "subnet_id": "/subscriptions/1bade78d-e58a-48ff-b015-81fc75d62dc0/resourceGroups/etas_bosch_poc_rg/providers/Microsoft.Network/virtualNetworks/etas-vnet-qhjyxp/subnets/etas-adbprv-qhjyxp",
            "timeouts": null
          },
          "sensitive_attributes": [],
          "private": "eyJlMmJmYjczMC1lY2FhLTExZTYtOGY4OC0zNDM2M2JjN2M0YzAiOnsiY3JlYXRlIjoxODAwMDAwMDAwMDAwLCJkZWxldGUiOjE4MDAwMDAwMDAwMDAsInJlYWQiOjMwMDAwMDAwMDAwMCwidXBkYXRlIjoxODAwMDAwMDAwMDAwfX0=",
          "dependencies": [
            "azurerm_network_security_group.privatensg",
            "azurerm_resource_group.etas_poc_rg",
            "azurerm_subnet.adbprv_subnet",
            "azurerm_virtual_network.etas_vnet",
            "random_string.postfix"
          ]
        }
      ]
    },
    {
      "mode": "managed",
      "type": "azurerm_subnet_network_security_group_association",
      "name": "publicasoc",
      "provider": "provider[\"registry.terraform.io/hashicorp/azurerm\"]",
      "instances": [
        {
          "schema_version": 0,
          "attributes": {
            "id": "/subscriptions/1bade78d-e58a-48ff-b015-81fc75d62dc0/resourceGroups/etas_bosch_poc_rg/providers/Microsoft.Network/virtualNetworks/etas-vnet-qhjyxp/subnets/etas-adbpub-qhjyxp",
            "network_security_group_id": "/subscriptions/1bade78d-e58a-48ff-b015-81fc75d62dc0/resourceGroups/etas_bosch_poc_rg/providers/Microsoft.Network/networkSecurityGroups/etas-nsgpub-qhjyxp",
            "subnet_id": "/subscriptions/1bade78d-e58a-48ff-b015-81fc75d62dc0/resourceGroups/etas_bosch_poc_rg/providers/Microsoft.Network/virtualNetworks/etas-vnet-qhjyxp/subnets/etas-adbpub-qhjyxp",
            "timeouts": null
          },
          "sensitive_attributes": [],
          "private": "eyJlMmJmYjczMC1lY2FhLTExZTYtOGY4OC0zNDM2M2JjN2M0YzAiOnsiY3JlYXRlIjoxODAwMDAwMDAwMDAwLCJkZWxldGUiOjE4MDAwMDAwMDAwMDAsInJlYWQiOjMwMDAwMDAwMDAwMCwidXBkYXRlIjoxODAwMDAwMDAwMDAwfX0=",
          "dependencies": [
            "azurerm_network_security_group.publicnsg",
            "azurerm_resource_group.etas_poc_rg",
            "azurerm_subnet.adbpub_subnet",
            "azurerm_virtual_network.etas_vnet",
            "random_string.postfix"
          ]
        }
      ]
    },
    {
      "mode": "managed",
      "type": "azurerm_virtual_network",
      "name": "etas_vnet",
      "provider": "provider[\"registry.terraform.io/hashicorp/azurerm\"]",
      "instances": [
        {
          "schema_version": 0,
          "attributes": {
            "address_space": [
              "100.68.194.0/24"
            ],
            "bgp_community": "",
            "ddos_protection_plan": [],
            "dns_servers": [],
            "edge_zone": "",
            "flow_timeout_in_minutes": 0,
            "guid": "c845974a-37e2-4870-96bf-40f76e535d7b",
            "id": "/subscriptions/1bade78d-e58a-48ff-b015-81fc75d62dc0/resourceGroups/etas_bosch_poc_rg/providers/Microsoft.Network/virtualNetworks/etas-vnet-qhjyxp",
            "location": "westeurope",
            "name": "etas-vnet-qhjyxp",
            "resource_group_name": "etas_bosch_poc_rg",
            "subnet": [],
            "tags": null,
            "timeouts": null
          },
          "sensitive_attributes": [],
          "private": "eyJlMmJmYjczMC1lY2FhLTExZTYtOGY4OC0zNDM2M2JjN2M0YzAiOnsiY3JlYXRlIjoxODAwMDAwMDAwMDAwLCJkZWxldGUiOjE4MDAwMDAwMDAwMDAsInJlYWQiOjMwMDAwMDAwMDAwMCwidXBkYXRlIjoxODAwMDAwMDAwMDAwfX0=",
          "dependencies": [
            "azurerm_resource_group.etas_poc_rg",
            "random_string.postfix"
          ]
        }
      ]
    },
    {
      "mode": "managed",
      "type": "databricks_cluster",
      "name": "shared_autoscaling",
      "provider": "provider[\"registry.terraform.io/databricks/databricks\"]",
      "instances": [
        {
          "schema_version": 2,
          "attributes": {
            "apply_policy_default_values": null,
            "autoscale": [
              {
                "max_workers": 3,
                "min_workers": 2
              }
            ],
            "autotermination_minutes": 20,
            "aws_attributes": [],
            "azure_attributes": [
              {
                "availability": "ON_DEMAND_AZURE",
                "first_on_demand": 1,
                "spot_bid_max_price": -1
              }
            ],
            "cluster_id": "1129-120501-lubypjrh",
            "cluster_log_conf": [],
            "cluster_name": "etas-adbcluster-qhjyxp",
            "custom_tags": null,
            "data_security_mode": null,
            "default_tags": {
              "ClusterId": "1129-120501-lubypjrh",
              "ClusterName": "etas-adbcluster-qhjyxp",
              "Creator": "12be8f08-21a1-4957-a7e0-af30e6ba044a",
              "Vendor": "Databricks"
            },
            "docker_image": [],
            "driver_instance_pool_id": null,
            "driver_node_type_id": "Standard_DS3_v2",
            "enable_elastic_disk": true,
            "enable_local_disk_encryption": false,
            "gcp_attributes": [],
            "id": "1129-120501-lubypjrh",
            "idempotency_token": null,
            "init_scripts": [],
            "instance_pool_id": null,
            "is_pinned": false,
            "library": [],
            "node_type_id": "Standard_DS3_v2",
            "num_workers": 0,
            "policy_id": null,
            "runtime_engine": null,
            "single_user_name": null,
            "spark_conf": {
              "spark.databricks.delta.preview.enabled": "true"
            },
            "spark_env_vars": null,
            "spark_version": "11.3.x-scala2.12",
            "ssh_public_keys": null,
            "state": "RUNNING",
            "timeouts": null,
            "url": "https://adb-1310274426037300.0.azuredatabricks.net/#setting/clusters/1129-120501-lubypjrh/configuration",
            "workload_type": []
          },
          "sensitive_attributes": [],
          "private": "eyJlMmJmYjczMC1lY2FhLTExZTYtOGY4OC0zNDM2M2JjN2M0YzAiOnsiY3JlYXRlIjoxODAwMDAwMDAwMDAwLCJkZWxldGUiOjE4MDAwMDAwMDAwMDAsInVwZGF0ZSI6MTgwMDAwMDAwMDAwMH0sInNjaGVtYV92ZXJzaW9uIjoiMiJ9",
          "dependencies": [
            "azurerm_databricks_workspace.adb_workspace",
            "azurerm_network_security_group.privatensg",
            "azurerm_network_security_group.publicnsg",
            "azurerm_resource_group.etas_poc_rg",
            "azurerm_subnet.adbprv_subnet",
            "azurerm_subnet.adbpub_subnet",
            "azurerm_subnet_network_security_group_association.privateasoc",
            "azurerm_subnet_network_security_group_association.publicasoc",
            "azurerm_virtual_network.etas_vnet",
            "data.databricks_spark_version.latest_lts",
            "random_string.postfix"
          ]
        }
      ]
    },
    {
      "mode": "managed",
      "type": "databricks_token",
      "name": "pat",
      "provider": "provider[\"registry.terraform.io/databricks/databricks\"]",
      "instances": [
        {
          "schema_version": 0,
          "attributes": {
            "comment": "Terraform Provisioning",
            "creation_time": 1669723515941,
            "expiry_time": -1,
            "id": "73bf286d6abeca3485ef1eb4bbb74739f937461a70aa3713d311264db2a6d038",
            "lifetime_seconds": null,
            "token_id": "73bf286d6abeca3485ef1eb4bbb74739f937461a70aa3713d311264db2a6d038",
            "token_value": "dapi8fb26e021294174e685a115f7bcdc0e9-2"
          },
          "sensitive_attributes": [],
          "private": "bnVsbA==",
          "dependencies": [
            "azurerm_databricks_workspace.adb_workspace",
            "azurerm_network_security_group.privatensg",
            "azurerm_network_security_group.publicnsg",
            "azurerm_resource_group.etas_poc_rg",
            "azurerm_subnet.adbprv_subnet",
            "azurerm_subnet.adbpub_subnet",
            "azurerm_subnet_network_security_group_association.privateasoc",
            "azurerm_subnet_network_security_group_association.publicasoc",
            "azurerm_virtual_network.etas_vnet",
            "random_string.postfix"
          ]
        }
      ]
    },
    {
      "mode": "managed",
      "type": "random_string",
      "name": "postfix",
      "provider": "provider[\"registry.terraform.io/hashicorp/random\"]",
      "instances": [
        {
          "schema_version": 1,
          "attributes": {
            "id": "qhjyxp",
            "keepers": null,
            "length": 6,
            "lower": true,
            "min_lower": 0,
            "min_numeric": 0,
            "min_special": 0,
            "min_upper": 0,
            "number": true,
            "override_special": null,
            "result": "qhjyxp",
            "special": false,
            "upper": false
          },
          "sensitive_attributes": [],
          "private": "eyJzY2hlbWFfdmVyc2lvbiI6IjEifQ=="
        }
      ]
    },
    {
      "mode": "managed",
      "type": "random_string",
      "name": "sql_password",
      "provider": "provider[\"registry.terraform.io/hashicorp/random\"]",
      "instances": [
        {
          "schema_version": 1,
          "attributes": {
            "id": "OTZ\u003cg#R\u003en1NwhQJ1",
            "keepers": null,
            "length": 16,
            "lower": true,
            "min_lower": 0,
            "min_numeric": 0,
            "min_special": 0,
            "min_upper": 0,
            "number": true,
            "override_special": null,
            "result": "OTZ\u003cg#R\u003en1NwhQJ1",
            "special": true,
            "upper": true
          },
          "sensitive_attributes": [],
          "private": "eyJzY2hlbWFfdmVyc2lvbiI6IjEifQ=="
        }
      ]
    }
  ]
}
