{
  "version": 4,
  "terraform_version": "1.2.2",
  "serial": 127,
  "lineage": "c72b19a0-cf19-32bc-4089-ebf0bda3c5c0",
  "outputs": {},
  "resources": [
    {
      "mode": "data",
      "type": "azurerm_client_config",
      "name": "current",
      "provider": "provider[\"registry.terraform.io/hashicorp/azurerm\"]",
      "instances": [
        {
          "schema_version": 0,
          "attributes": {
            "client_id": "12be8f08-21a1-4957-a7e0-af30e6ba044a",
            "id": "2022-11-08 13:34:50.2297758 +0000 UTC",
            "object_id": "06f8a4ee-b510-418e-8599-ee65039f3033",
            "subscription_id": "1bade78d-e58a-48ff-b015-81fc75d62dc0",
            "tenant_id": "d3675d0f-75c9-4863-860e-5ae18b362297",
            "timeouts": null
          },
          "sensitive_attributes": []
        }
      ]
    },
    {
      "mode": "data",
      "type": "azurerm_subscription",
      "name": "subscription",
      "provider": "provider[\"registry.terraform.io/hashicorp/azurerm\"]",
      "instances": [
        {
          "schema_version": 0,
          "attributes": {
            "display_name": "bu.feick-selfmanaged",
            "id": "/subscriptions/1bade78d-e58a-48ff-b015-81fc75d62dc0",
            "location_placement_id": "Public_2014-09-01",
            "quota_id": "PayAsYouGo_2014-09-01",
            "spending_limit": "Off",
            "state": "Enabled",
            "subscription_id": "1bade78d-e58a-48ff-b015-81fc75d62dc0",
            "tags": {},
            "tenant_id": "d3675d0f-75c9-4863-860e-5ae18b362297",
            "timeouts": null
          },
          "sensitive_attributes": []
        }
      ]
    },
    {
      "mode": "data",
      "type": "databricks_node_type",
      "name": "smallest",
      "provider": "provider[\"registry.terraform.io/databricks/databricks\"]",
      "instances": [
        {
          "schema_version": 0,
          "attributes": {
            "category": null,
            "gb_per_core": null,
            "graviton": null,
            "id": "Standard_L8as_v3",
            "is_io_cache_enabled": null,
            "local_disk": true,
            "min_cores": null,
            "min_gpus": null,
            "min_memory_gb": null,
            "photon_driver_capable": null,
            "photon_worker_capable": null,
            "support_port_forwarding": null,
            "vcpu": null
          },
          "sensitive_attributes": []
        }
      ]
    },
    {
      "mode": "data",
      "type": "databricks_spark_version",
      "name": "latest_lts",
      "provider": "provider[\"registry.terraform.io/databricks/databricks\"]",
      "instances": [
        {
          "schema_version": 0,
          "attributes": {
            "beta": null,
            "genomics": null,
            "gpu": null,
            "graviton": null,
            "id": "11.3.x-scala2.12",
            "latest": true,
            "long_term_support": true,
            "ml": null,
            "photon": null,
            "scala": "2.12",
            "spark_version": null
          },
          "sensitive_attributes": []
        }
      ]
    },
    {
      "mode": "managed",
      "type": "azurerm_data_factory",
      "name": "adf_ws",
      "provider": "provider[\"registry.terraform.io/hashicorp/azurerm\"]",
      "instances": [
        {
          "schema_version": 2,
          "attributes": {
            "customer_managed_key_id": "",
            "customer_managed_key_identity_id": "",
            "github_configuration": [],
            "global_parameter": [],
            "id": "/subscriptions/1bade78d-e58a-48ff-b015-81fc75d62dc0/resourceGroups/etas_bosch_poc_rg/providers/Microsoft.DataFactory/factories/etas-adf-w9jjpv",
            "identity": [
              {
                "identity_ids": [],
                "principal_id": "235e6571-a977-4cee-82fc-d898648f74d8",
                "tenant_id": "d3675d0f-75c9-4863-860e-5ae18b362297",
                "type": "SystemAssigned"
              }
            ],
            "location": "westeurope",
            "managed_virtual_network_enabled": true,
            "name": "etas-adf-w9jjpv",
            "public_network_enabled": true,
            "resource_group_name": "etas_bosch_poc_rg",
            "tags": {},
            "timeouts": null,
            "vsts_configuration": []
          },
          "sensitive_attributes": [],
          "private": "eyJlMmJmYjczMC1lY2FhLTExZTYtOGY4OC0zNDM2M2JjN2M0YzAiOnsiY3JlYXRlIjoxODAwMDAwMDAwMDAwLCJkZWxldGUiOjE4MDAwMDAwMDAwMDAsInJlYWQiOjMwMDAwMDAwMDAwMCwidXBkYXRlIjoxODAwMDAwMDAwMDAwfSwic2NoZW1hX3ZlcnNpb24iOiIyIn0=",
          "dependencies": [
            "azurerm_resource_group.etas_poc_rg",
            "random_string.postfix"
          ]
        }
      ]
    },
    {
      "mode": "managed",
      "type": "azurerm_data_factory_integration_runtime_azure",
      "name": "adf-ir-azure",
      "provider": "provider[\"registry.terraform.io/hashicorp/azurerm\"]",
      "instances": [
        {
          "schema_version": 0,
          "attributes": {
            "cleanup_enabled": true,
            "compute_type": "General",
            "core_count": 8,
            "data_factory_id": "/subscriptions/1bade78d-e58a-48ff-b015-81fc75d62dc0/resourceGroups/etas_bosch_poc_rg/providers/Microsoft.DataFactory/factories/etas-adf-w9jjpv",
            "description": "",
            "id": "/subscriptions/1bade78d-e58a-48ff-b015-81fc75d62dc0/resourceGroups/etas_bosch_poc_rg/providers/Microsoft.DataFactory/factories/etas-adf-w9jjpv/integrationruntimes/ADF-IR-Azure",
            "location": "westeurope",
            "name": "ADF-IR-Azure",
            "time_to_live_min": 20,
            "timeouts": null,
            "virtual_network_enabled": true
          },
          "sensitive_attributes": [],
          "private": "eyJlMmJmYjczMC1lY2FhLTExZTYtOGY4OC0zNDM2M2JjN2M0YzAiOnsiY3JlYXRlIjoxODAwMDAwMDAwMDAwLCJkZWxldGUiOjE4MDAwMDAwMDAwMDAsInJlYWQiOjMwMDAwMDAwMDAwMCwidXBkYXRlIjoxODAwMDAwMDAwMDAwfX0=",
          "dependencies": [
            "azurerm_data_factory.adf_ws",
            "azurerm_resource_group.etas_poc_rg",
            "random_string.postfix"
          ]
        }
      ]
    },
    {
      "mode": "managed",
      "type": "azurerm_data_factory_linked_service_azure_blob_storage",
      "name": "adf-ls_datalake",
      "provider": "provider[\"registry.terraform.io/hashicorp/azurerm\"]",
      "instances": [
        {
          "schema_version": 0,
          "attributes": {
            "additional_properties": {},
            "annotations": [],
            "connection_string": null,
            "data_factory_id": "/subscriptions/1bade78d-e58a-48ff-b015-81fc75d62dc0/resourceGroups/etas_bosch_poc_rg/providers/Microsoft.DataFactory/factories/etas-adf-w9jjpv",
            "description": "",
            "id": "/subscriptions/1bade78d-e58a-48ff-b015-81fc75d62dc0/resourceGroups/etas_bosch_poc_rg/providers/Microsoft.DataFactory/factories/etas-adf-w9jjpv/linkedservices/LS-Datalake-Storage",
            "integration_runtime_name": "ADF-IR-Azure",
            "key_vault_sas_token": [],
            "name": "LS-Datalake-Storage",
            "parameters": {},
            "sas_uri": null,
            "service_endpoint": "https://etassaw9jjpv.blob.core.windows.net/",
            "service_principal_id": null,
            "service_principal_key": null,
            "service_principal_linked_key_vault_key": [],
            "storage_kind": "StorageV2",
            "tenant_id": null,
            "timeouts": null,
            "use_managed_identity": true
          },
          "sensitive_attributes": [],
          "private": "eyJlMmJmYjczMC1lY2FhLTExZTYtOGY4OC0zNDM2M2JjN2M0YzAiOnsiY3JlYXRlIjoxODAwMDAwMDAwMDAwLCJkZWxldGUiOjE4MDAwMDAwMDAwMDAsInJlYWQiOjMwMDAwMDAwMDAwMCwidXBkYXRlIjoxODAwMDAwMDAwMDAwfX0=",
          "dependencies": [
            "azurerm_data_factory.adf_ws",
            "azurerm_data_factory_integration_runtime_azure.adf-ir-azure",
            "azurerm_resource_group.etas_poc_rg",
            "azurerm_storage_account.etas_sa",
            "random_string.postfix"
          ]
        }
      ]
    },
    {
      "mode": "managed",
      "type": "azurerm_data_factory_linked_service_azure_databricks",
      "name": "adb-link",
      "provider": "provider[\"registry.terraform.io/hashicorp/azurerm\"]",
      "instances": [
        {
          "schema_version": 0,
          "attributes": {
            "access_token": "dapibdb985beb8ea595ab5c8122988273659-2",
            "adb_domain": "https://adb-4561366719106823.3.azuredatabricks.net",
            "additional_properties": null,
            "annotations": null,
            "data_factory_id": "/subscriptions/1bade78d-e58a-48ff-b015-81fc75d62dc0/resourceGroups/etas_bosch_poc_rg/providers/Microsoft.DataFactory/factories/etas-adf-w9jjpv",
            "description": "ADB Linked Service",
            "existing_cluster_id": "1108-133551-aft7wpg9",
            "id": "/subscriptions/1bade78d-e58a-48ff-b015-81fc75d62dc0/resourceGroups/etas_bosch_poc_rg/providers/Microsoft.DataFactory/factories/etas-adf-w9jjpv/linkedservices/LS-ADB-ViaMSI",
            "instance_pool": [],
            "integration_runtime_name": null,
            "key_vault_password": [],
            "msi_work_space_resource_id": null,
            "name": "LS-ADB-ViaMSI",
            "new_cluster_config": [],
            "parameters": null,
            "timeouts": null
          },
          "sensitive_attributes": [
            [
              {
                "type": "get_attr",
                "value": "access_token"
              }
            ]
          ],
          "private": "eyJlMmJmYjczMC1lY2FhLTExZTYtOGY4OC0zNDM2M2JjN2M0YzAiOnsiY3JlYXRlIjoxODAwMDAwMDAwMDAwLCJkZWxldGUiOjE4MDAwMDAwMDAwMDAsInJlYWQiOjMwMDAwMDAwMDAwMCwidXBkYXRlIjoxODAwMDAwMDAwMDAwfX0=",
          "dependencies": [
            "azurerm_data_factory.adf_ws",
            "azurerm_databricks_workspace.adb_workspace",
            "data.databricks_spark_version.latest_lts",
            "databricks_cluster.shared_autoscaling",
            "databricks_token.pat",
            "random_string.postfix"
          ]
        }
      ]
    },
    {
      "mode": "managed",
      "type": "azurerm_databricks_workspace",
      "name": "adb_workspace",
      "provider": "provider[\"registry.terraform.io/hashicorp/azurerm\"]",
      "instances": [
        {
          "schema_version": 0,
          "attributes": {
            "custom_parameters": [
              {
                "machine_learning_workspace_id": "",
                "nat_gateway_name": "nat-gateway",
                "no_public_ip": false,
                "private_subnet_name": "etas-adbprv-w9jjpv",
                "private_subnet_network_security_group_association_id": "/subscriptions/1bade78d-e58a-48ff-b015-81fc75d62dc0/resourceGroups/etas_bosch_poc_rg/providers/Microsoft.Network/virtualNetworks/etas-vnet-w9jjpv/subnets/etas-adbprv-w9jjpv",
                "public_ip_name": "nat-gw-public-ip",
                "public_subnet_name": "etas-adbpub-w9jjpv",
                "public_subnet_network_security_group_association_id": "/subscriptions/1bade78d-e58a-48ff-b015-81fc75d62dc0/resourceGroups/etas_bosch_poc_rg/providers/Microsoft.Network/virtualNetworks/etas-vnet-w9jjpv/subnets/etas-adbpub-w9jjpv",
                "storage_account_name": "dbstorageumbyiaqduanlw",
                "storage_account_sku_name": "Standard_GRS",
                "virtual_network_id": "/subscriptions/1bade78d-e58a-48ff-b015-81fc75d62dc0/resourceGroups/etas_bosch_poc_rg/providers/Microsoft.Network/virtualNetworks/etas-vnet-w9jjpv",
                "vnet_address_prefix": "10.139"
              }
            ],
            "customer_managed_key_enabled": false,
            "id": "/subscriptions/1bade78d-e58a-48ff-b015-81fc75d62dc0/resourceGroups/etas_bosch_poc_rg/providers/Microsoft.Databricks/workspaces/etas-adb-w9jjpv",
            "infrastructure_encryption_enabled": false,
            "load_balancer_backend_address_pool_id": "",
            "location": "westeurope",
            "managed_resource_group_id": "/subscriptions/1bade78d-e58a-48ff-b015-81fc75d62dc0/resourceGroups/databricks-rg-etas_bosch_poc_rg",
            "managed_resource_group_name": "databricks-rg-etas_bosch_poc_rg",
            "managed_services_cmk_key_vault_key_id": null,
            "name": "etas-adb-w9jjpv",
            "network_security_group_rules_required": null,
            "public_network_access_enabled": true,
            "resource_group_name": "etas_bosch_poc_rg",
            "sku": "premium",
            "storage_account_identity": [],
            "tags": {},
            "timeouts": null,
            "workspace_id": "4561366719106823",
            "workspace_url": "adb-4561366719106823.3.azuredatabricks.net"
          },
          "sensitive_attributes": [],
          "private": "eyJlMmJmYjczMC1lY2FhLTExZTYtOGY4OC0zNDM2M2JjN2M0YzAiOnsiY3JlYXRlIjoxODAwMDAwMDAwMDAwLCJkZWxldGUiOjE4MDAwMDAwMDAwMDAsInJlYWQiOjMwMDAwMDAwMDAwMCwidXBkYXRlIjoxODAwMDAwMDAwMDAwfX0=",
          "dependencies": [
            "azurerm_network_security_group.privatensg",
            "azurerm_network_security_group.publicnsg",
            "azurerm_resource_group.etas_poc_rg",
            "azurerm_subnet.adbprv_subnet",
            "azurerm_subnet.adbpub_subnet",
            "azurerm_subnet_network_security_group_association.privateasoc",
            "azurerm_subnet_network_security_group_association.publicasoc",
            "azurerm_virtual_network.etas_vnet",
            "random_string.postfix"
          ]
        }
      ]
    },
    {
      "mode": "managed",
      "type": "azurerm_network_security_group",
      "name": "privatensg",
      "provider": "provider[\"registry.terraform.io/hashicorp/azurerm\"]",
      "instances": [
        {
          "schema_version": 0,
          "attributes": {
            "id": "/subscriptions/1bade78d-e58a-48ff-b015-81fc75d62dc0/resourceGroups/etas_bosch_poc_rg/providers/Microsoft.Network/networkSecurityGroups/etas-nsgprv-w9jjpv",
            "location": "westeurope",
            "name": "etas-nsgprv-w9jjpv",
            "resource_group_name": "etas_bosch_poc_rg",
            "security_rule": [
              {
                "access": "Allow",
                "description": "Required for Databricks control plane communication with worker nodes.",
                "destination_address_prefix": "VirtualNetwork",
                "destination_address_prefixes": [],
                "destination_application_security_group_ids": [],
                "destination_port_range": "5557",
                "destination_port_ranges": [],
                "direction": "Inbound",
                "name": "Microsoft.Databricks-workspaces_UseOnly_databricks-control-plane-to-worker-proxy",
                "priority": 102,
                "protocol": "tcp",
                "source_address_prefix": "AzureDatabricks",
                "source_address_prefixes": [],
                "source_application_security_group_ids": [],
                "source_port_range": "*",
                "source_port_ranges": []
              },
              {
                "access": "Allow",
                "description": "Required for Databricks control plane management of worker nodes.",
                "destination_address_prefix": "VirtualNetwork",
                "destination_address_prefixes": [],
                "destination_application_security_group_ids": [],
                "destination_port_range": "22",
                "destination_port_ranges": [],
                "direction": "Inbound",
                "name": "Microsoft.Databricks-workspaces_UseOnly_databricks-control-plane-to-worker-ssh",
                "priority": 101,
                "protocol": "tcp",
                "source_address_prefix": "AzureDatabricks",
                "source_address_prefixes": [],
                "source_application_security_group_ids": [],
                "source_port_range": "*",
                "source_port_ranges": []
              },
              {
                "access": "Allow",
                "description": "Required for worker communication with Azure Eventhub services.",
                "destination_address_prefix": "EventHub",
                "destination_address_prefixes": [],
                "destination_application_security_group_ids": [],
                "destination_port_range": "9093",
                "destination_port_ranges": [],
                "direction": "Outbound",
                "name": "Microsoft.Databricks-workspaces_UseOnly_databricks-worker-to-eventhub",
                "priority": 104,
                "protocol": "tcp",
                "source_address_prefix": "VirtualNetwork",
                "source_address_prefixes": [],
                "source_application_security_group_ids": [],
                "source_port_range": "*",
                "source_port_ranges": []
              },
              {
                "access": "Allow",
                "description": "Required for worker nodes communication within a cluster.",
                "destination_address_prefix": "VirtualNetwork",
                "destination_address_prefixes": [],
                "destination_application_security_group_ids": [],
                "destination_port_range": "*",
                "destination_port_ranges": [],
                "direction": "Inbound",
                "name": "Microsoft.Databricks-workspaces_UseOnly_databricks-worker-to-worker-inbound",
                "priority": 100,
                "protocol": "*",
                "source_address_prefix": "VirtualNetwork",
                "source_address_prefixes": [],
                "source_application_security_group_ids": [],
                "source_port_range": "*",
                "source_port_ranges": []
              },
              {
                "access": "Allow",
                "description": "Required for worker nodes communication within a cluster.",
                "destination_address_prefix": "VirtualNetwork",
                "destination_address_prefixes": [],
                "destination_application_security_group_ids": [],
                "destination_port_range": "*",
                "destination_port_ranges": [],
                "direction": "Outbound",
                "name": "Microsoft.Databricks-workspaces_UseOnly_databricks-worker-to-worker-outbound",
                "priority": 103,
                "protocol": "*",
                "source_address_prefix": "VirtualNetwork",
                "source_address_prefixes": [],
                "source_application_security_group_ids": [],
                "source_port_range": "*",
                "source_port_ranges": []
              },
              {
                "access": "Allow",
                "description": "Required for workers communication with Azure SQL services.",
                "destination_address_prefix": "Sql",
                "destination_address_prefixes": [],
                "destination_application_security_group_ids": [],
                "destination_port_range": "3306",
                "destination_port_ranges": [],
                "direction": "Outbound",
                "name": "Microsoft.Databricks-workspaces_UseOnly_databricks-worker-to-sql",
                "priority": 101,
                "protocol": "tcp",
                "source_address_prefix": "VirtualNetwork",
                "source_address_prefixes": [],
                "source_application_security_group_ids": [],
                "source_port_range": "*",
                "source_port_ranges": []
              },
              {
                "access": "Allow",
                "description": "Required for workers communication with Azure Storage services.",
                "destination_address_prefix": "Storage",
                "destination_address_prefixes": [],
                "destination_application_security_group_ids": [],
                "destination_port_range": "443",
                "destination_port_ranges": [],
                "direction": "Outbound",
                "name": "Microsoft.Databricks-workspaces_UseOnly_databricks-worker-to-storage",
                "priority": 102,
                "protocol": "tcp",
                "source_address_prefix": "VirtualNetwork",
                "source_address_prefixes": [],
                "source_application_security_group_ids": [],
                "source_port_range": "*",
                "source_port_ranges": []
              },
              {
                "access": "Allow",
                "description": "Required for workers communication with Databricks Webapp.",
                "destination_address_prefix": "AzureDatabricks",
                "destination_address_prefixes": [],
                "destination_application_security_group_ids": [],
                "destination_port_range": "443",
                "destination_port_ranges": [],
                "direction": "Outbound",
                "name": "Microsoft.Databricks-workspaces_UseOnly_databricks-worker-to-databricks-webapp",
                "priority": 100,
                "protocol": "tcp",
                "source_address_prefix": "VirtualNetwork",
                "source_address_prefixes": [],
                "source_application_security_group_ids": [],
                "source_port_range": "*",
                "source_port_ranges": []
              }
            ],
            "tags": {},
            "timeouts": null
          },
          "sensitive_attributes": [],
          "private": "eyJlMmJmYjczMC1lY2FhLTExZTYtOGY4OC0zNDM2M2JjN2M0YzAiOnsiY3JlYXRlIjoxODAwMDAwMDAwMDAwLCJkZWxldGUiOjE4MDAwMDAwMDAwMDAsInJlYWQiOjMwMDAwMDAwMDAwMCwidXBkYXRlIjoxODAwMDAwMDAwMDAwfX0=",
          "dependencies": [
            "azurerm_resource_group.etas_poc_rg",
            "random_string.postfix"
          ]
        }
      ]
    },
    {
      "mode": "managed",
      "type": "azurerm_network_security_group",
      "name": "publicnsg",
      "provider": "provider[\"registry.terraform.io/hashicorp/azurerm\"]",
      "instances": [
        {
          "schema_version": 0,
          "attributes": {
            "id": "/subscriptions/1bade78d-e58a-48ff-b015-81fc75d62dc0/resourceGroups/etas_bosch_poc_rg/providers/Microsoft.Network/networkSecurityGroups/etas-nsgpub-w9jjpv",
            "location": "westeurope",
            "name": "etas-nsgpub-w9jjpv",
            "resource_group_name": "etas_bosch_poc_rg",
            "security_rule": [
              {
                "access": "Allow",
                "description": "Required for Databricks control plane communication with worker nodes.",
                "destination_address_prefix": "VirtualNetwork",
                "destination_address_prefixes": [],
                "destination_application_security_group_ids": [],
                "destination_port_range": "5557",
                "destination_port_ranges": [],
                "direction": "Inbound",
                "name": "Microsoft.Databricks-workspaces_UseOnly_databricks-control-plane-to-worker-proxy",
                "priority": 102,
                "protocol": "tcp",
                "source_address_prefix": "AzureDatabricks",
                "source_address_prefixes": [],
                "source_application_security_group_ids": [],
                "source_port_range": "*",
                "source_port_ranges": []
              },
              {
                "access": "Allow",
                "description": "Required for Databricks control plane management of worker nodes.",
                "destination_address_prefix": "VirtualNetwork",
                "destination_address_prefixes": [],
                "destination_application_security_group_ids": [],
                "destination_port_range": "22",
                "destination_port_ranges": [],
                "direction": "Inbound",
                "name": "Microsoft.Databricks-workspaces_UseOnly_databricks-control-plane-to-worker-ssh",
                "priority": 101,
                "protocol": "tcp",
                "source_address_prefix": "AzureDatabricks",
                "source_address_prefixes": [],
                "source_application_security_group_ids": [],
                "source_port_range": "*",
                "source_port_ranges": []
              },
              {
                "access": "Allow",
                "description": "Required for worker communication with Azure Eventhub services.",
                "destination_address_prefix": "EventHub",
                "destination_address_prefixes": [],
                "destination_application_security_group_ids": [],
                "destination_port_range": "9093",
                "destination_port_ranges": [],
                "direction": "Outbound",
                "name": "Microsoft.Databricks-workspaces_UseOnly_databricks-worker-to-eventhub",
                "priority": 104,
                "protocol": "tcp",
                "source_address_prefix": "VirtualNetwork",
                "source_address_prefixes": [],
                "source_application_security_group_ids": [],
                "source_port_range": "*",
                "source_port_ranges": []
              },
              {
                "access": "Allow",
                "description": "Required for worker nodes communication within a cluster.",
                "destination_address_prefix": "VirtualNetwork",
                "destination_address_prefixes": [],
                "destination_application_security_group_ids": [],
                "destination_port_range": "*",
                "destination_port_ranges": [],
                "direction": "Inbound",
                "name": "Microsoft.Databricks-workspaces_UseOnly_databricks-worker-to-worker-inbound",
                "priority": 100,
                "protocol": "*",
                "source_address_prefix": "VirtualNetwork",
                "source_address_prefixes": [],
                "source_application_security_group_ids": [],
                "source_port_range": "*",
                "source_port_ranges": []
              },
              {
                "access": "Allow",
                "description": "Required for worker nodes communication within a cluster.",
                "destination_address_prefix": "VirtualNetwork",
                "destination_address_prefixes": [],
                "destination_application_security_group_ids": [],
                "destination_port_range": "*",
                "destination_port_ranges": [],
                "direction": "Outbound",
                "name": "Microsoft.Databricks-workspaces_UseOnly_databricks-worker-to-worker-outbound",
                "priority": 103,
                "protocol": "*",
                "source_address_prefix": "VirtualNetwork",
                "source_address_prefixes": [],
                "source_application_security_group_ids": [],
                "source_port_range": "*",
                "source_port_ranges": []
              },
              {
                "access": "Allow",
                "description": "Required for workers communication with Azure SQL services.",
                "destination_address_prefix": "Sql",
                "destination_address_prefixes": [],
                "destination_application_security_group_ids": [],
                "destination_port_range": "3306",
                "destination_port_ranges": [],
                "direction": "Outbound",
                "name": "Microsoft.Databricks-workspaces_UseOnly_databricks-worker-to-sql",
                "priority": 101,
                "protocol": "tcp",
                "source_address_prefix": "VirtualNetwork",
                "source_address_prefixes": [],
                "source_application_security_group_ids": [],
                "source_port_range": "*",
                "source_port_ranges": []
              },
              {
                "access": "Allow",
                "description": "Required for workers communication with Azure Storage services.",
                "destination_address_prefix": "Storage",
                "destination_address_prefixes": [],
                "destination_application_security_group_ids": [],
                "destination_port_range": "443",
                "destination_port_ranges": [],
                "direction": "Outbound",
                "name": "Microsoft.Databricks-workspaces_UseOnly_databricks-worker-to-storage",
                "priority": 102,
                "protocol": "tcp",
                "source_address_prefix": "VirtualNetwork",
                "source_address_prefixes": [],
                "source_application_security_group_ids": [],
                "source_port_range": "*",
                "source_port_ranges": []
              },
              {
                "access": "Allow",
                "description": "Required for workers communication with Databricks Webapp.",
                "destination_address_prefix": "AzureDatabricks",
                "destination_address_prefixes": [],
                "destination_application_security_group_ids": [],
                "destination_port_range": "443",
                "destination_port_ranges": [],
                "direction": "Outbound",
                "name": "Microsoft.Databricks-workspaces_UseOnly_databricks-worker-to-databricks-webapp",
                "priority": 100,
                "protocol": "tcp",
                "source_address_prefix": "VirtualNetwork",
                "source_address_prefixes": [],
                "source_application_security_group_ids": [],
                "source_port_range": "*",
                "source_port_ranges": []
              }
            ],
            "tags": {},
            "timeouts": null
          },
          "sensitive_attributes": [],
          "private": "eyJlMmJmYjczMC1lY2FhLTExZTYtOGY4OC0zNDM2M2JjN2M0YzAiOnsiY3JlYXRlIjoxODAwMDAwMDAwMDAwLCJkZWxldGUiOjE4MDAwMDAwMDAwMDAsInJlYWQiOjMwMDAwMDAwMDAwMCwidXBkYXRlIjoxODAwMDAwMDAwMDAwfX0=",
          "dependencies": [
            "azurerm_resource_group.etas_poc_rg",
            "random_string.postfix"
          ]
        }
      ]
    },
    {
      "mode": "managed",
      "type": "azurerm_private_dns_zone",
      "name": "sa_zone_blob",
      "provider": "provider[\"registry.terraform.io/hashicorp/azurerm\"]",
      "instances": [
        {
          "schema_version": 0,
          "attributes": {
            "id": "/subscriptions/1bade78d-e58a-48ff-b015-81fc75d62dc0/resourceGroups/etas_bosch_poc_rg/providers/Microsoft.Network/privateDnsZones/privatelink.blob.core.windows.net",
            "max_number_of_record_sets": 25000,
            "max_number_of_virtual_network_links": 1000,
            "max_number_of_virtual_network_links_with_registration": 100,
            "name": "privatelink.blob.core.windows.net",
            "number_of_record_sets": 2,
            "resource_group_name": "etas_bosch_poc_rg",
            "soa_record": [
              {
                "email": "azureprivatedns-host.microsoft.com",
                "expire_time": 2419200,
                "fqdn": "privatelink.blob.core.windows.net.",
                "host_name": "azureprivatedns.net",
                "minimum_ttl": 10,
                "refresh_time": 3600,
                "retry_time": 300,
                "serial_number": 1,
                "tags": {},
                "ttl": 3600
              }
            ],
            "tags": {},
            "timeouts": null
          },
          "sensitive_attributes": [],
          "private": "eyJlMmJmYjczMC1lY2FhLTExZTYtOGY4OC0zNDM2M2JjN2M0YzAiOnsiY3JlYXRlIjoxODAwMDAwMDAwMDAwLCJkZWxldGUiOjE4MDAwMDAwMDAwMDAsInJlYWQiOjMwMDAwMDAwMDAwMCwidXBkYXRlIjoxODAwMDAwMDAwMDAwfX0=",
          "dependencies": [
            "azurerm_resource_group.etas_poc_rg"
          ]
        }
      ]
    },
    {
      "mode": "managed",
      "type": "azurerm_private_dns_zone",
      "name": "sa_zone_data_lake",
      "provider": "provider[\"registry.terraform.io/hashicorp/azurerm\"]",
      "instances": [
        {
          "schema_version": 0,
          "attributes": {
            "id": "/subscriptions/1bade78d-e58a-48ff-b015-81fc75d62dc0/resourceGroups/etas_bosch_poc_rg/providers/Microsoft.Network/privateDnsZones/privatelink.dfs.core.windows.net",
            "max_number_of_record_sets": 25000,
            "max_number_of_virtual_network_links": 1000,
            "max_number_of_virtual_network_links_with_registration": 100,
            "name": "privatelink.dfs.core.windows.net",
            "number_of_record_sets": 2,
            "resource_group_name": "etas_bosch_poc_rg",
            "soa_record": [
              {
                "email": "azureprivatedns-host.microsoft.com",
                "expire_time": 2419200,
                "fqdn": "privatelink.dfs.core.windows.net.",
                "host_name": "azureprivatedns.net",
                "minimum_ttl": 10,
                "refresh_time": 3600,
                "retry_time": 300,
                "serial_number": 1,
                "tags": {},
                "ttl": 3600
              }
            ],
            "tags": {},
            "timeouts": null
          },
          "sensitive_attributes": [],
          "private": "eyJlMmJmYjczMC1lY2FhLTExZTYtOGY4OC0zNDM2M2JjN2M0YzAiOnsiY3JlYXRlIjoxODAwMDAwMDAwMDAwLCJkZWxldGUiOjE4MDAwMDAwMDAwMDAsInJlYWQiOjMwMDAwMDAwMDAwMCwidXBkYXRlIjoxODAwMDAwMDAwMDAwfX0=",
          "dependencies": [
            "azurerm_resource_group.etas_poc_rg"
          ]
        }
      ]
    },
    {
      "mode": "managed",
      "type": "azurerm_private_dns_zone",
      "name": "sa_zone_file",
      "provider": "provider[\"registry.terraform.io/hashicorp/azurerm\"]",
      "instances": [
        {
          "schema_version": 0,
          "attributes": {
            "id": "/subscriptions/1bade78d-e58a-48ff-b015-81fc75d62dc0/resourceGroups/etas_bosch_poc_rg/providers/Microsoft.Network/privateDnsZones/privatelink.file.core.windows.net",
            "max_number_of_record_sets": 25000,
            "max_number_of_virtual_network_links": 1000,
            "max_number_of_virtual_network_links_with_registration": 100,
            "name": "privatelink.file.core.windows.net",
            "number_of_record_sets": 2,
            "resource_group_name": "etas_bosch_poc_rg",
            "soa_record": [
              {
                "email": "azureprivatedns-host.microsoft.com",
                "expire_time": 2419200,
                "fqdn": "privatelink.file.core.windows.net.",
                "host_name": "azureprivatedns.net",
                "minimum_ttl": 10,
                "refresh_time": 3600,
                "retry_time": 300,
                "serial_number": 1,
                "tags": {},
                "ttl": 3600
              }
            ],
            "tags": {},
            "timeouts": null
          },
          "sensitive_attributes": [],
          "private": "eyJlMmJmYjczMC1lY2FhLTExZTYtOGY4OC0zNDM2M2JjN2M0YzAiOnsiY3JlYXRlIjoxODAwMDAwMDAwMDAwLCJkZWxldGUiOjE4MDAwMDAwMDAwMDAsInJlYWQiOjMwMDAwMDAwMDAwMCwidXBkYXRlIjoxODAwMDAwMDAwMDAwfX0=",
          "dependencies": [
            "azurerm_resource_group.etas_poc_rg"
          ]
        }
      ]
    },
    {
      "mode": "managed",
      "type": "azurerm_private_dns_zone_virtual_network_link",
      "name": "sa_zone_blob_link",
      "provider": "provider[\"registry.terraform.io/hashicorp/azurerm\"]",
      "instances": [
        {
          "schema_version": 0,
          "attributes": {
            "id": "/subscriptions/1bade78d-e58a-48ff-b015-81fc75d62dc0/resourceGroups/etas_bosch_poc_rg/providers/Microsoft.Network/privateDnsZones/privatelink.blob.core.windows.net/virtualNetworkLinks/w9jjpv_link_blob",
            "name": "w9jjpv_link_blob",
            "private_dns_zone_name": "privatelink.blob.core.windows.net",
            "registration_enabled": false,
            "resource_group_name": "etas_bosch_poc_rg",
            "tags": {},
            "timeouts": null,
            "virtual_network_id": "/subscriptions/1bade78d-e58a-48ff-b015-81fc75d62dc0/resourceGroups/etas_bosch_poc_rg/providers/Microsoft.Network/virtualNetworks/etas-vnet-w9jjpv"
          },
          "sensitive_attributes": [],
          "private": "eyJlMmJmYjczMC1lY2FhLTExZTYtOGY4OC0zNDM2M2JjN2M0YzAiOnsiY3JlYXRlIjoxODAwMDAwMDAwMDAwLCJkZWxldGUiOjE4MDAwMDAwMDAwMDAsInJlYWQiOjMwMDAwMDAwMDAwMCwidXBkYXRlIjoxODAwMDAwMDAwMDAwfX0=",
          "dependencies": [
            "azurerm_private_dns_zone.sa_zone_blob",
            "azurerm_resource_group.etas_poc_rg",
            "azurerm_virtual_network.etas_vnet",
            "random_string.postfix"
          ]
        }
      ]
    },
    {
      "mode": "managed",
      "type": "azurerm_private_dns_zone_virtual_network_link",
      "name": "sa_zone_dfs_link",
      "provider": "provider[\"registry.terraform.io/hashicorp/azurerm\"]",
      "instances": [
        {
          "schema_version": 0,
          "attributes": {
            "id": "/subscriptions/1bade78d-e58a-48ff-b015-81fc75d62dc0/resourceGroups/etas_bosch_poc_rg/providers/Microsoft.Network/privateDnsZones/privatelink.dfs.core.windows.net/virtualNetworkLinks/w9jjpv_link_dfs",
            "name": "w9jjpv_link_dfs",
            "private_dns_zone_name": "privatelink.dfs.core.windows.net",
            "registration_enabled": false,
            "resource_group_name": "etas_bosch_poc_rg",
            "tags": {},
            "timeouts": null,
            "virtual_network_id": "/subscriptions/1bade78d-e58a-48ff-b015-81fc75d62dc0/resourceGroups/etas_bosch_poc_rg/providers/Microsoft.Network/virtualNetworks/etas-vnet-w9jjpv"
          },
          "sensitive_attributes": [],
          "private": "eyJlMmJmYjczMC1lY2FhLTExZTYtOGY4OC0zNDM2M2JjN2M0YzAiOnsiY3JlYXRlIjoxODAwMDAwMDAwMDAwLCJkZWxldGUiOjE4MDAwMDAwMDAwMDAsInJlYWQiOjMwMDAwMDAwMDAwMCwidXBkYXRlIjoxODAwMDAwMDAwMDAwfX0=",
          "dependencies": [
            "azurerm_private_dns_zone.sa_zone_data_lake",
            "azurerm_resource_group.etas_poc_rg",
            "azurerm_virtual_network.etas_vnet",
            "random_string.postfix"
          ]
        }
      ]
    },
    {
      "mode": "managed",
      "type": "azurerm_private_dns_zone_virtual_network_link",
      "name": "sa_zone_file_link",
      "provider": "provider[\"registry.terraform.io/hashicorp/azurerm\"]",
      "instances": [
        {
          "schema_version": 0,
          "attributes": {
            "id": "/subscriptions/1bade78d-e58a-48ff-b015-81fc75d62dc0/resourceGroups/etas_bosch_poc_rg/providers/Microsoft.Network/privateDnsZones/privatelink.file.core.windows.net/virtualNetworkLinks/w9jjpv_link_file",
            "name": "w9jjpv_link_file",
            "private_dns_zone_name": "privatelink.file.core.windows.net",
            "registration_enabled": false,
            "resource_group_name": "etas_bosch_poc_rg",
            "tags": {},
            "timeouts": null,
            "virtual_network_id": "/subscriptions/1bade78d-e58a-48ff-b015-81fc75d62dc0/resourceGroups/etas_bosch_poc_rg/providers/Microsoft.Network/virtualNetworks/etas-vnet-w9jjpv"
          },
          "sensitive_attributes": [],
          "private": "eyJlMmJmYjczMC1lY2FhLTExZTYtOGY4OC0zNDM2M2JjN2M0YzAiOnsiY3JlYXRlIjoxODAwMDAwMDAwMDAwLCJkZWxldGUiOjE4MDAwMDAwMDAwMDAsInJlYWQiOjMwMDAwMDAwMDAwMCwidXBkYXRlIjoxODAwMDAwMDAwMDAwfX0=",
          "dependencies": [
            "azurerm_private_dns_zone.sa_zone_file",
            "azurerm_resource_group.etas_poc_rg",
            "azurerm_virtual_network.etas_vnet",
            "random_string.postfix"
          ]
        }
      ]
    },
    {
      "mode": "managed",
      "type": "azurerm_private_endpoint",
      "name": "sa_pe_blob",
      "provider": "provider[\"registry.terraform.io/hashicorp/azurerm\"]",
      "instances": [
        {
          "schema_version": 0,
          "attributes": {
            "custom_dns_configs": [],
            "id": "/subscriptions/1bade78d-e58a-48ff-b015-81fc75d62dc0/resourceGroups/etas_bosch_poc_rg/providers/Microsoft.Network/privateEndpoints/etas-sa-pe-blob-w9jjpv",
            "location": "westeurope",
            "name": "etas-sa-pe-blob-w9jjpv",
            "network_interface": [
              {
                "id": "/subscriptions/1bade78d-e58a-48ff-b015-81fc75d62dc0/resourceGroups/etas_bosch_poc_rg/providers/Microsoft.Network/networkInterfaces/etas-sa-pe-blob-w9jjpv.nic.7f7e9044-c2b7-4964-84bf-8bdb2d0d1ecc",
                "name": "etas-sa-pe-blob-w9jjpv.nic.7f7e9044-c2b7-4964-84bf-8bdb2d0d1ecc"
              }
            ],
            "private_dns_zone_configs": [
              {
                "id": "/subscriptions/1bade78d-e58a-48ff-b015-81fc75d62dc0/resourceGroups/etas_bosch_poc_rg/providers/Microsoft.Network/privateEndpoints/etas-sa-pe-blob-w9jjpv/privateDnsZoneGroups/private-dns-zone-group-blob/privateDnsZoneConfigs/privatelink.blob.core.windows.net",
                "name": "privatelink.blob.core.windows.net",
                "private_dns_zone_id": "/subscriptions/1bade78d-e58a-48ff-b015-81fc75d62dc0/resourceGroups/etas_bosch_poc_rg/providers/Microsoft.Network/privateDnsZones/privatelink.blob.core.windows.net",
                "record_sets": [
                  {
                    "fqdn": "etassaw9jjpv.privatelink.blob.core.windows.net",
                    "ip_addresses": [
                      "100.68.194.133"
                    ],
                    "name": "etassaw9jjpv",
                    "ttl": 10,
                    "type": "A"
                  }
                ]
              }
            ],
            "private_dns_zone_group": [
              {
                "id": "/subscriptions/1bade78d-e58a-48ff-b015-81fc75d62dc0/resourceGroups/etas_bosch_poc_rg/providers/Microsoft.Network/privateEndpoints/etas-sa-pe-blob-w9jjpv/privateDnsZoneGroups/private-dns-zone-group-blob",
                "name": "private-dns-zone-group-blob",
                "private_dns_zone_ids": [
                  "/subscriptions/1bade78d-e58a-48ff-b015-81fc75d62dc0/resourceGroups/etas_bosch_poc_rg/providers/Microsoft.Network/privateDnsZones/privatelink.blob.core.windows.net"
                ]
              }
            ],
            "private_service_connection": [
              {
                "is_manual_connection": false,
                "name": "etas-sa-psc-blob-w9jjpv",
                "private_connection_resource_alias": "",
                "private_connection_resource_id": "/subscriptions/1bade78d-e58a-48ff-b015-81fc75d62dc0/resourceGroups/etas_bosch_poc_rg/providers/Microsoft.Storage/storageAccounts/etassaw9jjpv",
                "private_ip_address": "100.68.194.133",
                "request_message": "",
                "subresource_names": [
                  "blob"
                ]
              }
            ],
            "resource_group_name": "etas_bosch_poc_rg",
            "subnet_id": "/subscriptions/1bade78d-e58a-48ff-b015-81fc75d62dc0/resourceGroups/etas_bosch_poc_rg/providers/Microsoft.Network/virtualNetworks/etas-vnet-w9jjpv/subnets/etas-backend-subnet-w9jjpv",
            "tags": {},
            "timeouts": null
          },
          "sensitive_attributes": [],
          "private": "eyJlMmJmYjczMC1lY2FhLTExZTYtOGY4OC0zNDM2M2JjN2M0YzAiOnsiY3JlYXRlIjozNjAwMDAwMDAwMDAwLCJkZWxldGUiOjM2MDAwMDAwMDAwMDAsInJlYWQiOjMwMDAwMDAwMDAwMCwidXBkYXRlIjozNjAwMDAwMDAwMDAwfX0=",
          "dependencies": [
            "azurerm_private_dns_zone.sa_zone_blob",
            "azurerm_resource_group.etas_poc_rg",
            "azurerm_storage_account.etas_sa",
            "azurerm_subnet.backend_subnet",
            "azurerm_virtual_network.etas_vnet",
            "random_string.postfix"
          ]
        }
      ]
    },
    {
      "mode": "managed",
      "type": "azurerm_private_endpoint",
      "name": "sa_pe_data_lake",
      "provider": "provider[\"registry.terraform.io/hashicorp/azurerm\"]",
      "instances": [
        {
          "schema_version": 0,
          "attributes": {
            "custom_dns_configs": [],
            "id": "/subscriptions/1bade78d-e58a-48ff-b015-81fc75d62dc0/resourceGroups/etas_bosch_poc_rg/providers/Microsoft.Network/privateEndpoints/etas-sa-pe-dfs-w9jjpv",
            "location": "westeurope",
            "name": "etas-sa-pe-dfs-w9jjpv",
            "network_interface": [
              {
                "id": "/subscriptions/1bade78d-e58a-48ff-b015-81fc75d62dc0/resourceGroups/etas_bosch_poc_rg/providers/Microsoft.Network/networkInterfaces/etas-sa-pe-dfs-w9jjpv.nic.8976b5d5-45a4-45f4-8869-912f5d96f358",
                "name": "etas-sa-pe-dfs-w9jjpv.nic.8976b5d5-45a4-45f4-8869-912f5d96f358"
              }
            ],
            "private_dns_zone_configs": [
              {
                "id": "/subscriptions/1bade78d-e58a-48ff-b015-81fc75d62dc0/resourceGroups/etas_bosch_poc_rg/providers/Microsoft.Network/privateEndpoints/etas-sa-pe-dfs-w9jjpv/privateDnsZoneGroups/private-dns-zone-group-dfs/privateDnsZoneConfigs/privatelink.dfs.core.windows.net",
                "name": "privatelink.dfs.core.windows.net",
                "private_dns_zone_id": "/subscriptions/1bade78d-e58a-48ff-b015-81fc75d62dc0/resourceGroups/etas_bosch_poc_rg/providers/Microsoft.Network/privateDnsZones/privatelink.dfs.core.windows.net",
                "record_sets": [
                  {
                    "fqdn": "etassaw9jjpv.privatelink.dfs.core.windows.net",
                    "ip_addresses": [
                      "100.68.194.132"
                    ],
                    "name": "etassaw9jjpv",
                    "ttl": 10,
                    "type": "A"
                  }
                ]
              }
            ],
            "private_dns_zone_group": [
              {
                "id": "/subscriptions/1bade78d-e58a-48ff-b015-81fc75d62dc0/resourceGroups/etas_bosch_poc_rg/providers/Microsoft.Network/privateEndpoints/etas-sa-pe-dfs-w9jjpv/privateDnsZoneGroups/private-dns-zone-group-dfs",
                "name": "private-dns-zone-group-dfs",
                "private_dns_zone_ids": [
                  "/subscriptions/1bade78d-e58a-48ff-b015-81fc75d62dc0/resourceGroups/etas_bosch_poc_rg/providers/Microsoft.Network/privateDnsZones/privatelink.dfs.core.windows.net"
                ]
              }
            ],
            "private_service_connection": [
              {
                "is_manual_connection": false,
                "name": "etas-sa-psc-dfs-w9jjpv",
                "private_connection_resource_alias": "",
                "private_connection_resource_id": "/subscriptions/1bade78d-e58a-48ff-b015-81fc75d62dc0/resourceGroups/etas_bosch_poc_rg/providers/Microsoft.Storage/storageAccounts/etassaw9jjpv",
                "private_ip_address": "100.68.194.132",
                "request_message": "",
                "subresource_names": [
                  "dfs"
                ]
              }
            ],
            "resource_group_name": "etas_bosch_poc_rg",
            "subnet_id": "/subscriptions/1bade78d-e58a-48ff-b015-81fc75d62dc0/resourceGroups/etas_bosch_poc_rg/providers/Microsoft.Network/virtualNetworks/etas-vnet-w9jjpv/subnets/etas-backend-subnet-w9jjpv",
            "tags": {},
            "timeouts": null
          },
          "sensitive_attributes": [],
          "private": "eyJlMmJmYjczMC1lY2FhLTExZTYtOGY4OC0zNDM2M2JjN2M0YzAiOnsiY3JlYXRlIjozNjAwMDAwMDAwMDAwLCJkZWxldGUiOjM2MDAwMDAwMDAwMDAsInJlYWQiOjMwMDAwMDAwMDAwMCwidXBkYXRlIjozNjAwMDAwMDAwMDAwfX0=",
          "dependencies": [
            "azurerm_private_dns_zone.sa_zone_data_lake",
            "azurerm_resource_group.etas_poc_rg",
            "azurerm_storage_account.etas_sa",
            "azurerm_subnet.backend_subnet",
            "azurerm_virtual_network.etas_vnet",
            "random_string.postfix"
          ]
        }
      ]
    },
    {
      "mode": "managed",
      "type": "azurerm_private_endpoint",
      "name": "sa_pe_file",
      "provider": "provider[\"registry.terraform.io/hashicorp/azurerm\"]",
      "instances": [
        {
          "schema_version": 0,
          "attributes": {
            "custom_dns_configs": [],
            "id": "/subscriptions/1bade78d-e58a-48ff-b015-81fc75d62dc0/resourceGroups/etas_bosch_poc_rg/providers/Microsoft.Network/privateEndpoints/etas-sa-pe-file-w9jjpv",
            "location": "westeurope",
            "name": "etas-sa-pe-file-w9jjpv",
            "network_interface": [
              {
                "id": "/subscriptions/1bade78d-e58a-48ff-b015-81fc75d62dc0/resourceGroups/etas_bosch_poc_rg/providers/Microsoft.Network/networkInterfaces/etas-sa-pe-file-w9jjpv.nic.90d6917d-4bcb-4d5a-b458-774c8b65e8c8",
                "name": "etas-sa-pe-file-w9jjpv.nic.90d6917d-4bcb-4d5a-b458-774c8b65e8c8"
              }
            ],
            "private_dns_zone_configs": [
              {
                "id": "/subscriptions/1bade78d-e58a-48ff-b015-81fc75d62dc0/resourceGroups/etas_bosch_poc_rg/providers/Microsoft.Network/privateEndpoints/etas-sa-pe-file-w9jjpv/privateDnsZoneGroups/private-dns-zone-group-file/privateDnsZoneConfigs/privatelink.file.core.windows.net",
                "name": "privatelink.file.core.windows.net",
                "private_dns_zone_id": "/subscriptions/1bade78d-e58a-48ff-b015-81fc75d62dc0/resourceGroups/etas_bosch_poc_rg/providers/Microsoft.Network/privateDnsZones/privatelink.file.core.windows.net",
                "record_sets": [
                  {
                    "fqdn": "etassaw9jjpv.privatelink.file.core.windows.net",
                    "ip_addresses": [
                      "100.68.194.134"
                    ],
                    "name": "etassaw9jjpv",
                    "ttl": 10,
                    "type": "A"
                  }
                ]
              }
            ],
            "private_dns_zone_group": [
              {
                "id": "/subscriptions/1bade78d-e58a-48ff-b015-81fc75d62dc0/resourceGroups/etas_bosch_poc_rg/providers/Microsoft.Network/privateEndpoints/etas-sa-pe-file-w9jjpv/privateDnsZoneGroups/private-dns-zone-group-file",
                "name": "private-dns-zone-group-file",
                "private_dns_zone_ids": [
                  "/subscriptions/1bade78d-e58a-48ff-b015-81fc75d62dc0/resourceGroups/etas_bosch_poc_rg/providers/Microsoft.Network/privateDnsZones/privatelink.file.core.windows.net"
                ]
              }
            ],
            "private_service_connection": [
              {
                "is_manual_connection": false,
                "name": "etas-sa-psc-file-w9jjpv",
                "private_connection_resource_alias": "",
                "private_connection_resource_id": "/subscriptions/1bade78d-e58a-48ff-b015-81fc75d62dc0/resourceGroups/etas_bosch_poc_rg/providers/Microsoft.Storage/storageAccounts/etassaw9jjpv",
                "private_ip_address": "100.68.194.134",
                "request_message": "",
                "subresource_names": [
                  "file"
                ]
              }
            ],
            "resource_group_name": "etas_bosch_poc_rg",
            "subnet_id": "/subscriptions/1bade78d-e58a-48ff-b015-81fc75d62dc0/resourceGroups/etas_bosch_poc_rg/providers/Microsoft.Network/virtualNetworks/etas-vnet-w9jjpv/subnets/etas-backend-subnet-w9jjpv",
            "tags": {},
            "timeouts": null
          },
          "sensitive_attributes": [],
          "private": "eyJlMmJmYjczMC1lY2FhLTExZTYtOGY4OC0zNDM2M2JjN2M0YzAiOnsiY3JlYXRlIjozNjAwMDAwMDAwMDAwLCJkZWxldGUiOjM2MDAwMDAwMDAwMDAsInJlYWQiOjMwMDAwMDAwMDAwMCwidXBkYXRlIjozNjAwMDAwMDAwMDAwfX0=",
          "dependencies": [
            "azurerm_private_dns_zone.sa_zone_file",
            "azurerm_resource_group.etas_poc_rg",
            "azurerm_storage_account.etas_sa",
            "azurerm_subnet.backend_subnet",
            "azurerm_virtual_network.etas_vnet",
            "random_string.postfix"
          ]
        }
      ]
    },
    {
      "mode": "managed",
      "type": "azurerm_resource_group",
      "name": "etas_poc_rg",
      "provider": "provider[\"registry.terraform.io/hashicorp/azurerm\"]",
      "instances": [
        {
          "schema_version": 0,
          "attributes": {
            "id": "/subscriptions/1bade78d-e58a-48ff-b015-81fc75d62dc0/resourceGroups/etas_bosch_poc_rg",
            "location": "westeurope",
            "name": "etas_bosch_poc_rg",
            "tags": {
              "ApplicationID": "ETAS POC",
              "ApplicationOwner": "ETAS",
              "CostCenter": "12345"
            },
            "timeouts": null
          },
          "sensitive_attributes": [],
          "private": "eyJlMmJmYjczMC1lY2FhLTExZTYtOGY4OC0zNDM2M2JjN2M0YzAiOnsiY3JlYXRlIjo1NDAwMDAwMDAwMDAwLCJkZWxldGUiOjU0MDAwMDAwMDAwMDAsInJlYWQiOjMwMDAwMDAwMDAwMCwidXBkYXRlIjo1NDAwMDAwMDAwMDAwfX0="
        }
      ]
    },
    {
      "mode": "managed",
      "type": "azurerm_role_assignment",
      "name": "adf2rsg",
      "provider": "provider[\"registry.terraform.io/hashicorp/azurerm\"]",
      "instances": [
        {
          "schema_version": 0,
          "attributes": {
            "condition": "",
            "condition_version": "",
            "delegated_managed_identity_resource_id": "",
            "description": "",
            "id": "/subscriptions/1bade78d-e58a-48ff-b015-81fc75d62dc0/resourceGroups/etas_bosch_poc_rg/providers/Microsoft.Authorization/roleAssignments/3edfbfa3-a443-7cee-6b1a-e4f916edadba",
            "name": "3edfbfa3-a443-7cee-6b1a-e4f916edadba",
            "principal_id": "235e6571-a977-4cee-82fc-d898648f74d8",
            "principal_type": "ServicePrincipal",
            "role_definition_id": "/subscriptions/1bade78d-e58a-48ff-b015-81fc75d62dc0/providers/Microsoft.Authorization/roleDefinitions/ba92f5b4-2d11-453d-a403-e96b0029c9fe",
            "role_definition_name": "Storage Blob Data Contributor",
            "scope": "/subscriptions/1bade78d-e58a-48ff-b015-81fc75d62dc0/resourceGroups/etas_bosch_poc_rg",
            "skip_service_principal_aad_check": null,
            "timeouts": null
          },
          "sensitive_attributes": [],
          "private": "eyJlMmJmYjczMC1lY2FhLTExZTYtOGY4OC0zNDM2M2JjN2M0YzAiOnsiY3JlYXRlIjoxODAwMDAwMDAwMDAwLCJkZWxldGUiOjE4MDAwMDAwMDAwMDAsInJlYWQiOjMwMDAwMDAwMDAwMCwidXBkYXRlIjoxODAwMDAwMDAwMDAwfX0=",
          "dependencies": [
            "azurerm_data_factory.adf_ws",
            "azurerm_resource_group.etas_poc_rg",
            "data.azurerm_subscription.subscription",
            "random_string.postfix"
          ]
        }
      ]
    },
    {
      "mode": "managed",
      "type": "azurerm_storage_account",
      "name": "etas_sa",
      "provider": "provider[\"registry.terraform.io/hashicorp/azurerm\"]",
      "instances": [
        {
          "schema_version": 3,
          "attributes": {
            "access_tier": "Hot",
            "account_kind": "StorageV2",
            "account_replication_type": "LRS",
            "account_tier": "Standard",
            "allow_nested_items_to_be_public": true,
            "azure_files_authentication": [],
            "blob_properties": [
              {
                "change_feed_enabled": false,
                "container_delete_retention_policy": [],
                "cors_rule": [],
                "default_service_version": "",
                "delete_retention_policy": [],
                "last_access_time_enabled": false,
                "versioning_enabled": false
              }
            ],
            "custom_domain": [],
            "customer_managed_key": [],
            "edge_zone": "",
            "enable_https_traffic_only": true,
            "id": "/subscriptions/1bade78d-e58a-48ff-b015-81fc75d62dc0/resourceGroups/etas_bosch_poc_rg/providers/Microsoft.Storage/storageAccounts/etassaw9jjpv",
            "identity": [],
            "infrastructure_encryption_enabled": false,
            "is_hns_enabled": true,
            "large_file_share_enabled": null,
            "location": "westeurope",
            "min_tls_version": "TLS1_2",
            "name": "etassaw9jjpv",
            "network_rules": [
              {
                "bypass": [
                  "AzureServices"
                ],
                "default_action": "Deny",
                "ip_rules": [
                  "85.216.51.235"
                ],
                "private_link_access": [],
                "virtual_network_subnet_ids": [
                  "/subscriptions/1bade78d-e58a-48ff-b015-81fc75d62dc0/resourceGroups/etas_bosch_poc_rg/providers/Microsoft.Network/virtualNetworks/etas-vnet-w9jjpv/subnets/etas-backend-subnet-w9jjpv",
                  "/subscriptions/1bade78d-e58a-48ff-b015-81fc75d62dc0/resourceGroups/etas_bosch_poc_rg/providers/Microsoft.Network/virtualNetworks/etas-vnet-w9jjpv/subnets/etas-frontend-subnet-w9jjpv"
                ]
              }
            ],
            "nfsv3_enabled": false,
            "primary_access_key": "iz2eiRxmbTywU19dU84g/TiuvwjSljvM6vlC7wdow7cbsSfdBLZJfsaALxXLMFy51YEfL0w01Rio+AStAK4z5A==",
            "primary_blob_connection_string": "DefaultEndpointsProtocol=https;BlobEndpoint=https://etassaw9jjpv.blob.core.windows.net/;AccountName=etassaw9jjpv;AccountKey=iz2eiRxmbTywU19dU84g/TiuvwjSljvM6vlC7wdow7cbsSfdBLZJfsaALxXLMFy51YEfL0w01Rio+AStAK4z5A==",
            "primary_blob_endpoint": "https://etassaw9jjpv.blob.core.windows.net/",
            "primary_blob_host": "etassaw9jjpv.blob.core.windows.net",
            "primary_connection_string": "DefaultEndpointsProtocol=https;AccountName=etassaw9jjpv;AccountKey=iz2eiRxmbTywU19dU84g/TiuvwjSljvM6vlC7wdow7cbsSfdBLZJfsaALxXLMFy51YEfL0w01Rio+AStAK4z5A==;EndpointSuffix=core.windows.net",
            "primary_dfs_endpoint": "https://etassaw9jjpv.dfs.core.windows.net/",
            "primary_dfs_host": "etassaw9jjpv.dfs.core.windows.net",
            "primary_file_endpoint": "https://etassaw9jjpv.file.core.windows.net/",
            "primary_file_host": "etassaw9jjpv.file.core.windows.net",
            "primary_location": "westeurope",
            "primary_queue_endpoint": "https://etassaw9jjpv.queue.core.windows.net/",
            "primary_queue_host": "etassaw9jjpv.queue.core.windows.net",
            "primary_table_endpoint": "https://etassaw9jjpv.table.core.windows.net/",
            "primary_table_host": "etassaw9jjpv.table.core.windows.net",
            "primary_web_endpoint": "https://etassaw9jjpv.z6.web.core.windows.net/",
            "primary_web_host": "etassaw9jjpv.z6.web.core.windows.net",
            "queue_encryption_key_type": "Service",
            "queue_properties": [
              {
                "cors_rule": [],
                "hour_metrics": [
                  {
                    "enabled": true,
                    "include_apis": true,
                    "retention_policy_days": 7,
                    "version": "1.0"
                  }
                ],
                "logging": [
                  {
                    "delete": false,
                    "read": false,
                    "retention_policy_days": 0,
                    "version": "1.0",
                    "write": false
                  }
                ],
                "minute_metrics": [
                  {
                    "enabled": false,
                    "include_apis": false,
                    "retention_policy_days": 0,
                    "version": "1.0"
                  }
                ]
              }
            ],
            "resource_group_name": "etas_bosch_poc_rg",
            "routing": [],
            "secondary_access_key": "ibd7pLGfBsxuoZHzYm8wa4i7OAyPvlcwOoG9abhBcurtLYb5iKsU26DH3RL4hZ+pwhdRmzTuW9ux+AStOK47qg==",
            "secondary_blob_connection_string": "",
            "secondary_blob_endpoint": null,
            "secondary_blob_host": null,
            "secondary_connection_string": "DefaultEndpointsProtocol=https;AccountName=etassaw9jjpv;AccountKey=ibd7pLGfBsxuoZHzYm8wa4i7OAyPvlcwOoG9abhBcurtLYb5iKsU26DH3RL4hZ+pwhdRmzTuW9ux+AStOK47qg==;EndpointSuffix=core.windows.net",
            "secondary_dfs_endpoint": null,
            "secondary_dfs_host": null,
            "secondary_file_endpoint": null,
            "secondary_file_host": null,
            "secondary_location": "",
            "secondary_queue_endpoint": null,
            "secondary_queue_host": null,
            "secondary_table_endpoint": null,
            "secondary_table_host": null,
            "secondary_web_endpoint": null,
            "secondary_web_host": null,
            "share_properties": [
              {
                "cors_rule": [],
                "retention_policy": [
                  {
                    "days": 7
                  }
                ],
                "smb": []
              }
            ],
            "shared_access_key_enabled": true,
            "static_website": [],
            "table_encryption_key_type": "Service",
            "tags": {},
            "timeouts": null
          },
          "sensitive_attributes": [],
          "private": "eyJlMmJmYjczMC1lY2FhLTExZTYtOGY4OC0zNDM2M2JjN2M0YzAiOnsiY3JlYXRlIjozNjAwMDAwMDAwMDAwLCJkZWxldGUiOjM2MDAwMDAwMDAwMDAsInJlYWQiOjMwMDAwMDAwMDAwMCwidXBkYXRlIjozNjAwMDAwMDAwMDAwfSwic2NoZW1hX3ZlcnNpb24iOiIzIn0=",
          "dependencies": [
            "azurerm_resource_group.etas_poc_rg",
            "random_string.postfix"
          ]
        }
      ]
    },
    {
      "mode": "managed",
      "type": "azurerm_storage_account_network_rules",
      "name": "firewall_rules",
      "provider": "provider[\"registry.terraform.io/hashicorp/azurerm\"]",
      "instances": [
        {
          "schema_version": 0,
          "attributes": {
            "bypass": [
              "AzureServices"
            ],
            "default_action": "Deny",
            "id": "/subscriptions/1bade78d-e58a-48ff-b015-81fc75d62dc0/resourceGroups/etas_bosch_poc_rg/providers/Microsoft.Storage/storageAccounts/etassaw9jjpv",
            "ip_rules": [
              "85.216.51.235"
            ],
            "private_link_access": [],
            "storage_account_id": "/subscriptions/1bade78d-e58a-48ff-b015-81fc75d62dc0/resourceGroups/etas_bosch_poc_rg/providers/Microsoft.Storage/storageAccounts/etassaw9jjpv",
            "timeouts": null,
            "virtual_network_subnet_ids": [
              "/subscriptions/1bade78d-e58a-48ff-b015-81fc75d62dc0/resourceGroups/etas_bosch_poc_rg/providers/Microsoft.Network/virtualNetworks/etas-vnet-w9jjpv/subnets/etas-backend-subnet-w9jjpv",
              "/subscriptions/1bade78d-e58a-48ff-b015-81fc75d62dc0/resourceGroups/etas_bosch_poc_rg/providers/Microsoft.Network/virtualNetworks/etas-vnet-w9jjpv/subnets/etas-frontend-subnet-w9jjpv"
            ]
          },
          "sensitive_attributes": [],
          "private": "eyJlMmJmYjczMC1lY2FhLTExZTYtOGY4OC0zNDM2M2JjN2M0YzAiOnsiY3JlYXRlIjozNjAwMDAwMDAwMDAwLCJkZWxldGUiOjM2MDAwMDAwMDAwMDAsInJlYWQiOjMwMDAwMDAwMDAwMCwidXBkYXRlIjozNjAwMDAwMDAwMDAwfX0=",
          "dependencies": [
            "azurerm_resource_group.etas_poc_rg",
            "azurerm_storage_account.etas_sa",
            "azurerm_subnet.backend_subnet",
            "azurerm_subnet.frontend_subnet",
            "azurerm_virtual_network.etas_vnet",
            "random_string.postfix"
          ]
        }
      ]
    },
    {
      "mode": "managed",
      "type": "azurerm_storage_data_lake_gen2_filesystem",
      "name": "adls_container",
      "provider": "provider[\"registry.terraform.io/hashicorp/azurerm\"]",
      "instances": [
        {
          "schema_version": 0,
          "attributes": {
            "ace": [
              {
                "id": "",
                "permissions": "---",
                "scope": "access",
                "type": "other"
              },
              {
                "id": "",
                "permissions": "r-x",
                "scope": "access",
                "type": "group"
              },
              {
                "id": "",
                "permissions": "rwx",
                "scope": "access",
                "type": "user"
              }
            ],
            "group": "06f8a4ee-b510-418e-8599-ee65039f3033",
            "id": "https://etassaw9jjpv.dfs.core.windows.net/etaspoccontainer",
            "name": "etaspoccontainer",
            "owner": "06f8a4ee-b510-418e-8599-ee65039f3033",
            "properties": {},
            "storage_account_id": "/subscriptions/1bade78d-e58a-48ff-b015-81fc75d62dc0/resourceGroups/etas_bosch_poc_rg/providers/Microsoft.Storage/storageAccounts/etassaw9jjpv",
            "timeouts": null
          },
          "sensitive_attributes": [],
          "private": "eyJlMmJmYjczMC1lY2FhLTExZTYtOGY4OC0zNDM2M2JjN2M0YzAiOnsiY3JlYXRlIjoxODAwMDAwMDAwMDAwLCJkZWxldGUiOjE4MDAwMDAwMDAwMDAsInJlYWQiOjMwMDAwMDAwMDAwMCwidXBkYXRlIjoxODAwMDAwMDAwMDAwfX0=",
          "dependencies": [
            "azurerm_data_factory.adf_ws",
            "azurerm_resource_group.etas_poc_rg",
            "azurerm_role_assignment.adf2rsg",
            "azurerm_storage_account.etas_sa",
            "data.azurerm_subscription.subscription",
            "random_string.postfix"
          ]
        }
      ]
    },
    {
      "mode": "managed",
      "type": "azurerm_storage_data_lake_gen2_path",
      "name": "Landing_Zone",
      "provider": "provider[\"registry.terraform.io/hashicorp/azurerm\"]",
      "instances": [
        {
          "schema_version": 0,
          "attributes": {
            "ace": [
              {
                "id": "",
                "permissions": "---",
                "scope": "access",
                "type": "other"
              },
              {
                "id": "",
                "permissions": "r-x",
                "scope": "access",
                "type": "group"
              },
              {
                "id": "",
                "permissions": "rwx",
                "scope": "access",
                "type": "user"
              }
            ],
            "filesystem_name": "etaspoccontainer",
            "group": "06f8a4ee-b510-418e-8599-ee65039f3033",
            "id": "https://etassaw9jjpv.dfs.core.windows.net/etaspoccontainer/00_LANDING_ZONE/usecases",
            "owner": "06f8a4ee-b510-418e-8599-ee65039f3033",
            "path": "00_LANDING_ZONE/usecases",
            "resource": "directory",
            "storage_account_id": "/subscriptions/1bade78d-e58a-48ff-b015-81fc75d62dc0/resourceGroups/etas_bosch_poc_rg/providers/Microsoft.Storage/storageAccounts/etassaw9jjpv",
            "timeouts": null
          },
          "sensitive_attributes": [],
          "private": "eyJlMmJmYjczMC1lY2FhLTExZTYtOGY4OC0zNDM2M2JjN2M0YzAiOnsiY3JlYXRlIjoxODAwMDAwMDAwMDAwLCJkZWxldGUiOjE4MDAwMDAwMDAwMDAsInJlYWQiOjMwMDAwMDAwMDAwMCwidXBkYXRlIjoxODAwMDAwMDAwMDAwfX0=",
          "dependencies": [
            "azurerm_data_factory.adf_ws",
            "azurerm_resource_group.etas_poc_rg",
            "azurerm_role_assignment.adf2rsg",
            "azurerm_storage_account.etas_sa",
            "azurerm_storage_data_lake_gen2_filesystem.adls_container",
            "data.azurerm_subscription.subscription",
            "random_string.postfix"
          ]
        }
      ]
    },
    {
      "mode": "managed",
      "type": "azurerm_storage_data_lake_gen2_path",
      "name": "Raw_Path_Flat",
      "provider": "provider[\"registry.terraform.io/hashicorp/azurerm\"]",
      "instances": [
        {
          "schema_version": 0,
          "attributes": {
            "ace": [
              {
                "id": "",
                "permissions": "---",
                "scope": "access",
                "type": "other"
              },
              {
                "id": "",
                "permissions": "r-x",
                "scope": "access",
                "type": "group"
              },
              {
                "id": "",
                "permissions": "rwx",
                "scope": "access",
                "type": "user"
              }
            ],
            "filesystem_name": "etaspoccontainer",
            "group": "06f8a4ee-b510-418e-8599-ee65039f3033",
            "id": "https://etassaw9jjpv.dfs.core.windows.net/etaspoccontainer/01_RAW/flat_files",
            "owner": "06f8a4ee-b510-418e-8599-ee65039f3033",
            "path": "01_RAW/flat_files",
            "resource": "directory",
            "storage_account_id": "/subscriptions/1bade78d-e58a-48ff-b015-81fc75d62dc0/resourceGroups/etas_bosch_poc_rg/providers/Microsoft.Storage/storageAccounts/etassaw9jjpv",
            "timeouts": null
          },
          "sensitive_attributes": [],
          "private": "eyJlMmJmYjczMC1lY2FhLTExZTYtOGY4OC0zNDM2M2JjN2M0YzAiOnsiY3JlYXRlIjoxODAwMDAwMDAwMDAwLCJkZWxldGUiOjE4MDAwMDAwMDAwMDAsInJlYWQiOjMwMDAwMDAwMDAwMCwidXBkYXRlIjoxODAwMDAwMDAwMDAwfX0=",
          "dependencies": [
            "azurerm_data_factory.adf_ws",
            "azurerm_resource_group.etas_poc_rg",
            "azurerm_role_assignment.adf2rsg",
            "azurerm_storage_account.etas_sa",
            "azurerm_storage_data_lake_gen2_filesystem.adls_container",
            "data.azurerm_subscription.subscription",
            "random_string.postfix"
          ]
        }
      ]
    },
    {
      "mode": "managed",
      "type": "azurerm_storage_data_lake_gen2_path",
      "name": "Raw_Path_Systems",
      "provider": "provider[\"registry.terraform.io/hashicorp/azurerm\"]",
      "instances": [
        {
          "schema_version": 0,
          "attributes": {
            "ace": [
              {
                "id": "",
                "permissions": "---",
                "scope": "access",
                "type": "other"
              },
              {
                "id": "",
                "permissions": "r-x",
                "scope": "access",
                "type": "group"
              },
              {
                "id": "",
                "permissions": "rwx",
                "scope": "access",
                "type": "user"
              }
            ],
            "filesystem_name": "etaspoccontainer",
            "group": "06f8a4ee-b510-418e-8599-ee65039f3033",
            "id": "https://etassaw9jjpv.dfs.core.windows.net/etaspoccontainer/01_RAW/systems",
            "owner": "06f8a4ee-b510-418e-8599-ee65039f3033",
            "path": "01_RAW/systems",
            "resource": "directory",
            "storage_account_id": "/subscriptions/1bade78d-e58a-48ff-b015-81fc75d62dc0/resourceGroups/etas_bosch_poc_rg/providers/Microsoft.Storage/storageAccounts/etassaw9jjpv",
            "timeouts": null
          },
          "sensitive_attributes": [],
          "private": "eyJlMmJmYjczMC1lY2FhLTExZTYtOGY4OC0zNDM2M2JjN2M0YzAiOnsiY3JlYXRlIjoxODAwMDAwMDAwMDAwLCJkZWxldGUiOjE4MDAwMDAwMDAwMDAsInJlYWQiOjMwMDAwMDAwMDAwMCwidXBkYXRlIjoxODAwMDAwMDAwMDAwfX0=",
          "dependencies": [
            "azurerm_data_factory.adf_ws",
            "azurerm_resource_group.etas_poc_rg",
            "azurerm_role_assignment.adf2rsg",
            "azurerm_storage_account.etas_sa",
            "azurerm_storage_data_lake_gen2_filesystem.adls_container",
            "data.azurerm_subscription.subscription",
            "random_string.postfix"
          ]
        }
      ]
    },
    {
      "mode": "managed",
      "type": "azurerm_storage_data_lake_gen2_path",
      "name": "Serving_Path",
      "provider": "provider[\"registry.terraform.io/hashicorp/azurerm\"]",
      "instances": [
        {
          "schema_version": 0,
          "attributes": {
            "ace": [
              {
                "id": "",
                "permissions": "---",
                "scope": "access",
                "type": "other"
              },
              {
                "id": "",
                "permissions": "r-x",
                "scope": "access",
                "type": "group"
              },
              {
                "id": "",
                "permissions": "rwx",
                "scope": "access",
                "type": "user"
              }
            ],
            "filesystem_name": "etaspoccontainer",
            "group": "06f8a4ee-b510-418e-8599-ee65039f3033",
            "id": "https://etassaw9jjpv.dfs.core.windows.net/etaspoccontainer/03_SERVING",
            "owner": "06f8a4ee-b510-418e-8599-ee65039f3033",
            "path": "03_SERVING",
            "resource": "directory",
            "storage_account_id": "/subscriptions/1bade78d-e58a-48ff-b015-81fc75d62dc0/resourceGroups/etas_bosch_poc_rg/providers/Microsoft.Storage/storageAccounts/etassaw9jjpv",
            "timeouts": null
          },
          "sensitive_attributes": [],
          "private": "eyJlMmJmYjczMC1lY2FhLTExZTYtOGY4OC0zNDM2M2JjN2M0YzAiOnsiY3JlYXRlIjoxODAwMDAwMDAwMDAwLCJkZWxldGUiOjE4MDAwMDAwMDAwMDAsInJlYWQiOjMwMDAwMDAwMDAwMCwidXBkYXRlIjoxODAwMDAwMDAwMDAwfX0=",
          "dependencies": [
            "azurerm_data_factory.adf_ws",
            "azurerm_resource_group.etas_poc_rg",
            "azurerm_role_assignment.adf2rsg",
            "azurerm_storage_account.etas_sa",
            "azurerm_storage_data_lake_gen2_filesystem.adls_container",
            "data.azurerm_subscription.subscription",
            "random_string.postfix"
          ]
        }
      ]
    },
    {
      "mode": "managed",
      "type": "azurerm_storage_data_lake_gen2_path",
      "name": "Transformed_Path",
      "provider": "provider[\"registry.terraform.io/hashicorp/azurerm\"]",
      "instances": [
        {
          "schema_version": 0,
          "attributes": {
            "ace": [
              {
                "id": "",
                "permissions": "---",
                "scope": "access",
                "type": "other"
              },
              {
                "id": "",
                "permissions": "r-x",
                "scope": "access",
                "type": "group"
              },
              {
                "id": "",
                "permissions": "rwx",
                "scope": "access",
                "type": "user"
              }
            ],
            "filesystem_name": "etaspoccontainer",
            "group": "06f8a4ee-b510-418e-8599-ee65039f3033",
            "id": "https://etassaw9jjpv.dfs.core.windows.net/etaspoccontainer/02_TANSFORMATION",
            "owner": "06f8a4ee-b510-418e-8599-ee65039f3033",
            "path": "02_TANSFORMATION",
            "resource": "directory",
            "storage_account_id": "/subscriptions/1bade78d-e58a-48ff-b015-81fc75d62dc0/resourceGroups/etas_bosch_poc_rg/providers/Microsoft.Storage/storageAccounts/etassaw9jjpv",
            "timeouts": null
          },
          "sensitive_attributes": [],
          "private": "eyJlMmJmYjczMC1lY2FhLTExZTYtOGY4OC0zNDM2M2JjN2M0YzAiOnsiY3JlYXRlIjoxODAwMDAwMDAwMDAwLCJkZWxldGUiOjE4MDAwMDAwMDAwMDAsInJlYWQiOjMwMDAwMDAwMDAwMCwidXBkYXRlIjoxODAwMDAwMDAwMDAwfX0=",
          "dependencies": [
            "azurerm_data_factory.adf_ws",
            "azurerm_resource_group.etas_poc_rg",
            "azurerm_role_assignment.adf2rsg",
            "azurerm_storage_account.etas_sa",
            "azurerm_storage_data_lake_gen2_filesystem.adls_container",
            "data.azurerm_subscription.subscription",
            "random_string.postfix"
          ]
        }
      ]
    },
    {
      "mode": "managed",
      "type": "azurerm_subnet",
      "name": "adbprv_subnet",
      "provider": "provider[\"registry.terraform.io/hashicorp/azurerm\"]",
      "instances": [
        {
          "schema_version": 0,
          "attributes": {
            "address_prefixes": [
              "100.68.194.192/26"
            ],
            "delegation": [
              {
                "name": "databricks-delegation",
                "service_delegation": [
                  {
                    "actions": [
                      "Microsoft.Network/virtualNetworks/subnets/join/action",
                      "Microsoft.Network/virtualNetworks/subnets/prepareNetworkPolicies/action",
                      "Microsoft.Network/virtualNetworks/subnets/unprepareNetworkPolicies/action"
                    ],
                    "name": "Microsoft.Databricks/workspaces"
                  }
                ]
              }
            ],
            "enforce_private_link_endpoint_network_policies": false,
            "enforce_private_link_service_network_policies": false,
            "id": "/subscriptions/1bade78d-e58a-48ff-b015-81fc75d62dc0/resourceGroups/etas_bosch_poc_rg/providers/Microsoft.Network/virtualNetworks/etas-vnet-w9jjpv/subnets/etas-adbprv-w9jjpv",
            "name": "etas-adbprv-w9jjpv",
            "resource_group_name": "etas_bosch_poc_rg",
            "service_endpoint_policy_ids": [],
            "service_endpoints": [
              "Microsoft.ContainerRegistry",
              "Microsoft.KeyVault",
              "Microsoft.Sql",
              "Microsoft.Storage"
            ],
            "timeouts": null,
            "virtual_network_name": "etas-vnet-w9jjpv"
          },
          "sensitive_attributes": [],
          "private": "eyJlMmJmYjczMC1lY2FhLTExZTYtOGY4OC0zNDM2M2JjN2M0YzAiOnsiY3JlYXRlIjoxODAwMDAwMDAwMDAwLCJkZWxldGUiOjE4MDAwMDAwMDAwMDAsInJlYWQiOjMwMDAwMDAwMDAwMCwidXBkYXRlIjoxODAwMDAwMDAwMDAwfX0=",
          "dependencies": [
            "azurerm_resource_group.etas_poc_rg",
            "azurerm_virtual_network.etas_vnet",
            "random_string.postfix"
          ]
        }
      ]
    },
    {
      "mode": "managed",
      "type": "azurerm_subnet",
      "name": "adbpub_subnet",
      "provider": "provider[\"registry.terraform.io/hashicorp/azurerm\"]",
      "instances": [
        {
          "schema_version": 0,
          "attributes": {
            "address_prefixes": [
              "100.68.194.64/26"
            ],
            "delegation": [
              {
                "name": "databricks-delegation",
                "service_delegation": [
                  {
                    "actions": [
                      "Microsoft.Network/virtualNetworks/subnets/join/action",
                      "Microsoft.Network/virtualNetworks/subnets/prepareNetworkPolicies/action",
                      "Microsoft.Network/virtualNetworks/subnets/unprepareNetworkPolicies/action"
                    ],
                    "name": "Microsoft.Databricks/workspaces"
                  }
                ]
              }
            ],
            "enforce_private_link_endpoint_network_policies": false,
            "enforce_private_link_service_network_policies": false,
            "id": "/subscriptions/1bade78d-e58a-48ff-b015-81fc75d62dc0/resourceGroups/etas_bosch_poc_rg/providers/Microsoft.Network/virtualNetworks/etas-vnet-w9jjpv/subnets/etas-adbpub-w9jjpv",
            "name": "etas-adbpub-w9jjpv",
            "resource_group_name": "etas_bosch_poc_rg",
            "service_endpoint_policy_ids": [],
            "service_endpoints": [
              "Microsoft.ContainerRegistry",
              "Microsoft.KeyVault",
              "Microsoft.Sql",
              "Microsoft.Storage"
            ],
            "timeouts": null,
            "virtual_network_name": "etas-vnet-w9jjpv"
          },
          "sensitive_attributes": [],
          "private": "eyJlMmJmYjczMC1lY2FhLTExZTYtOGY4OC0zNDM2M2JjN2M0YzAiOnsiY3JlYXRlIjoxODAwMDAwMDAwMDAwLCJkZWxldGUiOjE4MDAwMDAwMDAwMDAsInJlYWQiOjMwMDAwMDAwMDAwMCwidXBkYXRlIjoxODAwMDAwMDAwMDAwfX0=",
          "dependencies": [
            "azurerm_resource_group.etas_poc_rg",
            "azurerm_virtual_network.etas_vnet",
            "random_string.postfix"
          ]
        }
      ]
    },
    {
      "mode": "managed",
      "type": "azurerm_subnet",
      "name": "backend_subnet",
      "provider": "provider[\"registry.terraform.io/hashicorp/azurerm\"]",
      "instances": [
        {
          "schema_version": 0,
          "attributes": {
            "address_prefixes": [
              "100.68.194.128/27"
            ],
            "delegation": [],
            "enforce_private_link_endpoint_network_policies": true,
            "enforce_private_link_service_network_policies": false,
            "id": "/subscriptions/1bade78d-e58a-48ff-b015-81fc75d62dc0/resourceGroups/etas_bosch_poc_rg/providers/Microsoft.Network/virtualNetworks/etas-vnet-w9jjpv/subnets/etas-backend-subnet-w9jjpv",
            "name": "etas-backend-subnet-w9jjpv",
            "resource_group_name": "etas_bosch_poc_rg",
            "service_endpoint_policy_ids": [],
            "service_endpoints": [
              "Microsoft.ContainerRegistry",
              "Microsoft.KeyVault",
              "Microsoft.Sql",
              "Microsoft.Storage"
            ],
            "timeouts": null,
            "virtual_network_name": "etas-vnet-w9jjpv"
          },
          "sensitive_attributes": [],
          "private": "eyJlMmJmYjczMC1lY2FhLTExZTYtOGY4OC0zNDM2M2JjN2M0YzAiOnsiY3JlYXRlIjoxODAwMDAwMDAwMDAwLCJkZWxldGUiOjE4MDAwMDAwMDAwMDAsInJlYWQiOjMwMDAwMDAwMDAwMCwidXBkYXRlIjoxODAwMDAwMDAwMDAwfX0=",
          "dependencies": [
            "azurerm_resource_group.etas_poc_rg",
            "azurerm_virtual_network.etas_vnet",
            "random_string.postfix"
          ]
        }
      ]
    },
    {
      "mode": "managed",
      "type": "azurerm_subnet",
      "name": "frontend_subnet",
      "provider": "provider[\"registry.terraform.io/hashicorp/azurerm\"]",
      "instances": [
        {
          "schema_version": 0,
          "attributes": {
            "address_prefixes": [
              "100.68.194.160/27"
            ],
            "delegation": [],
            "enforce_private_link_endpoint_network_policies": false,
            "enforce_private_link_service_network_policies": false,
            "id": "/subscriptions/1bade78d-e58a-48ff-b015-81fc75d62dc0/resourceGroups/etas_bosch_poc_rg/providers/Microsoft.Network/virtualNetworks/etas-vnet-w9jjpv/subnets/etas-frontend-subnet-w9jjpv",
            "name": "etas-frontend-subnet-w9jjpv",
            "resource_group_name": "etas_bosch_poc_rg",
            "service_endpoint_policy_ids": [],
            "service_endpoints": [
              "Microsoft.ContainerRegistry",
              "Microsoft.KeyVault",
              "Microsoft.Sql",
              "Microsoft.Storage"
            ],
            "timeouts": null,
            "virtual_network_name": "etas-vnet-w9jjpv"
          },
          "sensitive_attributes": [],
          "private": "eyJlMmJmYjczMC1lY2FhLTExZTYtOGY4OC0zNDM2M2JjN2M0YzAiOnsiY3JlYXRlIjoxODAwMDAwMDAwMDAwLCJkZWxldGUiOjE4MDAwMDAwMDAwMDAsInJlYWQiOjMwMDAwMDAwMDAwMCwidXBkYXRlIjoxODAwMDAwMDAwMDAwfX0=",
          "dependencies": [
            "azurerm_resource_group.etas_poc_rg",
            "azurerm_virtual_network.etas_vnet",
            "random_string.postfix"
          ]
        }
      ]
    },
    {
      "mode": "managed",
      "type": "azurerm_subnet_network_security_group_association",
      "name": "privateasoc",
      "provider": "provider[\"registry.terraform.io/hashicorp/azurerm\"]",
      "instances": [
        {
          "schema_version": 0,
          "attributes": {
            "id": "/subscriptions/1bade78d-e58a-48ff-b015-81fc75d62dc0/resourceGroups/etas_bosch_poc_rg/providers/Microsoft.Network/virtualNetworks/etas-vnet-w9jjpv/subnets/etas-adbprv-w9jjpv",
            "network_security_group_id": "/subscriptions/1bade78d-e58a-48ff-b015-81fc75d62dc0/resourceGroups/etas_bosch_poc_rg/providers/Microsoft.Network/networkSecurityGroups/etas-nsgprv-w9jjpv",
            "subnet_id": "/subscriptions/1bade78d-e58a-48ff-b015-81fc75d62dc0/resourceGroups/etas_bosch_poc_rg/providers/Microsoft.Network/virtualNetworks/etas-vnet-w9jjpv/subnets/etas-adbprv-w9jjpv",
            "timeouts": null
          },
          "sensitive_attributes": [],
          "private": "eyJlMmJmYjczMC1lY2FhLTExZTYtOGY4OC0zNDM2M2JjN2M0YzAiOnsiY3JlYXRlIjoxODAwMDAwMDAwMDAwLCJkZWxldGUiOjE4MDAwMDAwMDAwMDAsInJlYWQiOjMwMDAwMDAwMDAwMCwidXBkYXRlIjoxODAwMDAwMDAwMDAwfX0=",
          "dependencies": [
            "azurerm_network_security_group.privatensg",
            "azurerm_resource_group.etas_poc_rg",
            "azurerm_subnet.adbprv_subnet",
            "azurerm_virtual_network.etas_vnet",
            "random_string.postfix"
          ]
        }
      ]
    },
    {
      "mode": "managed",
      "type": "azurerm_subnet_network_security_group_association",
      "name": "publicasoc",
      "provider": "provider[\"registry.terraform.io/hashicorp/azurerm\"]",
      "instances": [
        {
          "schema_version": 0,
          "attributes": {
            "id": "/subscriptions/1bade78d-e58a-48ff-b015-81fc75d62dc0/resourceGroups/etas_bosch_poc_rg/providers/Microsoft.Network/virtualNetworks/etas-vnet-w9jjpv/subnets/etas-adbpub-w9jjpv",
            "network_security_group_id": "/subscriptions/1bade78d-e58a-48ff-b015-81fc75d62dc0/resourceGroups/etas_bosch_poc_rg/providers/Microsoft.Network/networkSecurityGroups/etas-nsgpub-w9jjpv",
            "subnet_id": "/subscriptions/1bade78d-e58a-48ff-b015-81fc75d62dc0/resourceGroups/etas_bosch_poc_rg/providers/Microsoft.Network/virtualNetworks/etas-vnet-w9jjpv/subnets/etas-adbpub-w9jjpv",
            "timeouts": null
          },
          "sensitive_attributes": [],
          "private": "eyJlMmJmYjczMC1lY2FhLTExZTYtOGY4OC0zNDM2M2JjN2M0YzAiOnsiY3JlYXRlIjoxODAwMDAwMDAwMDAwLCJkZWxldGUiOjE4MDAwMDAwMDAwMDAsInJlYWQiOjMwMDAwMDAwMDAwMCwidXBkYXRlIjoxODAwMDAwMDAwMDAwfX0=",
          "dependencies": [
            "azurerm_network_security_group.publicnsg",
            "azurerm_resource_group.etas_poc_rg",
            "azurerm_subnet.adbpub_subnet",
            "azurerm_virtual_network.etas_vnet",
            "random_string.postfix"
          ]
        }
      ]
    },
    {
      "mode": "managed",
      "type": "azurerm_virtual_network",
      "name": "etas_vnet",
      "provider": "provider[\"registry.terraform.io/hashicorp/azurerm\"]",
      "instances": [
        {
          "schema_version": 0,
          "attributes": {
            "address_space": [
              "100.68.194.0/24"
            ],
            "bgp_community": "",
            "ddos_protection_plan": [],
            "dns_servers": [],
            "edge_zone": "",
            "flow_timeout_in_minutes": 0,
            "guid": "692cb886-3d33-4fbc-81d9-07a7d3e945cc",
            "id": "/subscriptions/1bade78d-e58a-48ff-b015-81fc75d62dc0/resourceGroups/etas_bosch_poc_rg/providers/Microsoft.Network/virtualNetworks/etas-vnet-w9jjpv",
            "location": "westeurope",
            "name": "etas-vnet-w9jjpv",
            "resource_group_name": "etas_bosch_poc_rg",
            "subnet": [
              {
                "address_prefix": "100.68.194.128/27",
                "id": "/subscriptions/1bade78d-e58a-48ff-b015-81fc75d62dc0/resourceGroups/etas_bosch_poc_rg/providers/Microsoft.Network/virtualNetworks/etas-vnet-w9jjpv/subnets/etas-backend-subnet-w9jjpv",
                "name": "etas-backend-subnet-w9jjpv",
                "security_group": ""
              },
              {
                "address_prefix": "100.68.194.160/27",
                "id": "/subscriptions/1bade78d-e58a-48ff-b015-81fc75d62dc0/resourceGroups/etas_bosch_poc_rg/providers/Microsoft.Network/virtualNetworks/etas-vnet-w9jjpv/subnets/etas-frontend-subnet-w9jjpv",
                "name": "etas-frontend-subnet-w9jjpv",
                "security_group": ""
              },
              {
                "address_prefix": "100.68.194.192/26",
                "id": "/subscriptions/1bade78d-e58a-48ff-b015-81fc75d62dc0/resourceGroups/etas_bosch_poc_rg/providers/Microsoft.Network/virtualNetworks/etas-vnet-w9jjpv/subnets/etas-adbprv-w9jjpv",
                "name": "etas-adbprv-w9jjpv",
                "security_group": "/subscriptions/1bade78d-e58a-48ff-b015-81fc75d62dc0/resourceGroups/etas_bosch_poc_rg/providers/Microsoft.Network/networkSecurityGroups/etas-nsgprv-w9jjpv"
              },
              {
                "address_prefix": "100.68.194.64/26",
                "id": "/subscriptions/1bade78d-e58a-48ff-b015-81fc75d62dc0/resourceGroups/etas_bosch_poc_rg/providers/Microsoft.Network/virtualNetworks/etas-vnet-w9jjpv/subnets/etas-adbpub-w9jjpv",
                "name": "etas-adbpub-w9jjpv",
                "security_group": "/subscriptions/1bade78d-e58a-48ff-b015-81fc75d62dc0/resourceGroups/etas_bosch_poc_rg/providers/Microsoft.Network/networkSecurityGroups/etas-nsgpub-w9jjpv"
              }
            ],
            "tags": {},
            "timeouts": null
          },
          "sensitive_attributes": [],
          "private": "eyJlMmJmYjczMC1lY2FhLTExZTYtOGY4OC0zNDM2M2JjN2M0YzAiOnsiY3JlYXRlIjoxODAwMDAwMDAwMDAwLCJkZWxldGUiOjE4MDAwMDAwMDAwMDAsInJlYWQiOjMwMDAwMDAwMDAwMCwidXBkYXRlIjoxODAwMDAwMDAwMDAwfX0=",
          "dependencies": [
            "azurerm_resource_group.etas_poc_rg",
            "random_string.postfix"
          ]
        }
      ]
    },
    {
      "mode": "managed",
      "type": "databricks_cluster",
      "name": "shared_autoscaling",
      "provider": "provider[\"registry.terraform.io/databricks/databricks\"]",
      "instances": [
        {
          "schema_version": 2,
          "attributes": {
            "apply_policy_default_values": null,
            "autoscale": [
              {
                "max_workers": 3,
                "min_workers": 2
              }
            ],
            "autotermination_minutes": 20,
            "aws_attributes": [],
            "azure_attributes": [
              {
                "availability": "ON_DEMAND_AZURE",
                "first_on_demand": 1,
                "spot_bid_max_price": -1
              }
            ],
            "cluster_id": "1108-133551-aft7wpg9",
            "cluster_log_conf": [],
            "cluster_name": "etas-adbcluster-w9jjpv",
            "custom_tags": null,
            "data_security_mode": null,
            "default_tags": {
              "ClusterId": "1108-133551-aft7wpg9",
              "ClusterName": "etas-adbcluster-w9jjpv",
              "Creator": "12be8f08-21a1-4957-a7e0-af30e6ba044a",
              "Vendor": "Databricks"
            },
            "docker_image": [],
            "driver_instance_pool_id": null,
            "driver_node_type_id": "Standard_DS3_v2",
            "enable_elastic_disk": true,
            "enable_local_disk_encryption": false,
            "gcp_attributes": [],
            "id": "1108-133551-aft7wpg9",
            "idempotency_token": null,
            "init_scripts": [],
            "instance_pool_id": null,
            "is_pinned": false,
            "library": [],
            "node_type_id": "Standard_DS3_v2",
            "num_workers": 0,
            "policy_id": null,
            "runtime_engine": null,
            "single_user_name": null,
            "spark_conf": {
              "spark.databricks.delta.preview.enabled": "true"
            },
            "spark_env_vars": null,
            "spark_version": "11.3.x-scala2.12",
            "ssh_public_keys": null,
            "state": "RUNNING",
            "timeouts": null,
            "url": "https://adb-4561366719106823.3.azuredatabricks.net/#setting/clusters/1108-133551-aft7wpg9/configuration",
            "workload_type": []
          },
          "sensitive_attributes": [],
          "private": "eyJlMmJmYjczMC1lY2FhLTExZTYtOGY4OC0zNDM2M2JjN2M0YzAiOnsiY3JlYXRlIjoxODAwMDAwMDAwMDAwLCJkZWxldGUiOjE4MDAwMDAwMDAwMDAsInVwZGF0ZSI6MTgwMDAwMDAwMDAwMH0sInNjaGVtYV92ZXJzaW9uIjoiMiJ9",
          "dependencies": [
            "azurerm_databricks_workspace.adb_workspace",
            "data.databricks_spark_version.latest_lts",
            "random_string.postfix"
          ]
        }
      ]
    },
    {
      "mode": "managed",
      "type": "databricks_token",
      "name": "pat",
      "provider": "provider[\"registry.terraform.io/databricks/databricks\"]",
      "instances": [
        {
          "schema_version": 0,
          "attributes": {
            "comment": "Terraform Provisioning",
            "creation_time": 1667912240913,
            "expiry_time": -1,
            "id": "90bd13924f6ba9974c8d7c4fcb779f3ffb2378a215c2349af0a8cf953d4f0828",
            "lifetime_seconds": null,
            "token_id": "90bd13924f6ba9974c8d7c4fcb779f3ffb2378a215c2349af0a8cf953d4f0828",
            "token_value": "dapibdb985beb8ea595ab5c8122988273659-2"
          },
          "sensitive_attributes": [],
          "private": "bnVsbA==",
          "dependencies": [
            "azurerm_databricks_workspace.adb_workspace",
            "azurerm_network_security_group.privatensg",
            "azurerm_network_security_group.publicnsg",
            "azurerm_resource_group.etas_poc_rg",
            "azurerm_subnet.adbprv_subnet",
            "azurerm_subnet.adbpub_subnet",
            "azurerm_subnet_network_security_group_association.privateasoc",
            "azurerm_subnet_network_security_group_association.publicasoc",
            "azurerm_virtual_network.etas_vnet",
            "random_string.postfix"
          ]
        }
      ]
    },
    {
      "mode": "managed",
      "type": "random_string",
      "name": "postfix",
      "provider": "provider[\"registry.terraform.io/hashicorp/random\"]",
      "instances": [
        {
          "schema_version": 1,
          "attributes": {
            "id": "w9jjpv",
            "keepers": null,
            "length": 6,
            "lower": true,
            "min_lower": 0,
            "min_numeric": 0,
            "min_special": 0,
            "min_upper": 0,
            "number": true,
            "override_special": null,
            "result": "w9jjpv",
            "special": false,
            "upper": false
          },
          "sensitive_attributes": [],
          "private": "eyJzY2hlbWFfdmVyc2lvbiI6IjEifQ=="
        }
      ]
    }
  ]
}
